// !$*UTF8*$!
{
	archiveVersion = 1;
	classes = {
	};
	objectVersion = 50;
	objects = {

/* Begin PBXBuildFile section */
		28CCF7F42436E80400B4D4B1 /* AppDelegate.swift in Sources */ = {isa = PBXBuildFile; fileRef = 28CCF7F32436E80400B4D4B1 /* AppDelegate.swift */; };
		28CCF7F62436E80400B4D4B1 /* SceneDelegate.swift in Sources */ = {isa = PBXBuildFile; fileRef = 28CCF7F52436E80400B4D4B1 /* SceneDelegate.swift */; };
		28CCF7F82436E80400B4D4B1 /* ViewController.swift in Sources */ = {isa = PBXBuildFile; fileRef = 28CCF7F72436E80400B4D4B1 /* ViewController.swift */; };
		28CCF7FB2436E80400B4D4B1 /* Main.storyboard in Resources */ = {isa = PBXBuildFile; fileRef = 28CCF7F92436E80400B4D4B1 /* Main.storyboard */; };
		28CCF7FD2436E80800B4D4B1 /* Assets.xcassets in Resources */ = {isa = PBXBuildFile; fileRef = 28CCF7FC2436E80800B4D4B1 /* Assets.xcassets */; };
		28CCF8002436E80800B4D4B1 /* LaunchScreen.storyboard in Resources */ = {isa = PBXBuildFile; fileRef = 28CCF7FE2436E80800B4D4B1 /* LaunchScreen.storyboard */; };
		28CCF80B2436E80800B4D4B1 /* test1Tests.swift in Sources */ = {isa = PBXBuildFile; fileRef = 28CCF80A2436E80800B4D4B1 /* test1Tests.swift */; };
		28CCF8162436E80800B4D4B1 /* test1UITests.swift in Sources */ = {isa = PBXBuildFile; fileRef = 28CCF8152436E80800B4D4B1 /* test1UITests.swift */; };
		28CCF8652436ECB800B4D4B1 /* MyApplication.swift in Sources */ = {isa = PBXBuildFile; fileRef = 28CCF8642436ECB800B4D4B1 /* MyApplication.swift */; };
		28CCF867243708B400B4D4B1 /* main.swift in Sources */ = {isa = PBXBuildFile; fileRef = 28CCF866243708B400B4D4B1 /* main.swift */; };
/* End PBXBuildFile section */

/* Begin PBXContainerItemProxy section */
		28CCF8072436E80800B4D4B1 /* PBXContainerItemProxy */ = {
			isa = PBXContainerItemProxy;
			containerPortal = 28CCF7E82436E80400B4D4B1 /* Project object */;
			proxyType = 1;
			remoteGlobalIDString = 28CCF7EF2436E80400B4D4B1;
			remoteInfo = test1;
		};
		28CCF8122436E80800B4D4B1 /* PBXContainerItemProxy */ = {
			isa = PBXContainerItemProxy;
			containerPortal = 28CCF7E82436E80400B4D4B1 /* Project object */;
			proxyType = 1;
			remoteGlobalIDString = 28CCF7EF2436E80400B4D4B1;
			remoteInfo = test1;
		};
/* End PBXContainerItemProxy section */

/* Begin PBXFileReference section */
		28CCF7F02436E80400B4D4B1 /* test1.app */ = {isa = PBXFileReference; explicitFileType = wrapper.application; includeInIndex = 0; path = test1.app; sourceTree = BUILT_PRODUCTS_DIR; };
		28CCF7F32436E80400B4D4B1 /* AppDelegate.swift */ = {isa = PBXFileReference; lastKnownFileType = sourcecode.swift; path = AppDelegate.swift; sourceTree = "<group>"; };
		28CCF7F52436E80400B4D4B1 /* SceneDelegate.swift */ = {isa = PBXFileReference; lastKnownFileType = sourcecode.swift; path = SceneDelegate.swift; sourceTree = "<group>"; };
		28CCF7F72436E80400B4D4B1 /* ViewController.swift */ = {isa = PBXFileReference; lastKnownFileType = sourcecode.swift; path = ViewController.swift; sourceTree = "<group>"; };
		28CCF7FA2436E80400B4D4B1 /* Base */ = {isa = PBXFileReference; lastKnownFileType = file.storyboard; name = Base; path = Base.lproj/Main.storyboard; sourceTree = "<group>"; };
		28CCF7FC2436E80800B4D4B1 /* Assets.xcassets */ = {isa = PBXFileReference; lastKnownFileType = folder.assetcatalog; path = Assets.xcassets; sourceTree = "<group>"; };
		28CCF7FF2436E80800B4D4B1 /* Base */ = {isa = PBXFileReference; lastKnownFileType = file.storyboard; name = Base; path = Base.lproj/LaunchScreen.storyboard; sourceTree = "<group>"; };
		28CCF8012436E80800B4D4B1 /* Info.plist */ = {isa = PBXFileReference; lastKnownFileType = text.plist.xml; path = Info.plist; sourceTree = "<group>"; };
		28CCF8062436E80800B4D4B1 /* test1Tests.xctest */ = {isa = PBXFileReference; explicitFileType = wrapper.cfbundle; includeInIndex = 0; path = test1Tests.xctest; sourceTree = BUILT_PRODUCTS_DIR; };
		28CCF80A2436E80800B4D4B1 /* test1Tests.swift */ = {isa = PBXFileReference; lastKnownFileType = sourcecode.swift; path = test1Tests.swift; sourceTree = "<group>"; };
		28CCF80C2436E80800B4D4B1 /* Info.plist */ = {isa = PBXFileReference; lastKnownFileType = text.plist.xml; path = Info.plist; sourceTree = "<group>"; };
		28CCF8112436E80800B4D4B1 /* test1UITests.xctest */ = {isa = PBXFileReference; explicitFileType = wrapper.cfbundle; includeInIndex = 0; path = test1UITests.xctest; sourceTree = BUILT_PRODUCTS_DIR; };
		28CCF8152436E80800B4D4B1 /* test1UITests.swift */ = {isa = PBXFileReference; lastKnownFileType = sourcecode.swift; path = test1UITests.swift; sourceTree = "<group>"; };
		28CCF8172436E80800B4D4B1 /* Info.plist */ = {isa = PBXFileReference; lastKnownFileType = text.plist.xml; path = Info.plist; sourceTree = "<group>"; };
		28CCF8642436ECB800B4D4B1 /* MyApplication.swift */ = {isa = PBXFileReference; lastKnownFileType = sourcecode.swift; path = MyApplication.swift; sourceTree = "<group>"; };
		28CCF866243708B400B4D4B1 /* main.swift */ = {isa = PBXFileReference; lastKnownFileType = sourcecode.swift; path = main.swift; sourceTree = "<group>"; };
/* End PBXFileReference section */

/* Begin PBXFrameworksBuildPhase section */
		28CCF7ED2436E80400B4D4B1 /* Frameworks */ = {
			isa = PBXFrameworksBuildPhase;
			buildActionMask = 2147483647;
			files = (
			);
			runOnlyForDeploymentPostprocessing = 0;
		};
		28CCF8032436E80800B4D4B1 /* Frameworks */ = {
			isa = PBXFrameworksBuildPhase;
			buildActionMask = 2147483647;
			files = (
			);
			runOnlyForDeploymentPostprocessing = 0;
		};
		28CCF80E2436E80800B4D4B1 /* Frameworks */ = {
			isa = PBXFrameworksBuildPhase;
			buildActionMask = 2147483647;
			files = (
			);
			runOnlyForDeploymentPostprocessing = 0;
		};
/* End PBXFrameworksBuildPhase section */

/* Begin PBXGroup section */
		28CCF7E72436E80400B4D4B1 = {
			isa = PBXGroup;
			children = (
				28CCF7F22436E80400B4D4B1 /* test1 */,
				28CCF8092436E80800B4D4B1 /* test1Tests */,
				28CCF8142436E80800B4D4B1 /* test1UITests */,
				28CCF7F12436E80400B4D4B1 /* Products */,
			);
			sourceTree = "<group>";
		};
		28CCF7F12436E80400B4D4B1 /* Products */ = {
			isa = PBXGroup;
			children = (
				28CCF7F02436E80400B4D4B1 /* test1.app */,
				28CCF8062436E80800B4D4B1 /* test1Tests.xctest */,
				28CCF8112436E80800B4D4B1 /* test1UITests.xctest */,
			);
			name = Products;
			sourceTree = "<group>";
		};
		28CCF7F22436E80400B4D4B1 /* test1 */ = {
			isa = PBXGroup;
			children = (
				28CCF7F32436E80400B4D4B1 /* AppDelegate.swift */,
				28CCF8642436ECB800B4D4B1 /* MyApplication.swift */,
				28CCF866243708B400B4D4B1 /* main.swift */,
				28CCF7F52436E80400B4D4B1 /* SceneDelegate.swift */,
				28CCF7F72436E80400B4D4B1 /* ViewController.swift */,
				28CCF7F92436E80400B4D4B1 /* Main.storyboard */,
				28CCF7FC2436E80800B4D4B1 /* Assets.xcassets */,
				28CCF7FE2436E80800B4D4B1 /* LaunchScreen.storyboard */,
				28CCF8012436E80800B4D4B1 /* Info.plist */,
			);
			path = test1;
			sourceTree = "<group>";
		};
		28CCF8092436E80800B4D4B1 /* test1Tests */ = {
			isa = PBXGroup;
			children = (
				28CCF80A2436E80800B4D4B1 /* test1Tests.swift */,
				28CCF80C2436E80800B4D4B1 /* Info.plist */,
			);
			path = test1Tests;
			sourceTree = "<group>";
		};
		28CCF8142436E80800B4D4B1 /* test1UITests */ = {
			isa = PBXGroup;
			children = (
				28CCF8152436E80800B4D4B1 /* test1UITests.swift */,
				28CCF8172436E80800B4D4B1 /* Info.plist */,
			);
			path = test1UITests;
			sourceTree = "<group>";
		};
/* End PBXGroup section */

/* Begin PBXNativeTarget section */
		28CCF7EF2436E80400B4D4B1 /* test1 */ = {
			isa = PBXNativeTarget;
			buildConfigurationList = 28CCF81A2436E80800B4D4B1 /* Build configuration list for PBXNativeTarget "test1" */;
			buildPhases = (
				28CCF7EC2436E80400B4D4B1 /* Sources */,
				28CCF7ED2436E80400B4D4B1 /* Frameworks */,
				28CCF7EE2436E80400B4D4B1 /* Resources */,
			);
			buildRules = (
			);
			dependencies = (
			);
			name = test1;
			productName = test1;
			productReference = 28CCF7F02436E80400B4D4B1 /* test1.app */;
			productType = "com.apple.product-type.application";
		};
		28CCF8052436E80800B4D4B1 /* test1Tests */ = {
			isa = PBXNativeTarget;
			buildConfigurationList = 28CCF81D2436E80800B4D4B1 /* Build configuration list for PBXNativeTarget "test1Tests" */;
			buildPhases = (
				28CCF8022436E80800B4D4B1 /* Sources */,
				28CCF8032436E80800B4D4B1 /* Frameworks */,
				28CCF8042436E80800B4D4B1 /* Resources */,
			);
			buildRules = (
			);
			dependencies = (
				28CCF8082436E80800B4D4B1 /* PBXTargetDependency */,
			);
			name = test1Tests;
			productName = test1Tests;
			productReference = 28CCF8062436E80800B4D4B1 /* test1Tests.xctest */;
			productType = "com.apple.product-type.bundle.unit-test";
		};
		28CCF8102436E80800B4D4B1 /* test1UITests */ = {
			isa = PBXNativeTarget;
			buildConfigurationList = 28CCF8202436E80800B4D4B1 /* Build configuration list for PBXNativeTarget "test1UITests" */;
			buildPhases = (
				28CCF80D2436E80800B4D4B1 /* Sources */,
				28CCF80E2436E80800B4D4B1 /* Frameworks */,
				28CCF80F2436E80800B4D4B1 /* Resources */,
			);
			buildRules = (
			);
			dependencies = (
				28CCF8132436E80800B4D4B1 /* PBXTargetDependency */,
			);
			name = test1UITests;
			productName = test1UITests;
			productReference = 28CCF8112436E80800B4D4B1 /* test1UITests.xctest */;
			productType = "com.apple.product-type.bundle.ui-testing";
		};
/* End PBXNativeTarget section */

/* Begin PBXProject section */
		28CCF7E82436E80400B4D4B1 /* Project object */ = {
			isa = PBXProject;
			attributes = {
				LastSwiftUpdateCheck = 1130;
				LastUpgradeCheck = 1130;
				ORGANIZATIONNAME = yunna;
				TargetAttributes = {
					28CCF7EF2436E80400B4D4B1 = {
						CreatedOnToolsVersion = 11.3.1;
					};
					28CCF8052436E80800B4D4B1 = {
						CreatedOnToolsVersion = 11.3.1;
						TestTargetID = 28CCF7EF2436E80400B4D4B1;
					};
					28CCF8102436E80800B4D4B1 = {
						CreatedOnToolsVersion = 11.3.1;
						TestTargetID = 28CCF7EF2436E80400B4D4B1;
					};
				};
			};
			buildConfigurationList = 28CCF7EB2436E80400B4D4B1 /* Build configuration list for PBXProject "test1" */;
			compatibilityVersion = "Xcode 9.3";
			developmentRegion = en;
			hasScannedForEncodings = 0;
			knownRegions = (
				en,
				Base,
			);
			mainGroup = 28CCF7E72436E80400B4D4B1;
			productRefGroup = 28CCF7F12436E80400B4D4B1 /* Products */;
			projectDirPath = "";
			projectRoot = "";
			targets = (
				28CCF7EF2436E80400B4D4B1 /* test1 */,
				28CCF8052436E80800B4D4B1 /* test1Tests */,
				28CCF8102436E80800B4D4B1 /* test1UITests */,
			);
		};
/* End PBXProject section */

/* Begin PBXResourcesBuildPhase section */
		28CCF7EE2436E80400B4D4B1 /* Resources */ = {
			isa = PBXResourcesBuildPhase;
			buildActionMask = 2147483647;
			files = (
				28CCF8002436E80800B4D4B1 /* LaunchScreen.storyboard in Resources */,
				28CCF7FD2436E80800B4D4B1 /* Assets.xcassets in Resources */,
				28CCF7FB2436E80400B4D4B1 /* Main.storyboard in Resources */,
			);
			runOnlyForDeploymentPostprocessing = 0;
		};
		28CCF8042436E80800B4D4B1 /* Resources */ = {
			isa = PBXResourcesBuildPhase;
			buildActionMask = 2147483647;
			files = (
			);
			runOnlyForDeploymentPostprocessing = 0;
		};
		28CCF80F2436E80800B4D4B1 /* Resources */ = {
			isa = PBXResourcesBuildPhase;
			buildActionMask = 2147483647;
			files = (
			);
			runOnlyForDeploymentPostprocessing = 0;
		};
/* End PBXResourcesBuildPhase section */

/* Begin PBXSourcesBuildPhase section */
		28CCF7EC2436E80400B4D4B1 /* Sources */ = {
			isa = PBXSourcesBuildPhase;
			buildActionMask = 2147483647;
			files = (
				28CCF8652436ECB800B4D4B1 /* MyApplication.swift in Sources */,
				28CCF867243708B400B4D4B1 /* main.swift in Sources */,
				28CCF7F82436E80400B4D4B1 /* ViewController.swift in Sources */,
				28CCF7F42436E80400B4D4B1 /* AppDelegate.swift in Sources */,
				28CCF7F62436E80400B4D4B1 /* SceneDelegate.swift in Sources */,
			);
			runOnlyForDeploymentPostprocessing = 0;
		};
		28CCF8022436E80800B4D4B1 /* Sources */ = {
			isa = PBXSourcesBuildPhase;
			buildActionMask = 2147483647;
			files = (
				28CCF80B2436E80800B4D4B1 /* test1Tests.swift in Sources */,
			);
			runOnlyForDeploymentPostprocessing = 0;
		};
		28CCF80D2436E80800B4D4B1 /* Sources */ = {
			isa = PBXSourcesBuildPhase;
			buildActionMask = 2147483647;
			files = (
				28CCF8162436E80800B4D4B1 /* test1UITests.swift in Sources */,
			);
			runOnlyForDeploymentPostprocessing = 0;
		};
/* End PBXSourcesBuildPhase section */

/* Begin PBXTargetDependency section */
		28CCF8082436E80800B4D4B1 /* PBXTargetDependency */ = {
			isa = PBXTargetDependency;
			target = 28CCF7EF2436E80400B4D4B1 /* test1 */;
			targetProxy = 28CCF8072436E80800B4D4B1 /* PBXContainerItemProxy */;
		};
		28CCF8132436E80800B4D4B1 /* PBXTargetDependency */ = {
			isa = PBXTargetDependency;
			target = 28CCF7EF2436E80400B4D4B1 /* test1 */;
			targetProxy = 28CCF8122436E80800B4D4B1 /* PBXContainerItemProxy */;
		};
/* End PBXTargetDependency section */

/* Begin PBXVariantGroup section */
		28CCF7F92436E80400B4D4B1 /* Main.storyboard */ = {
			isa = PBXVariantGroup;
			children = (
				28CCF7FA2436E80400B4D4B1 /* Base */,
			);
			name = Main.storyboard;
			sourceTree = "<group>";
		};
		28CCF7FE2436E80800B4D4B1 /* LaunchScreen.storyboard */ = {
			isa = PBXVariantGroup;
			children = (
				28CCF7FF2436E80800B4D4B1 /* Base */,
			);
			name = LaunchScreen.storyboard;
			sourceTree = "<group>";
		};
/* End PBXVariantGroup section */

/* Begin XCBuildConfiguration section */
		28CCF8182436E80800B4D4B1 /* Debug */ = {
			isa = XCBuildConfiguration;
			buildSettings = {
				ALWAYS_SEARCH_USER_PATHS = NO;
				CLANG_ANALYZER_NONNULL = YES;
				CLANG_ANALYZER_NUMBER_OBJECT_CONVERSION = YES_AGGRESSIVE;
				CLANG_CXX_LANGUAGE_STANDARD = "gnu++14";
				CLANG_CXX_LIBRARY = "libc++";
				CLANG_ENABLE_MODULES = YES;
				CLANG_ENABLE_OBJC_ARC = YES;
				CLANG_ENABLE_OBJC_WEAK = YES;
				CLANG_WARN_BLOCK_CAPTURE_AUTORELEASING = YES;
				CLANG_WARN_BOOL_CONVERSION = YES;
				CLANG_WARN_COMMA = YES;
				CLANG_WARN_CONSTANT_CONVERSION = YES;
				CLANG_WARN_DEPRECATED_OBJC_IMPLEMENTATIONS = YES;
				CLANG_WARN_DIRECT_OBJC_ISA_USAGE = YES_ERROR;
				CLANG_WARN_DOCUMENTATION_COMMENTS = YES;
				CLANG_WARN_EMPTY_BODY = YES;
				CLANG_WARN_ENUM_CONVERSION = YES;
				CLANG_WARN_INFINITE_RECURSION = YES;
				CLANG_WARN_INT_CONVERSION = YES;
				CLANG_WARN_NON_LITERAL_NULL_CONVERSION = YES;
				CLANG_WARN_OBJC_IMPLICIT_RETAIN_SELF = YES;
				CLANG_WARN_OBJC_LITERAL_CONVERSION = YES;
				CLANG_WARN_OBJC_ROOT_CLASS = YES_ERROR;
				CLANG_WARN_RANGE_LOOP_ANALYSIS = YES;
				CLANG_WARN_STRICT_PROTOTYPES = YES;
				CLANG_WARN_SUSPICIOUS_MOVE = YES;
				CLANG_WARN_UNGUARDED_AVAILABILITY = YES_AGGRESSIVE;
				CLANG_WARN_UNREACHABLE_CODE = YES;
				CLANG_WARN__DUPLICATE_METHOD_MATCH = YES;
				COPY_PHASE_STRIP = NO;
				DEBUG_INFORMATION_FORMAT = dwarf;
				ENABLE_STRICT_OBJC_MSGSEND = YES;
				ENABLE_TESTABILITY = YES;
				GCC_C_LANGUAGE_STANDARD = gnu11;
				GCC_DYNAMIC_NO_PIC = NO;
				GCC_NO_COMMON_BLOCKS = YES;
				GCC_OPTIMIZATION_LEVEL = 0;
				GCC_PREPROCESSOR_DEFINITIONS = (
					"DEBUG=1",
					"$(inherited)",
				);
				GCC_WARN_64_TO_32_BIT_CONVERSION = YES;
				GCC_WARN_ABOUT_RETURN_TYPE = YES_ERROR;
				GCC_WARN_UNDECLARED_SELECTOR = YES;
				GCC_WARN_UNINITIALIZED_AUTOS = YES_AGGRESSIVE;
				GCC_WARN_UNUSED_FUNCTION = YES;
				GCC_WARN_UNUSED_VARIABLE = YES;
				IPHONEOS_DEPLOYMENT_TARGET = 13.2;
				MTL_ENABLE_DEBUG_INFO = INCLUDE_SOURCE;
				MTL_FAST_MATH = YES;
				ONLY_ACTIVE_ARCH = YES;
				SDKROOT = iphoneos;
				SWIFT_ACTIVE_COMPILATION_CONDITIONS = DEBUG;
				SWIFT_OPTIMIZATION_LEVEL = "-Onone";
			};
			name = Debug;
		};
		28CCF8192436E80800B4D4B1 /* Release */ = {
			isa = XCBuildConfiguration;
			buildSettings = {
				ALWAYS_SEARCH_USER_PATHS = NO;
				CLANG_ANALYZER_NONNULL = YES;
				CLANG_ANALYZER_NUMBER_OBJECT_CONVERSION = YES_AGGRESSIVE;
				CLANG_CXX_LANGUAGE_STANDARD = "gnu++14";
				CLANG_CXX_LIBRARY = "libc++";
				CLANG_ENABLE_MODULES = YES;
				CLANG_ENABLE_OBJC_ARC = YES;
				CLANG_ENABLE_OBJC_WEAK = YES;
				CLANG_WARN_BLOCK_CAPTURE_AUTORELEASING = YES;
				CLANG_WARN_BOOL_CONVERSION = YES;
				CLANG_WARN_COMMA = YES;
				CLANG_WARN_CONSTANT_CONVERSION = YES;
				CLANG_WARN_DEPRECATED_OBJC_IMPLEMENTATIONS = YES;
				CLANG_WARN_DIRECT_OBJC_ISA_USAGE = YES_ERROR;
				CLANG_WARN_DOCUMENTATION_COMMENTS = YES;
				CLANG_WARN_EMPTY_BODY = YES;
				CLANG_WARN_ENUM_CONVERSION = YES;
				CLANG_WARN_INFINITE_RECURSION = YES;
				CLANG_WARN_INT_CONVERSION = YES;
				CLANG_WARN_NON_LITERAL_NULL_CONVERSION = YES;
				CLANG_WARN_OBJC_IMPLICIT_RETAIN_SELF = YES;
				CLANG_WARN_OBJC_LITERAL_CONVERSION = YES;
				CLANG_WARN_OBJC_ROOT_CLASS = YES_ERROR;
				CLANG_WARN_RANGE_LOOP_ANALYSIS = YES;
				CLANG_WARN_STRICT_PROTOTYPES = YES;
				CLANG_WARN_SUSPICIOUS_MOVE = YES;
				CLANG_WARN_UNGUARDED_AVAILABILITY = YES_AGGRESSIVE;
				CLANG_WARN_UNREACHABLE_CODE = YES;
				CLANG_WARN__DUPLICATE_METHOD_MATCH = YES;
				COPY_PHASE_STRIP = NO;
				DEBUG_INFORMATION_FORMAT = "dwarf-with-dsym";
				ENABLE_NS_ASSERTIONS = NO;
				ENABLE_STRICT_OBJC_MSGSEND = YES;
				GCC_C_LANGUAGE_STANDARD = gnu11;
				GCC_NO_COMMON_BLOCKS = YES;
				GCC_WARN_64_TO_32_BIT_CONVERSION = YES;
				GCC_WARN_ABOUT_RETURN_TYPE = YES_ERROR;
				GCC_WARN_UNDECLARED_SELECTOR = YES;
				GCC_WARN_UNINITIALIZED_AUTOS = YES_AGGRESSIVE;
				GCC_WARN_UNUSED_FUNCTION = YES;
				GCC_WARN_UNUSED_VARIABLE = YES;
				IPHONEOS_DEPLOYMENT_TARGET = 13.2;
				MTL_ENABLE_DEBUG_INFO = NO;
				MTL_FAST_MATH = YES;
				SDKROOT = iphoneos;
				SWIFT_COMPILATION_MODE = wholemodule;
				SWIFT_OPTIMIZATION_LEVEL = "-O";
				VALIDATE_PRODUCT = YES;
			};
			name = Release;
		};
		28CCF81B2436E80800B4D4B1 /* Debug */ = {
			isa = XCBuildConfiguration;
			buildSettings = {
				ASSETCATALOG_COMPILER_APPICON_NAME = AppIcon;
				CODE_SIGN_STYLE = Automatic;
				DEVELOPMENT_TEAM = Z69Q2FEZS9;
				INFOPLIST_FILE = test1/Info.plist;
				LD_RUNPATH_SEARCH_PATHS = (
					"$(inherited)",
					"@executable_path/Frameworks",
				);
				PRODUCT_BUNDLE_IDENTIFIER = yunna.test1;
				PRODUCT_NAME = "$(TARGET_NAME)";
				SWIFT_VERSION = 5.0;
				TARGETED_DEVICE_FAMILY = "1,2";
			};
			name = Debug;
		};
		28CCF81C2436E80800B4D4B1 /* Release */ = {
			isa = XCBuildConfiguration;
			buildSettings = {
				ASSETCATALOG_COMPILER_APPICON_NAME = AppIcon;
				CODE_SIGN_STYLE = Automatic;
				DEVELOPMENT_TEAM = Z69Q2FEZS9;
				INFOPLIST_FILE = test1/Info.plist;
				LD_RUNPATH_SEARCH_PATHS = (
					"$(inherited)",
					"@executable_path/Frameworks",
				);
				PRODUCT_BUNDLE_IDENTIFIER = yunna.test1;
				PRODUCT_NAME = "$(TARGET_NAME)";
				SWIFT_VERSION = 5.0;
				TARGETED_DEVICE_FAMILY = "1,2";
			};
			name = Release;
		};
		28CCF81E2436E80800B4D4B1 /* Debug */ = {
			isa = XCBuildConfiguration;
			buildSettings = {
				ALWAYS_EMBED_SWIFT_STANDARD_LIBRARIES = YES;
				BUNDLE_LOADER = "$(TEST_HOST)";
				CODE_SIGN_STYLE = Automatic;
				DEVELOPMENT_TEAM = Z69Q2FEZS9;
				INFOPLIST_FILE = test1Tests/Info.plist;
				IPHONEOS_DEPLOYMENT_TARGET = 13.2;
				LD_RUNPATH_SEARCH_PATHS = (
					"$(inherited)",
					"@executable_path/Frameworks",
					"@loader_path/Frameworks",
				);
				PRODUCT_BUNDLE_IDENTIFIER = yunna.test1Tests;
				PRODUCT_NAME = "$(TARGET_NAME)";
				SWIFT_VERSION = 5.0;
				TARGETED_DEVICE_FAMILY = "1,2";
				TEST_HOST = "$(BUILT_PRODUCTS_DIR)/test1.app/test1";
			};
			name = Debug;
		};
		28CCF81F2436E80800B4D4B1 /* Release */ = {
			isa = XCBuildConfiguration;
			buildSettings = {
				ALWAYS_EMBED_SWIFT_STANDARD_LIBRARIES = YES;
				BUNDLE_LOADER = "$(TEST_HOST)";
				CODE_SIGN_STYLE = Automatic;
				DEVELOPMENT_TEAM = Z69Q2FEZS9;
				INFOPLIST_FILE = test1Tests/Info.plist;
				IPHONEOS_DEPLOYMENT_TARGET = 13.2;
				LD_RUNPATH_SEARCH_PATHS = (
					"$(inherited)",
					"@executable_path/Frameworks",
					"@loader_path/Frameworks",
				);
				PRODUCT_BUNDLE_IDENTIFIER = yunna.test1Tests;
				PRODUCT_NAME = "$(TARGET_NAME)";
				SWIFT_VERSION = 5.0;
				TARGETED_DEVICE_FAMILY = "1,2";
				TEST_HOST = "$(BUILT_PRODUCTS_DIR)/test1.app/test1";
			};
			name = Release;
		};
		28CCF8212436E80800B4D4B1 /* Debug */ = {
			isa = XCBuildConfiguration;
			buildSettings = {
				ALWAYS_EMBED_SWIFT_STANDARD_LIBRARIES = YES;
				CODE_SIGN_STYLE = Automatic;
				DEVELOPMENT_TEAM = Z69Q2FEZS9;
				INFOPLIST_FILE = test1UITests/Info.plist;
				LD_RUNPATH_SEARCH_PATHS = (
					"$(inherited)",
					"@executable_path/Frameworks",
					"@loader_path/Frameworks",
				);
				PRODUCT_BUNDLE_IDENTIFIER = yunna.test1UITests;
				PRODUCT_NAME = "$(TARGET_NAME)";
				SWIFT_VERSION = 5.0;
				TARGETED_DEVICE_FAMILY = "1,2";
				TEST_TARGET_NAME = test1;
			};
			name = Debug;
		};
		28CCF8222436E80800B4D4B1 /* Release */ = {
			isa = XCBuildConfiguration;
			buildSettings = {
				ALWAYS_EMBED_SWIFT_STANDARD_LIBRARIES = YES;
				CODE_SIGN_STYLE = Automatic;
				DEVELOPMENT_TEAM = Z69Q2FEZS9;
				INFOPLIST_FILE = test1UITests/Info.plist;
				LD_RUNPATH_SEARCH_PATHS = (
					"$(inherited)",
					"@executable_path/Frameworks",
					"@loader_path/Frameworks",
				);
				PRODUCT_BUNDLE_IDENTIFIER = yunna.test1UITests;
				PRODUCT_NAME = "$(TARGET_NAME)";
				SWIFT_VERSION = 5.0;
				TARGETED_DEVICE_FAMILY = "1,2";
				TEST_TARGET_NAME = test1;
			};
			name = Release;
		};
/* End XCBuildConfiguration section */

/* Begin XCConfigurationList section */
		28CCF7EB2436E80400B4D4B1 /* Build configuration list for PBXProject "test1" */ = {
			isa = XCConfigurationList;
			buildConfigurations = (
				28CCF8182436E80800B4D4B1 /* Debug */,
				28CCF8192436E80800B4D4B1 /* Release */,
			);
			defaultConfigurationIsVisible = 0;
			defaultConfigurationName = Release;
		};
		28CCF81A2436E80800B4D4B1 /* Build configuration list for PBXNativeTarget "test1" */ = {
			isa = XCConfigurationList;
			buildConfigurations = (
				28CCF81B2436E80800B4D4B1 /* Debug */,
				28CCF81C2436E80800B4D4B1 /* Release */,
			);
			defaultConfigurationIsVisible = 0;
			defaultConfigurationName = Release;
		};
		28CCF81D2436E80800B4D4B1 /* Build configuration list for PBXNativeTarget "test1Tests" */ = {
			isa = XCConfigurationList;
			buildConfigurations = (
				28CCF81E2436E80800B4D4B1 /* Debug */,
				28CCF81F2436E80800B4D4B1 /* Release */,
			);
			defaultConfigurationIsVisible = 0;
			defaultConfigurationName = Release;
		};
		28CCF8202436E80800B4D4B1 /* Build configuration list for PBXNativeTarget "test1UITests" */ = {
			isa = XCConfigurationList;
			buildConfigurations = (
				28CCF8212436E80800B4D4B1 /* Debug */,
				28CCF8222436E80800B4D4B1 /* Release */,
			);
			defaultConfigurationIsVisible = 0;
			defaultConfigurationName = Release;
		};
/* End XCConfigurationList section */
	};
	rootObject = 28CCF7E82436E80400B4D4B1 /* Project object */;
}
