// !$*UTF8*$!
{
	archiveVersion = 1;
	classes = {
	};
	objectVersion = 51;
	objects = {

/* Begin PBXBuildFile section */
		342692A126F5CDFE00D949A9 /* Module.plist in Resources */ = {isa = PBXBuildFile; fileRef = 3426929F26F5CDFE00D949A9 /* Module.plist */; };
		342692A226F5CDFE00D949A9 /* Service.plist in Resources */ = {isa = PBXBuildFile; fileRef = 342692A026F5CDFE00D949A9 /* Service.plist */; };
		342692A426F5CF5900D949A9 /* BaseTabbarController.swift in Sources */ = {isa = PBXBuildFile; fileRef = 342692A326F5CF5900D949A9 /* BaseTabbarController.swift */; };
		342692A626F5CF8200D949A9 /* BaseNavigationController.swift in Sources */ = {isa = PBXBuildFile; fileRef = 342692A526F5CF8200D949A9 /* BaseNavigationController.swift */; };
		3446287426F4602F00B0B28B /* AppDelegate.swift in Sources */ = {isa = PBXBuildFile; fileRef = 3446287326F4602F00B0B28B /* AppDelegate.swift */; };
		3446287B26F4602F00B0B28B /* Main.storyboard in Resources */ = {isa = PBXBuildFile; fileRef = 3446287926F4602F00B0B28B /* Main.storyboard */; };
		3446287D26F4603000B0B28B /* Assets.xcassets in Resources */ = {isa = PBXBuildFile; fileRef = 3446287C26F4603000B0B28B /* Assets.xcassets */; };
		3446288026F4603000B0B28B /* LaunchScreen.storyboard in Resources */ = {isa = PBXBuildFile; fileRef = 3446287E26F4603000B0B28B /* LaunchScreen.storyboard */; };
		3446288B26F4603000B0B28B /* HARMAYTests.swift in Sources */ = {isa = PBXBuildFile; fileRef = 3446288A26F4603000B0B28B /* HARMAYTests.swift */; };
		3446289626F4603000B0B28B /* HARMAYUITests.swift in Sources */ = {isa = PBXBuildFile; fileRef = 3446289526F4603000B0B28B /* HARMAYUITests.swift */; };
		34E83EFE26FAE04D007DB727 /* TestViewController.swift in Sources */ = {isa = PBXBuildFile; fileRef = 34E83EFD26FAE04D007DB727 /* TestViewController.swift */; };
		64E4D57267834063DAC157D7 /* Pods_HARMAY.framework in Frameworks */ = {isa = PBXBuildFile; fileRef = 3643743AAAE9D919EBCB30F4 /* Pods_HARMAY.framework */; };
/* End PBXBuildFile section */

/* Begin PBXContainerItemProxy section */
		3446288726F4603000B0B28B /* PBXContainerItemProxy */ = {
			isa = PBXContainerItemProxy;
			containerPortal = 3446286826F4602F00B0B28B /* Project object */;
			proxyType = 1;
			remoteGlobalIDString = 3446286F26F4602F00B0B28B;
			remoteInfo = HARMAY;
		};
		3446289226F4603000B0B28B /* PBXContainerItemProxy */ = {
			isa = PBXContainerItemProxy;
			containerPortal = 3446286826F4602F00B0B28B /* Project object */;
			proxyType = 1;
			remoteGlobalIDString = 3446286F26F4602F00B0B28B;
			remoteInfo = HARMAY;
		};
/* End PBXContainerItemProxy section */

/* Begin PBXFileReference section */
		16F98428E090F2C0FE5DB67E /* Pods-HARMAY.release.xcconfig */ = {isa = PBXFileReference; includeInIndex = 1; lastKnownFileType = text.xcconfig; name = "Pods-HARMAY.release.xcconfig"; path = "Target Support Files/Pods-HARMAY/Pods-HARMAY.release.xcconfig"; sourceTree = "<group>"; };
		3426929F26F5CDFE00D949A9 /* Module.plist */ = {isa = PBXFileReference; fileEncoding = 4; lastKnownFileType = text.plist.xml; path = Module.plist; sourceTree = "<group>"; };
		342692A026F5CDFE00D949A9 /* Service.plist */ = {isa = PBXFileReference; fileEncoding = 4; lastKnownFileType = text.plist.xml; path = Service.plist; sourceTree = "<group>"; };
		342692A326F5CF5900D949A9 /* BaseTabbarController.swift */ = {isa = PBXFileReference; lastKnownFileType = sourcecode.swift; path = BaseTabbarController.swift; sourceTree = "<group>"; };
		342692A526F5CF8200D949A9 /* BaseNavigationController.swift */ = {isa = PBXFileReference; fileEncoding = 4; lastKnownFileType = sourcecode.swift; path = BaseNavigationController.swift; sourceTree = "<group>"; };
		3446287026F4602F00B0B28B /* HARMAY.app */ = {isa = PBXFileReference; explicitFileType = wrapper.application; includeInIndex = 0; path = HARMAY.app; sourceTree = BUILT_PRODUCTS_DIR; };
		3446287326F4602F00B0B28B /* AppDelegate.swift */ = {isa = PBXFileReference; lastKnownFileType = sourcecode.swift; path = AppDelegate.swift; sourceTree = "<group>"; };
		3446287A26F4602F00B0B28B /* Base */ = {isa = PBXFileReference; lastKnownFileType = file.storyboard; name = Base; path = Base.lproj/Main.storyboard; sourceTree = "<group>"; };
		3446287C26F4603000B0B28B /* Assets.xcassets */ = {isa = PBXFileReference; lastKnownFileType = folder.assetcatalog; path = Assets.xcassets; sourceTree = "<group>"; };
		3446287F26F4603000B0B28B /* Base */ = {isa = PBXFileReference; lastKnownFileType = file.storyboard; name = Base; path = Base.lproj/LaunchScreen.storyboard; sourceTree = "<group>"; };
		3446288126F4603000B0B28B /* Info.plist */ = {isa = PBXFileReference; lastKnownFileType = text.plist.xml; path = Info.plist; sourceTree = "<group>"; };
		3446288626F4603000B0B28B /* HARMAYTests.xctest */ = {isa = PBXFileReference; explicitFileType = wrapper.cfbundle; includeInIndex = 0; path = HARMAYTests.xctest; sourceTree = BUILT_PRODUCTS_DIR; };
		3446288A26F4603000B0B28B /* HARMAYTests.swift */ = {isa = PBXFileReference; lastKnownFileType = sourcecode.swift; path = HARMAYTests.swift; sourceTree = "<group>"; };
		3446288C26F4603000B0B28B /* Info.plist */ = {isa = PBXFileReference; lastKnownFileType = text.plist.xml; path = Info.plist; sourceTree = "<group>"; };
		3446289126F4603000B0B28B /* HARMAYUITests.xctest */ = {isa = PBXFileReference; explicitFileType = wrapper.cfbundle; includeInIndex = 0; path = HARMAYUITests.xctest; sourceTree = BUILT_PRODUCTS_DIR; };
		3446289526F4603000B0B28B /* HARMAYUITests.swift */ = {isa = PBXFileReference; lastKnownFileType = sourcecode.swift; path = HARMAYUITests.swift; sourceTree = "<group>"; };
		3446289726F4603000B0B28B /* Info.plist */ = {isa = PBXFileReference; lastKnownFileType = text.plist.xml; path = Info.plist; sourceTree = "<group>"; };
		34E83EFD26FAE04D007DB727 /* TestViewController.swift */ = {isa = PBXFileReference; lastKnownFileType = sourcecode.swift; path = TestViewController.swift; sourceTree = "<group>"; };
		3643743AAAE9D919EBCB30F4 /* Pods_HARMAY.framework */ = {isa = PBXFileReference; explicitFileType = wrapper.framework; includeInIndex = 0; path = Pods_HARMAY.framework; sourceTree = BUILT_PRODUCTS_DIR; };
		E93E43636A2EDACDBBF631E9 /* Pods-HARMAY.debug.xcconfig */ = {isa = PBXFileReference; includeInIndex = 1; lastKnownFileType = text.xcconfig; name = "Pods-HARMAY.debug.xcconfig"; path = "Target Support Files/Pods-HARMAY/Pods-HARMAY.debug.xcconfig"; sourceTree = "<group>"; };
/* End PBXFileReference section */

/* Begin PBXFrameworksBuildPhase section */
		3446286D26F4602F00B0B28B /* Frameworks */ = {
			isa = PBXFrameworksBuildPhase;
			buildActionMask = 2147483647;
			files = (
				64E4D57267834063DAC157D7 /* Pods_HARMAY.framework in Frameworks */,
			);
			runOnlyForDeploymentPostprocessing = 0;
		};
		3446288326F4603000B0B28B /* Frameworks */ = {
			isa = PBXFrameworksBuildPhase;
			buildActionMask = 2147483647;
			files = (
			);
			runOnlyForDeploymentPostprocessing = 0;
		};
		3446288E26F4603000B0B28B /* Frameworks */ = {
			isa = PBXFrameworksBuildPhase;
			buildActionMask = 2147483647;
			files = (
			);
			runOnlyForDeploymentPostprocessing = 0;
		};
/* End PBXFrameworksBuildPhase section */

/* Begin PBXGroup section */
		3446286726F4602F00B0B28B = {
			isa = PBXGroup;
			children = (
				3446287226F4602F00B0B28B /* HARMAY */,
				3446288926F4603000B0B28B /* HARMAYTests */,
				3446289426F4603000B0B28B /* HARMAYUITests */,
				3446287126F4602F00B0B28B /* Products */,
				BCE7154BEAB26FA2A0353564 /* Pods */,
				3A25B8440A67DCFB7840469D /* Frameworks */,
			);
			sourceTree = "<group>";
		};
		3446287126F4602F00B0B28B /* Products */ = {
			isa = PBXGroup;
			children = (
				3446287026F4602F00B0B28B /* HARMAY.app */,
				3446288626F4603000B0B28B /* HARMAYTests.xctest */,
				3446289126F4603000B0B28B /* HARMAYUITests.xctest */,
			);
			name = Products;
			sourceTree = "<group>";
		};
		3446287226F4602F00B0B28B /* HARMAY */ = {
			isa = PBXGroup;
			children = (
				3426929F26F5CDFE00D949A9 /* Module.plist */,
				342692A026F5CDFE00D949A9 /* Service.plist */,
				3446287326F4602F00B0B28B /* AppDelegate.swift */,
				342692A326F5CF5900D949A9 /* BaseTabbarController.swift */,
				342692A526F5CF8200D949A9 /* BaseNavigationController.swift */,
				34E83EFD26FAE04D007DB727 /* TestViewController.swift */,
				3446287926F4602F00B0B28B /* Main.storyboard */,
				3446287C26F4603000B0B28B /* Assets.xcassets */,
				3446287E26F4603000B0B28B /* LaunchScreen.storyboard */,
				3446288126F4603000B0B28B /* Info.plist */,
			);
			path = HARMAY;
			sourceTree = "<group>";
		};
		3446288926F4603000B0B28B /* HARMAYTests */ = {
			isa = PBXGroup;
			children = (
				3446288A26F4603000B0B28B /* HARMAYTests.swift */,
				3446288C26F4603000B0B28B /* Info.plist */,
			);
			path = HARMAYTests;
			sourceTree = "<group>";
		};
		3446289426F4603000B0B28B /* HARMAYUITests */ = {
			isa = PBXGroup;
			children = (
				3446289526F4603000B0B28B /* HARMAYUITests.swift */,
				3446289726F4603000B0B28B /* Info.plist */,
			);
			path = HARMAYUITests;
			sourceTree = "<group>";
		};
		3A25B8440A67DCFB7840469D /* Frameworks */ = {
			isa = PBXGroup;
			children = (
				3643743AAAE9D919EBCB30F4 /* Pods_HARMAY.framework */,
			);
			name = Frameworks;
			sourceTree = "<group>";
		};
		BCE7154BEAB26FA2A0353564 /* Pods */ = {
			isa = PBXGroup;
			children = (
				E93E43636A2EDACDBBF631E9 /* Pods-HARMAY.debug.xcconfig */,
				16F98428E090F2C0FE5DB67E /* Pods-HARMAY.release.xcconfig */,
			);
			path = Pods;
			sourceTree = "<group>";
		};
/* End PBXGroup section */

/* Begin PBXNativeTarget section */
		3446286F26F4602F00B0B28B /* HARMAY */ = {
			isa = PBXNativeTarget;
			buildConfigurationList = 3446289A26F4603000B0B28B /* Build configuration list for PBXNativeTarget "HARMAY" */;
			buildPhases = (
				136EE8D48B7F1090606889F9 /* [CP] Check Pods Manifest.lock */,
				3446286C26F4602F00B0B28B /* Sources */,
				3446286D26F4602F00B0B28B /* Frameworks */,
				3446286E26F4602F00B0B28B /* Resources */,
				7BD2BCDBACCD53B81F16E811 /* [CP] Embed Pods Frameworks */,
				342692AE26F5F5E800D949A9 /* ShellScript */,
			);
			buildRules = (
			);
			dependencies = (
			);
			name = HARMAY;
			productName = HARMAY;
			productReference = 3446287026F4602F00B0B28B /* HARMAY.app */;
			productType = "com.apple.product-type.application";
		};
		3446288526F4603000B0B28B /* HARMAYTests */ = {
			isa = PBXNativeTarget;
			buildConfigurationList = 3446289D26F4603000B0B28B /* Build configuration list for PBXNativeTarget "HARMAYTests" */;
			buildPhases = (
				3446288226F4603000B0B28B /* Sources */,
				3446288326F4603000B0B28B /* Frameworks */,
				3446288426F4603000B0B28B /* Resources */,
			);
			buildRules = (
			);
			dependencies = (
				3446288826F4603000B0B28B /* PBXTargetDependency */,
			);
			name = HARMAYTests;
			productName = HARMAYTests;
			productReference = 3446288626F4603000B0B28B /* HARMAYTests.xctest */;
			productType = "com.apple.product-type.bundle.unit-test";
		};
		3446289026F4603000B0B28B /* HARMAYUITests */ = {
			isa = PBXNativeTarget;
			buildConfigurationList = 344628A026F4603000B0B28B /* Build configuration list for PBXNativeTarget "HARMAYUITests" */;
			buildPhases = (
				3446288D26F4603000B0B28B /* Sources */,
				3446288E26F4603000B0B28B /* Frameworks */,
				3446288F26F4603000B0B28B /* Resources */,
			);
			buildRules = (
			);
			dependencies = (
				3446289326F4603000B0B28B /* PBXTargetDependency */,
			);
			name = HARMAYUITests;
			productName = HARMAYUITests;
			productReference = 3446289126F4603000B0B28B /* HARMAYUITests.xctest */;
			productType = "com.apple.product-type.bundle.ui-testing";
		};
/* End PBXNativeTarget section */

/* Begin PBXProject section */
		3446286826F4602F00B0B28B /* Project object */ = {
			isa = PBXProject;
			attributes = {
				LastSwiftUpdateCheck = 1250;
				LastUpgradeCheck = 1250;
				TargetAttributes = {
					3446286F26F4602F00B0B28B = {
						CreatedOnToolsVersion = 12.5.1;
					};
					3446288526F4603000B0B28B = {
						CreatedOnToolsVersion = 12.5.1;
						TestTargetID = 3446286F26F4602F00B0B28B;
					};
					3446289026F4603000B0B28B = {
						CreatedOnToolsVersion = 12.5.1;
						TestTargetID = 3446286F26F4602F00B0B28B;
					};
				};
			};
			buildConfigurationList = 3446286B26F4602F00B0B28B /* Build configuration list for PBXProject "HARMAY" */;
			compatibilityVersion = "Xcode 9.3";
			developmentRegion = en;
			hasScannedForEncodings = 0;
			knownRegions = (
				en,
				Base,
			);
			mainGroup = 3446286726F4602F00B0B28B;
			productRefGroup = 3446287126F4602F00B0B28B /* Products */;
			projectDirPath = "";
			projectRoot = "";
			targets = (
				3446286F26F4602F00B0B28B /* HARMAY */,
				3446288526F4603000B0B28B /* HARMAYTests */,
				3446289026F4603000B0B28B /* HARMAYUITests */,
			);
		};
/* End PBXProject section */

/* Begin PBXResourcesBuildPhase section */
		3446286E26F4602F00B0B28B /* Resources */ = {
			isa = PBXResourcesBuildPhase;
			buildActionMask = 2147483647;
			files = (
				342692A126F5CDFE00D949A9 /* Module.plist in Resources */,
				3446288026F4603000B0B28B /* LaunchScreen.storyboard in Resources */,
				342692A226F5CDFE00D949A9 /* Service.plist in Resources */,
				3446287D26F4603000B0B28B /* Assets.xcassets in Resources */,
				3446287B26F4602F00B0B28B /* Main.storyboard in Resources */,
			);
			runOnlyForDeploymentPostprocessing = 0;
		};
		3446288426F4603000B0B28B /* Resources */ = {
			isa = PBXResourcesBuildPhase;
			buildActionMask = 2147483647;
			files = (
			);
			runOnlyForDeploymentPostprocessing = 0;
		};
		3446288F26F4603000B0B28B /* Resources */ = {
			isa = PBXResourcesBuildPhase;
			buildActionMask = 2147483647;
			files = (
			);
			runOnlyForDeploymentPostprocessing = 0;
		};
/* End PBXResourcesBuildPhase section */

/* Begin PBXShellScriptBuildPhase section */
		136EE8D48B7F1090606889F9 /* [CP] Check Pods Manifest.lock */ = {
			isa = PBXShellScriptBuildPhase;
			buildActionMask = 2147483647;
			files = (
			);
			inputFileListPaths = (
			);
			inputPaths = (
				"${PODS_PODFILE_DIR_PATH}/Podfile.lock",
				"${PODS_ROOT}/Manifest.lock",
			);
			name = "[CP] Check Pods Manifest.lock";
			outputFileListPaths = (
			);
			outputPaths = (
				"$(DERIVED_FILE_DIR)/Pods-HARMAY-checkManifestLockResult.txt",
			);
			runOnlyForDeploymentPostprocessing = 0;
			shellPath = /bin/sh;
			shellScript = "diff \"${PODS_PODFILE_DIR_PATH}/Podfile.lock\" \"${PODS_ROOT}/Manifest.lock\" > /dev/null\nif [ $? != 0 ] ; then\n    # print error to STDERR\n    echo \"error: The sandbox is not in sync with the Podfile.lock. Run 'pod install' or update your CocoaPods installation.\" >&2\n    exit 1\nfi\n# This output is used by Xcode 'outputs' to avoid re-running this script phase.\necho \"SUCCESS\" > \"${SCRIPT_OUTPUT_FILE_0}\"\n";
			showEnvVarsInLog = 0;
		};
		342692AE26F5F5E800D949A9 /* ShellScript */ = {
			isa = PBXShellScriptBuildPhase;
			buildActionMask = 2147483647;
			files = (
			);
			inputFileListPaths = (
			);
			inputPaths = (
			);
			outputFileListPaths = (
			);
			outputPaths = (
			);
			runOnlyForDeploymentPostprocessing = 0;
			shellPath = /bin/sh;
			shellScript = "# Type a script or drag a script file from your workspace to insert its path.\n\"${PODS_ROOT}/SwiftLint/swiftlint\"\n";
		};
		7BD2BCDBACCD53B81F16E811 /* [CP] Embed Pods Frameworks */ = {
			isa = PBXShellScriptBuildPhase;
			buildActionMask = 2147483647;
			files = (
			);
			inputFileListPaths = (
				"${PODS_ROOT}/Target Support Files/Pods-HARMAY/Pods-HARMAY-frameworks-${CONFIGURATION}-input-files.xcfilelist",
			);
			name = "[CP] Embed Pods Frameworks";
			outputFileListPaths = (
				"${PODS_ROOT}/Target Support Files/Pods-HARMAY/Pods-HARMAY-frameworks-${CONFIGURATION}-output-files.xcfilelist",
			);
			runOnlyForDeploymentPostprocessing = 0;
			shellPath = /bin/sh;
			shellScript = "\"${PODS_ROOT}/Target Support Files/Pods-HARMAY/Pods-HARMAY-frameworks.sh\"\n";
			showEnvVarsInLog = 0;
		};
/* End PBXShellScriptBuildPhase section */

/* Begin PBXSourcesBuildPhase section */
		3446286C26F4602F00B0B28B /* Sources */ = {
			isa = PBXSourcesBuildPhase;
			buildActionMask = 2147483647;
			files = (
				342692A626F5CF8200D949A9 /* BaseNavigationController.swift in Sources */,
				3446287426F4602F00B0B28B /* AppDelegate.swift in Sources */,
				34E83EFE26FAE04D007DB727 /* TestViewController.swift in Sources */,
				342692A426F5CF5900D949A9 /* BaseTabbarController.swift in Sources */,
			);
			runOnlyForDeploymentPostprocessing = 0;
		};
		3446288226F4603000B0B28B /* Sources */ = {
			isa = PBXSourcesBuildPhase;
			buildActionMask = 2147483647;
			files = (
				3446288B26F4603000B0B28B /* HARMAYTests.swift in Sources */,
			);
			runOnlyForDeploymentPostprocessing = 0;
		};
		3446288D26F4603000B0B28B /* Sources */ = {
			isa = PBXSourcesBuildPhase;
			buildActionMask = 2147483647;
			files = (
				3446289626F4603000B0B28B /* HARMAYUITests.swift in Sources */,
			);
			runOnlyForDeploymentPostprocessing = 0;
		};
/* End PBXSourcesBuildPhase section */

/* Begin PBXTargetDependency section */
		3446288826F4603000B0B28B /* PBXTargetDependency */ = {
			isa = PBXTargetDependency;
			target = 3446286F26F4602F00B0B28B /* HARMAY */;
			targetProxy = 3446288726F4603000B0B28B /* PBXContainerItemProxy */;
		};
		3446289326F4603000B0B28B /* PBXTargetDependency */ = {
			isa = PBXTargetDependency;
			target = 3446286F26F4602F00B0B28B /* HARMAY */;
			targetProxy = 3446289226F4603000B0B28B /* PBXContainerItemProxy */;
		};
/* End PBXTargetDependency section */

/* Begin PBXVariantGroup section */
		3446287926F4602F00B0B28B /* Main.storyboard */ = {
			isa = PBXVariantGroup;
			children = (
				3446287A26F4602F00B0B28B /* Base */,
			);
			name = Main.storyboard;
			sourceTree = "<group>";
		};
		3446287E26F4603000B0B28B /* LaunchScreen.storyboard */ = {
			isa = PBXVariantGroup;
			children = (
				3446287F26F4603000B0B28B /* Base */,
			);
			name = LaunchScreen.storyboard;
			sourceTree = "<group>";
		};
/* End PBXVariantGroup section */

/* Begin XCBuildConfiguration section */
		3446289826F4603000B0B28B /* Debug */ = {
			isa = XCBuildConfiguration;
			buildSettings = {
				ALWAYS_SEARCH_USER_PATHS = NO;
				CLANG_ANALYZER_NONNULL = YES;
				CLANG_ANALYZER_NUMBER_OBJECT_CONVERSION = YES_AGGRESSIVE;
				CLANG_CXX_LANGUAGE_STANDARD = "gnu++14";
				CLANG_CXX_LIBRARY = "libc++";
				CLANG_ENABLE_MODULES = YES;
				CLANG_ENABLE_OBJC_ARC = YES;
				CLANG_ENABLE_OBJC_WEAK = YES;
				CLANG_WARN_BLOCK_CAPTURE_AUTORELEASING = YES;
				CLANG_WARN_BOOL_CONVERSION = YES;
				CLANG_WARN_COMMA = YES;
				CLANG_WARN_CONSTANT_CONVERSION = YES;
				CLANG_WARN_DEPRECATED_OBJC_IMPLEMENTATIONS = YES;
				CLANG_WARN_DIRECT_OBJC_ISA_USAGE = YES_ERROR;
				CLANG_WARN_DOCUMENTATION_COMMENTS = YES;
				CLANG_WARN_EMPTY_BODY = YES;
				CLANG_WARN_ENUM_CONVERSION = YES;
				CLANG_WARN_INFINITE_RECURSION = YES;
				CLANG_WARN_INT_CONVERSION = YES;
				CLANG_WARN_NON_LITERAL_NULL_CONVERSION = YES;
				CLANG_WARN_OBJC_IMPLICIT_RETAIN_SELF = YES;
				CLANG_WARN_OBJC_LITERAL_CONVERSION = YES;
				CLANG_WARN_OBJC_ROOT_CLASS = YES_ERROR;
				CLANG_WARN_QUOTED_INCLUDE_IN_FRAMEWORK_HEADER = YES;
				CLANG_WARN_RANGE_LOOP_ANALYSIS = YES;
				CLANG_WARN_STRICT_PROTOTYPES = YES;
				CLANG_WARN_SUSPICIOUS_MOVE = YES;
				CLANG_WARN_UNGUARDED_AVAILABILITY = YES_AGGRESSIVE;
				CLANG_WARN_UNREACHABLE_CODE = YES;
				CLANG_WARN__DUPLICATE_METHOD_MATCH = YES;
				COPY_PHASE_STRIP = NO;
				DEBUG_INFORMATION_FORMAT = dwarf;
				ENABLE_STRICT_OBJC_MSGSEND = YES;
				ENABLE_TESTABILITY = YES;
				GCC_C_LANGUAGE_STANDARD = gnu11;
				GCC_DYNAMIC_NO_PIC = NO;
				GCC_NO_COMMON_BLOCKS = YES;
				GCC_OPTIMIZATION_LEVEL = 0;
				GCC_PREPROCESSOR_DEFINITIONS = (
					"DEBUG=1",
					"$(inherited)",
				);
				GCC_WARN_64_TO_32_BIT_CONVERSION = YES;
				GCC_WARN_ABOUT_RETURN_TYPE = YES_ERROR;
				GCC_WARN_UNDECLARED_SELECTOR = YES;
				GCC_WARN_UNINITIALIZED_AUTOS = YES_AGGRESSIVE;
				GCC_WARN_UNUSED_FUNCTION = YES;
				GCC_WARN_UNUSED_VARIABLE = YES;
				IPHONEOS_DEPLOYMENT_TARGET = 14.5;
				MTL_ENABLE_DEBUG_INFO = INCLUDE_SOURCE;
				MTL_FAST_MATH = YES;
				ONLY_ACTIVE_ARCH = YES;
				SDKROOT = iphoneos;
				SWIFT_ACTIVE_COMPILATION_CONDITIONS = DEBUG;
				SWIFT_OPTIMIZATION_LEVEL = "-Onone";
			};
			name = Debug;
		};
		3446289926F4603000B0B28B /* Release */ = {
			isa = XCBuildConfiguration;
			buildSettings = {
				ALWAYS_SEARCH_USER_PATHS = NO;
				CLANG_ANALYZER_NONNULL = YES;
				CLANG_ANALYZER_NUMBER_OBJECT_CONVERSION = YES_AGGRESSIVE;
				CLANG_CXX_LANGUAGE_STANDARD = "gnu++14";
				CLANG_CXX_LIBRARY = "libc++";
				CLANG_ENABLE_MODULES = YES;
				CLANG_ENABLE_OBJC_ARC = YES;
				CLANG_ENABLE_OBJC_WEAK = YES;
				CLANG_WARN_BLOCK_CAPTURE_AUTORELEASING = YES;
				CLANG_WARN_BOOL_CONVERSION = YES;
				CLANG_WARN_COMMA = YES;
				CLANG_WARN_CONSTANT_CONVERSION = YES;
				CLANG_WARN_DEPRECATED_OBJC_IMPLEMENTATIONS = YES;
				CLANG_WARN_DIRECT_OBJC_ISA_USAGE = YES_ERROR;
				CLANG_WARN_DOCUMENTATION_COMMENTS = YES;
				CLANG_WARN_EMPTY_BODY = YES;
				CLANG_WARN_ENUM_CONVERSION = YES;
				CLANG_WARN_INFINITE_RECURSION = YES;
				CLANG_WARN_INT_CONVERSION = YES;
				CLANG_WARN_NON_LITERAL_NULL_CONVERSION = YES;
				CLANG_WARN_OBJC_IMPLICIT_RETAIN_SELF = YES;
				CLANG_WARN_OBJC_LITERAL_CONVERSION = YES;
				CLANG_WARN_OBJC_ROOT_CLASS = YES_ERROR;
				CLANG_WARN_QUOTED_INCLUDE_IN_FRAMEWORK_HEADER = YES;
				CLANG_WARN_RANGE_LOOP_ANALYSIS = YES;
				CLANG_WARN_STRICT_PROTOTYPES = YES;
				CLANG_WARN_SUSPICIOUS_MOVE = YES;
				CLANG_WARN_UNGUARDED_AVAILABILITY = YES_AGGRESSIVE;
				CLANG_WARN_UNREACHABLE_CODE = YES;
				CLANG_WARN__DUPLICATE_METHOD_MATCH = YES;
				COPY_PHASE_STRIP = NO;
				DEBUG_INFORMATION_FORMAT = "dwarf-with-dsym";
				ENABLE_NS_ASSERTIONS = NO;
				ENABLE_STRICT_OBJC_MSGSEND = YES;
				GCC_C_LANGUAGE_STANDARD = gnu11;
				GCC_NO_COMMON_BLOCKS = YES;
				GCC_WARN_64_TO_32_BIT_CONVERSION = YES;
				GCC_WARN_ABOUT_RETURN_TYPE = YES_ERROR;
				GCC_WARN_UNDECLARED_SELECTOR = YES;
				GCC_WARN_UNINITIALIZED_AUTOS = YES_AGGRESSIVE;
				GCC_WARN_UNUSED_FUNCTION = YES;
				GCC_WARN_UNUSED_VARIABLE = YES;
				IPHONEOS_DEPLOYMENT_TARGET = 14.5;
				MTL_ENABLE_DEBUG_INFO = NO;
				MTL_FAST_MATH = YES;
				SDKROOT = iphoneos;
				SWIFT_COMPILATION_MODE = wholemodule;
				SWIFT_OPTIMIZATION_LEVEL = "-O";
				VALIDATE_PRODUCT = YES;
			};
			name = Release;
		};
		3446289B26F4603000B0B28B /* Debug */ = {
			isa = XCBuildConfiguration;
			baseConfigurationReference = E93E43636A2EDACDBBF631E9 /* Pods-HARMAY.debug.xcconfig */;
			buildSettings = {
				ASSETCATALOG_COMPILER_APPICON_NAME = AppIcon;
				ASSETCATALOG_COMPILER_GLOBAL_ACCENT_COLOR_NAME = AccentColor;
				CODE_SIGN_STYLE = Automatic;
				DEVELOPMENT_TEAM = 8YR627Z7UA;
				INFOPLIST_FILE = HARMAY/Info.plist;
				IPHONEOS_DEPLOYMENT_TARGET = 10.0;
				LD_RUNPATH_SEARCH_PATHS = (
					"$(inherited)",
					"@executable_path/Frameworks",
				);
				PRODUCT_BUNDLE_IDENTIFIER = HARMAY.HARMAY;
				PRODUCT_NAME = "$(TARGET_NAME)";
				SWIFT_VERSION = 5.0;
				TARGETED_DEVICE_FAMILY = "1,2";
			};
			name = Debug;
		};
		3446289C26F4603000B0B28B /* Release */ = {
			isa = XCBuildConfiguration;
			baseConfigurationReference = 16F98428E090F2C0FE5DB67E /* Pods-HARMAY.release.xcconfig */;
			buildSettings = {
				ASSETCATALOG_COMPILER_APPICON_NAME = AppIcon;
				ASSETCATALOG_COMPILER_GLOBAL_ACCENT_COLOR_NAME = AccentColor;
				CODE_SIGN_STYLE = Automatic;
				DEVELOPMENT_TEAM = 8YR627Z7UA;
				INFOPLIST_FILE = HARMAY/Info.plist;
				IPHONEOS_DEPLOYMENT_TARGET = 10.0;
				LD_RUNPATH_SEARCH_PATHS = (
					"$(inherited)",
					"@executable_path/Frameworks",
				);
				PRODUCT_BUNDLE_IDENTIFIER = HARMAY.HARMAY;
				PRODUCT_NAME = "$(TARGET_NAME)";
				SWIFT_VERSION = 5.0;
				TARGETED_DEVICE_FAMILY = "1,2";
			};
			name = Release;
		};
		3446289E26F4603000B0B28B /* Debug */ = {
			isa = XCBuildConfiguration;
			buildSettings = {
				ALWAYS_EMBED_SWIFT_STANDARD_LIBRARIES = YES;
				BUNDLE_LOADER = "$(TEST_HOST)";
				CODE_SIGN_STYLE = Automatic;
				DEVELOPMENT_TEAM = 8YR627Z7UA;
				INFOPLIST_FILE = HARMAYTests/Info.plist;
				IPHONEOS_DEPLOYMENT_TARGET = 14.5;
				LD_RUNPATH_SEARCH_PATHS = (
					"$(inherited)",
					"@executable_path/Frameworks",
					"@loader_path/Frameworks",
				);
				PRODUCT_BUNDLE_IDENTIFIER = HARMAY.HARMAYTests;
				PRODUCT_NAME = "$(TARGET_NAME)";
				SWIFT_VERSION = 5.0;
				TARGETED_DEVICE_FAMILY = "1,2";
				TEST_HOST = "$(BUILT_PRODUCTS_DIR)/HARMAY.app/HARMAY";
			};
			name = Debug;
		};
		3446289F26F4603000B0B28B /* Release */ = {
			isa = XCBuildConfiguration;
			buildSettings = {
				ALWAYS_EMBED_SWIFT_STANDARD_LIBRARIES = YES;
				BUNDLE_LOADER = "$(TEST_HOST)";
				CODE_SIGN_STYLE = Automatic;
				DEVELOPMENT_TEAM = 8YR627Z7UA;
				INFOPLIST_FILE = HARMAYTests/Info.plist;
				IPHONEOS_DEPLOYMENT_TARGET = 14.5;
				LD_RUNPATH_SEARCH_PATHS = (
					"$(inherited)",
					"@executable_path/Frameworks",
					"@loader_path/Frameworks",
				);
				PRODUCT_BUNDLE_IDENTIFIER = HARMAY.HARMAYTests;
				PRODUCT_NAME = "$(TARGET_NAME)";
				SWIFT_VERSION = 5.0;
				TARGETED_DEVICE_FAMILY = "1,2";
				TEST_HOST = "$(BUILT_PRODUCTS_DIR)/HARMAY.app/HARMAY";
			};
			name = Release;
		};
		344628A126F4603000B0B28B /* Debug */ = {
			isa = XCBuildConfiguration;
			buildSettings = {
				ALWAYS_EMBED_SWIFT_STANDARD_LIBRARIES = YES;
				CODE_SIGN_STYLE = Automatic;
				DEVELOPMENT_TEAM = 8YR627Z7UA;
				INFOPLIST_FILE = HARMAYUITests/Info.plist;
				LD_RUNPATH_SEARCH_PATHS = (
					"$(inherited)",
					"@executable_path/Frameworks",
					"@loader_path/Frameworks",
				);
				PRODUCT_BUNDLE_IDENTIFIER = HARMAY.HARMAYUITests;
				PRODUCT_NAME = "$(TARGET_NAME)";
				SWIFT_VERSION = 5.0;
				TARGETED_DEVICE_FAMILY = "1,2";
				TEST_TARGET_NAME = HARMAY;
			};
			name = Debug;
		};
		344628A226F4603000B0B28B /* Release */ = {
			isa = XCBuildConfiguration;
			buildSettings = {
				ALWAYS_EMBED_SWIFT_STANDARD_LIBRARIES = YES;
				CODE_SIGN_STYLE = Automatic;
				DEVELOPMENT_TEAM = 8YR627Z7UA;
				INFOPLIST_FILE = HARMAYUITests/Info.plist;
				LD_RUNPATH_SEARCH_PATHS = (
					"$(inherited)",
					"@executable_path/Frameworks",
					"@loader_path/Frameworks",
				);
				PRODUCT_BUNDLE_IDENTIFIER = HARMAY.HARMAYUITests;
				PRODUCT_NAME = "$(TARGET_NAME)";
				SWIFT_VERSION = 5.0;
				TARGETED_DEVICE_FAMILY = "1,2";
				TEST_TARGET_NAME = HARMAY;
			};
			name = Release;
		};
/* End XCBuildConfiguration section */

/* Begin XCConfigurationList section */
		3446286B26F4602F00B0B28B /* Build configuration list for PBXProject "HARMAY" */ = {
			isa = XCConfigurationList;
			buildConfigurations = (
				3446289826F4603000B0B28B /* Debug */,
				3446289926F4603000B0B28B /* Release */,
			);
			defaultConfigurationIsVisible = 0;
			defaultConfigurationName = Release;
		};
		3446289A26F4603000B0B28B /* Build configuration list for PBXNativeTarget "HARMAY" */ = {
			isa = XCConfigurationList;
			buildConfigurations = (
				3446289B26F4603000B0B28B /* Debug */,
				3446289C26F4603000B0B28B /* Release */,
			);
			defaultConfigurationIsVisible = 0;
			defaultConfigurationName = Release;
		};
		3446289D26F4603000B0B28B /* Build configuration list for PBXNativeTarget "HARMAYTests" */ = {
			isa = XCConfigurationList;
			buildConfigurations = (
				3446289E26F4603000B0B28B /* Debug */,
				3446289F26F4603000B0B28B /* Release */,
			);
			defaultConfigurationIsVisible = 0;
			defaultConfigurationName = Release;
		};
		344628A026F4603000B0B28B /* Build configuration list for PBXNativeTarget "HARMAYUITests" */ = {
			isa = XCConfigurationList;
			buildConfigurations = (
				344628A126F4603000B0B28B /* Debug */,
				344628A226F4603000B0B28B /* Release */,
			);
			defaultConfigurationIsVisible = 0;
			defaultConfigurationName = Release;
		};
/* End XCConfigurationList section */
	};
	rootObject = 3446286826F4602F00B0B28B /* Project object */;
}
