// !$*UTF8*$!
{
	archiveVersion = 1;
	classes = {
	};
	objectVersion = 50;
	objects = {

/* Begin PBXBuildFile section */
		28582A4C243DB2AF001A0B79 /* AppDelegate.swift in Sources */ = {isa = PBXBuildFile; fileRef = 28582A4B243DB2AF001A0B79 /* AppDelegate.swift */; };
		28582A4E243DB2AF001A0B79 /* SceneDelegate.swift in Sources */ = {isa = PBXBuildFile; fileRef = 28582A4D243DB2AF001A0B79 /* SceneDelegate.swift */; };
		28582A50243DB2AF001A0B79 /* ViewController.swift in Sources */ = {isa = PBXBuildFile; fileRef = 28582A4F243DB2AF001A0B79 /* ViewController.swift */; };
		28582A53243DB2AF001A0B79 /* Main.storyboard in Resources */ = {isa = PBXBuildFile; fileRef = 28582A51243DB2AF001A0B79 /* Main.storyboard */; };
		28582A55243DB2B1001A0B79 /* Assets.xcassets in Resources */ = {isa = PBXBuildFile; fileRef = 28582A54243DB2B1001A0B79 /* Assets.xcassets */; };
		28582A58243DB2B1001A0B79 /* LaunchScreen.storyboard in Resources */ = {isa = PBXBuildFile; fileRef = 28582A56243DB2B1001A0B79 /* LaunchScreen.storyboard */; };
		28582A63243DB2B1001A0B79 /* KVOTests.swift in Sources */ = {isa = PBXBuildFile; fileRef = 28582A62243DB2B1001A0B79 /* KVOTests.swift */; };
		28582A6E243DB2B1001A0B79 /* KVOUITests.swift in Sources */ = {isa = PBXBuildFile; fileRef = 28582A6D243DB2B1001A0B79 /* KVOUITests.swift */; };
		28582A7C243DB2C5001A0B79 /* GCDTool.swift in Sources */ = {isa = PBXBuildFile; fileRef = 28582A7B243DB2C5001A0B79 /* GCDTool.swift */; };
/* End PBXBuildFile section */

/* Begin PBXContainerItemProxy section */
		28582A5F243DB2B1001A0B79 /* PBXContainerItemProxy */ = {
			isa = PBXContainerItemProxy;
			containerPortal = 28582A40243DB2AF001A0B79 /* Project object */;
			proxyType = 1;
			remoteGlobalIDString = 28582A47243DB2AF001A0B79;
			remoteInfo = KVO;
		};
		28582A6A243DB2B1001A0B79 /* PBXContainerItemProxy */ = {
			isa = PBXContainerItemProxy;
			containerPortal = 28582A40243DB2AF001A0B79 /* Project object */;
			proxyType = 1;
			remoteGlobalIDString = 28582A47243DB2AF001A0B79;
			remoteInfo = KVO;
		};
/* End PBXContainerItemProxy section */

/* Begin PBXFileReference section */
		28582A48243DB2AF001A0B79 /* KVO.app */ = {isa = PBXFileReference; explicitFileType = wrapper.application; includeInIndex = 0; path = KVO.app; sourceTree = BUILT_PRODUCTS_DIR; };
		28582A4B243DB2AF001A0B79 /* AppDelegate.swift */ = {isa = PBXFileReference; lastKnownFileType = sourcecode.swift; path = AppDelegate.swift; sourceTree = "<group>"; };
		28582A4D243DB2AF001A0B79 /* SceneDelegate.swift */ = {isa = PBXFileReference; lastKnownFileType = sourcecode.swift; path = SceneDelegate.swift; sourceTree = "<group>"; };
		28582A4F243DB2AF001A0B79 /* ViewController.swift */ = {isa = PBXFileReference; lastKnownFileType = sourcecode.swift; path = ViewController.swift; sourceTree = "<group>"; };
		28582A52243DB2AF001A0B79 /* Base */ = {isa = PBXFileReference; lastKnownFileType = file.storyboard; name = Base; path = Base.lproj/Main.storyboard; sourceTree = "<group>"; };
		28582A54243DB2B1001A0B79 /* Assets.xcassets */ = {isa = PBXFileReference; lastKnownFileType = folder.assetcatalog; path = Assets.xcassets; sourceTree = "<group>"; };
		28582A57243DB2B1001A0B79 /* Base */ = {isa = PBXFileReference; lastKnownFileType = file.storyboard; name = Base; path = Base.lproj/LaunchScreen.storyboard; sourceTree = "<group>"; };
		28582A59243DB2B1001A0B79 /* Info.plist */ = {isa = PBXFileReference; lastKnownFileType = text.plist.xml; path = Info.plist; sourceTree = "<group>"; };
		28582A5E243DB2B1001A0B79 /* KVOTests.xctest */ = {isa = PBXFileReference; explicitFileType = wrapper.cfbundle; includeInIndex = 0; path = KVOTests.xctest; sourceTree = BUILT_PRODUCTS_DIR; };
		28582A62243DB2B1001A0B79 /* KVOTests.swift */ = {isa = PBXFileReference; lastKnownFileType = sourcecode.swift; path = KVOTests.swift; sourceTree = "<group>"; };
		28582A64243DB2B1001A0B79 /* Info.plist */ = {isa = PBXFileReference; lastKnownFileType = text.plist.xml; path = Info.plist; sourceTree = "<group>"; };
		28582A69243DB2B1001A0B79 /* KVOUITests.xctest */ = {isa = PBXFileReference; explicitFileType = wrapper.cfbundle; includeInIndex = 0; path = KVOUITests.xctest; sourceTree = BUILT_PRODUCTS_DIR; };
		28582A6D243DB2B1001A0B79 /* KVOUITests.swift */ = {isa = PBXFileReference; lastKnownFileType = sourcecode.swift; path = KVOUITests.swift; sourceTree = "<group>"; };
		28582A6F243DB2B1001A0B79 /* Info.plist */ = {isa = PBXFileReference; lastKnownFileType = text.plist.xml; path = Info.plist; sourceTree = "<group>"; };
		28582A7B243DB2C5001A0B79 /* GCDTool.swift */ = {isa = PBXFileReference; fileEncoding = 4; lastKnownFileType = sourcecode.swift; name = GCDTool.swift; path = "../../../../SwiftTool/定时器封装/GCDTool.swift"; sourceTree = "<group>"; };
/* End PBXFileReference section */

/* Begin PBXFrameworksBuildPhase section */
		28582A45243DB2AF001A0B79 /* Frameworks */ = {
			isa = PBXFrameworksBuildPhase;
			buildActionMask = 2147483647;
			files = (
			);
			runOnlyForDeploymentPostprocessing = 0;
		};
		28582A5B243DB2B1001A0B79 /* Frameworks */ = {
			isa = PBXFrameworksBuildPhase;
			buildActionMask = 2147483647;
			files = (
			);
			runOnlyForDeploymentPostprocessing = 0;
		};
		28582A66243DB2B1001A0B79 /* Frameworks */ = {
			isa = PBXFrameworksBuildPhase;
			buildActionMask = 2147483647;
			files = (
			);
			runOnlyForDeploymentPostprocessing = 0;
		};
/* End PBXFrameworksBuildPhase section */

/* Begin PBXGroup section */
		28582A3F243DB2AF001A0B79 = {
			isa = PBXGroup;
			children = (
				28582A4A243DB2AF001A0B79 /* KVO */,
				28582A61243DB2B1001A0B79 /* KVOTests */,
				28582A6C243DB2B1001A0B79 /* KVOUITests */,
				28582A49243DB2AF001A0B79 /* Products */,
			);
			sourceTree = "<group>";
		};
		28582A49243DB2AF001A0B79 /* Products */ = {
			isa = PBXGroup;
			children = (
				28582A48243DB2AF001A0B79 /* KVO.app */,
				28582A5E243DB2B1001A0B79 /* KVOTests.xctest */,
				28582A69243DB2B1001A0B79 /* KVOUITests.xctest */,
			);
			name = Products;
			sourceTree = "<group>";
		};
		28582A4A243DB2AF001A0B79 /* KVO */ = {
			isa = PBXGroup;
			children = (
				28582A4B243DB2AF001A0B79 /* AppDelegate.swift */,
				28582A4D243DB2AF001A0B79 /* SceneDelegate.swift */,
				28582A7B243DB2C5001A0B79 /* GCDTool.swift */,
				28582A4F243DB2AF001A0B79 /* ViewController.swift */,
				28582A51243DB2AF001A0B79 /* Main.storyboard */,
				28582A54243DB2B1001A0B79 /* Assets.xcassets */,
				28582A56243DB2B1001A0B79 /* LaunchScreen.storyboard */,
				28582A59243DB2B1001A0B79 /* Info.plist */,
			);
			path = KVO;
			sourceTree = "<group>";
		};
		28582A61243DB2B1001A0B79 /* KVOTests */ = {
			isa = PBXGroup;
			children = (
				28582A62243DB2B1001A0B79 /* KVOTests.swift */,
				28582A64243DB2B1001A0B79 /* Info.plist */,
			);
			path = KVOTests;
			sourceTree = "<group>";
		};
		28582A6C243DB2B1001A0B79 /* KVOUITests */ = {
			isa = PBXGroup;
			children = (
				28582A6D243DB2B1001A0B79 /* KVOUITests.swift */,
				28582A6F243DB2B1001A0B79 /* Info.plist */,
			);
			path = KVOUITests;
			sourceTree = "<group>";
		};
/* End PBXGroup section */

/* Begin PBXNativeTarget section */
		28582A47243DB2AF001A0B79 /* KVO */ = {
			isa = PBXNativeTarget;
			buildConfigurationList = 28582A72243DB2B1001A0B79 /* Build configuration list for PBXNativeTarget "KVO" */;
			buildPhases = (
				28582A44243DB2AF001A0B79 /* Sources */,
				28582A45243DB2AF001A0B79 /* Frameworks */,
				28582A46243DB2AF001A0B79 /* Resources */,
			);
			buildRules = (
			);
			dependencies = (
			);
			name = KVO;
			productName = KVO;
			productReference = 28582A48243DB2AF001A0B79 /* KVO.app */;
			productType = "com.apple.product-type.application";
		};
		28582A5D243DB2B1001A0B79 /* KVOTests */ = {
			isa = PBXNativeTarget;
			buildConfigurationList = 28582A75243DB2B1001A0B79 /* Build configuration list for PBXNativeTarget "KVOTests" */;
			buildPhases = (
				28582A5A243DB2B1001A0B79 /* Sources */,
				28582A5B243DB2B1001A0B79 /* Frameworks */,
				28582A5C243DB2B1001A0B79 /* Resources */,
			);
			buildRules = (
			);
			dependencies = (
				28582A60243DB2B1001A0B79 /* PBXTargetDependency */,
			);
			name = KVOTests;
			productName = KVOTests;
			productReference = 28582A5E243DB2B1001A0B79 /* KVOTests.xctest */;
			productType = "com.apple.product-type.bundle.unit-test";
		};
		28582A68243DB2B1001A0B79 /* KVOUITests */ = {
			isa = PBXNativeTarget;
			buildConfigurationList = 28582A78243DB2B1001A0B79 /* Build configuration list for PBXNativeTarget "KVOUITests" */;
			buildPhases = (
				28582A65243DB2B1001A0B79 /* Sources */,
				28582A66243DB2B1001A0B79 /* Frameworks */,
				28582A67243DB2B1001A0B79 /* Resources */,
			);
			buildRules = (
			);
			dependencies = (
				28582A6B243DB2B1001A0B79 /* PBXTargetDependency */,
			);
			name = KVOUITests;
			productName = KVOUITests;
			productReference = 28582A69243DB2B1001A0B79 /* KVOUITests.xctest */;
			productType = "com.apple.product-type.bundle.ui-testing";
		};
/* End PBXNativeTarget section */

/* Begin PBXProject section */
		28582A40243DB2AF001A0B79 /* Project object */ = {
			isa = PBXProject;
			attributes = {
				LastSwiftUpdateCheck = 1130;
				LastUpgradeCheck = 1130;
				ORGANIZATIONNAME = yunna;
				TargetAttributes = {
					28582A47243DB2AF001A0B79 = {
						CreatedOnToolsVersion = 11.3.1;
					};
					28582A5D243DB2B1001A0B79 = {
						CreatedOnToolsVersion = 11.3.1;
						TestTargetID = 28582A47243DB2AF001A0B79;
					};
					28582A68243DB2B1001A0B79 = {
						CreatedOnToolsVersion = 11.3.1;
						TestTargetID = 28582A47243DB2AF001A0B79;
					};
				};
			};
			buildConfigurationList = 28582A43243DB2AF001A0B79 /* Build configuration list for PBXProject "KVO" */;
			compatibilityVersion = "Xcode 9.3";
			developmentRegion = en;
			hasScannedForEncodings = 0;
			knownRegions = (
				en,
				Base,
			);
			mainGroup = 28582A3F243DB2AF001A0B79;
			productRefGroup = 28582A49243DB2AF001A0B79 /* Products */;
			projectDirPath = "";
			projectRoot = "";
			targets = (
				28582A47243DB2AF001A0B79 /* KVO */,
				28582A5D243DB2B1001A0B79 /* KVOTests */,
				28582A68243DB2B1001A0B79 /* KVOUITests */,
			);
		};
/* End PBXProject section */

/* Begin PBXResourcesBuildPhase section */
		28582A46243DB2AF001A0B79 /* Resources */ = {
			isa = PBXResourcesBuildPhase;
			buildActionMask = 2147483647;
			files = (
				28582A58243DB2B1001A0B79 /* LaunchScreen.storyboard in Resources */,
				28582A55243DB2B1001A0B79 /* Assets.xcassets in Resources */,
				28582A53243DB2AF001A0B79 /* Main.storyboard in Resources */,
			);
			runOnlyForDeploymentPostprocessing = 0;
		};
		28582A5C243DB2B1001A0B79 /* Resources */ = {
			isa = PBXResourcesBuildPhase;
			buildActionMask = 2147483647;
			files = (
			);
			runOnlyForDeploymentPostprocessing = 0;
		};
		28582A67243DB2B1001A0B79 /* Resources */ = {
			isa = PBXResourcesBuildPhase;
			buildActionMask = 2147483647;
			files = (
			);
			runOnlyForDeploymentPostprocessing = 0;
		};
/* End PBXResourcesBuildPhase section */

/* Begin PBXSourcesBuildPhase section */
		28582A44243DB2AF001A0B79 /* Sources */ = {
			isa = PBXSourcesBuildPhase;
			buildActionMask = 2147483647;
			files = (
				28582A7C243DB2C5001A0B79 /* GCDTool.swift in Sources */,
				28582A50243DB2AF001A0B79 /* ViewController.swift in Sources */,
				28582A4C243DB2AF001A0B79 /* AppDelegate.swift in Sources */,
				28582A4E243DB2AF001A0B79 /* SceneDelegate.swift in Sources */,
			);
			runOnlyForDeploymentPostprocessing = 0;
		};
		28582A5A243DB2B1001A0B79 /* Sources */ = {
			isa = PBXSourcesBuildPhase;
			buildActionMask = 2147483647;
			files = (
				28582A63243DB2B1001A0B79 /* KVOTests.swift in Sources */,
			);
			runOnlyForDeploymentPostprocessing = 0;
		};
		28582A65243DB2B1001A0B79 /* Sources */ = {
			isa = PBXSourcesBuildPhase;
			buildActionMask = 2147483647;
			files = (
				28582A6E243DB2B1001A0B79 /* KVOUITests.swift in Sources */,
			);
			runOnlyForDeploymentPostprocessing = 0;
		};
/* End PBXSourcesBuildPhase section */

/* Begin PBXTargetDependency section */
		28582A60243DB2B1001A0B79 /* PBXTargetDependency */ = {
			isa = PBXTargetDependency;
			target = 28582A47243DB2AF001A0B79 /* KVO */;
			targetProxy = 28582A5F243DB2B1001A0B79 /* PBXContainerItemProxy */;
		};
		28582A6B243DB2B1001A0B79 /* PBXTargetDependency */ = {
			isa = PBXTargetDependency;
			target = 28582A47243DB2AF001A0B79 /* KVO */;
			targetProxy = 28582A6A243DB2B1001A0B79 /* PBXContainerItemProxy */;
		};
/* End PBXTargetDependency section */

/* Begin PBXVariantGroup section */
		28582A51243DB2AF001A0B79 /* Main.storyboard */ = {
			isa = PBXVariantGroup;
			children = (
				28582A52243DB2AF001A0B79 /* Base */,
			);
			name = Main.storyboard;
			sourceTree = "<group>";
		};
		28582A56243DB2B1001A0B79 /* LaunchScreen.storyboard */ = {
			isa = PBXVariantGroup;
			children = (
				28582A57243DB2B1001A0B79 /* Base */,
			);
			name = LaunchScreen.storyboard;
			sourceTree = "<group>";
		};
/* End PBXVariantGroup section */

/* Begin XCBuildConfiguration section */
		28582A70243DB2B1001A0B79 /* Debug */ = {
			isa = XCBuildConfiguration;
			buildSettings = {
				ALWAYS_SEARCH_USER_PATHS = NO;
				CLANG_ANALYZER_NONNULL = YES;
				CLANG_ANALYZER_NUMBER_OBJECT_CONVERSION = YES_AGGRESSIVE;
				CLANG_CXX_LANGUAGE_STANDARD = "gnu++14";
				CLANG_CXX_LIBRARY = "libc++";
				CLANG_ENABLE_MODULES = YES;
				CLANG_ENABLE_OBJC_ARC = YES;
				CLANG_ENABLE_OBJC_WEAK = YES;
				CLANG_WARN_BLOCK_CAPTURE_AUTORELEASING = YES;
				CLANG_WARN_BOOL_CONVERSION = YES;
				CLANG_WARN_COMMA = YES;
				CLANG_WARN_CONSTANT_CONVERSION = YES;
				CLANG_WARN_DEPRECATED_OBJC_IMPLEMENTATIONS = YES;
				CLANG_WARN_DIRECT_OBJC_ISA_USAGE = YES_ERROR;
				CLANG_WARN_DOCUMENTATION_COMMENTS = YES;
				CLANG_WARN_EMPTY_BODY = YES;
				CLANG_WARN_ENUM_CONVERSION = YES;
				CLANG_WARN_INFINITE_RECURSION = YES;
				CLANG_WARN_INT_CONVERSION = YES;
				CLANG_WARN_NON_LITERAL_NULL_CONVERSION = YES;
				CLANG_WARN_OBJC_IMPLICIT_RETAIN_SELF = YES;
				CLANG_WARN_OBJC_LITERAL_CONVERSION = YES;
				CLANG_WARN_OBJC_ROOT_CLASS = YES_ERROR;
				CLANG_WARN_RANGE_LOOP_ANALYSIS = YES;
				CLANG_WARN_STRICT_PROTOTYPES = YES;
				CLANG_WARN_SUSPICIOUS_MOVE = YES;
				CLANG_WARN_UNGUARDED_AVAILABILITY = YES_AGGRESSIVE;
				CLANG_WARN_UNREACHABLE_CODE = YES;
				CLANG_WARN__DUPLICATE_METHOD_MATCH = YES;
				COPY_PHASE_STRIP = NO;
				DEBUG_INFORMATION_FORMAT = dwarf;
				ENABLE_STRICT_OBJC_MSGSEND = YES;
				ENABLE_TESTABILITY = YES;
				GCC_C_LANGUAGE_STANDARD = gnu11;
				GCC_DYNAMIC_NO_PIC = NO;
				GCC_NO_COMMON_BLOCKS = YES;
				GCC_OPTIMIZATION_LEVEL = 0;
				GCC_PREPROCESSOR_DEFINITIONS = (
					"DEBUG=1",
					"$(inherited)",
				);
				GCC_WARN_64_TO_32_BIT_CONVERSION = YES;
				GCC_WARN_ABOUT_RETURN_TYPE = YES_ERROR;
				GCC_WARN_UNDECLARED_SELECTOR = YES;
				GCC_WARN_UNINITIALIZED_AUTOS = YES_AGGRESSIVE;
				GCC_WARN_UNUSED_FUNCTION = YES;
				GCC_WARN_UNUSED_VARIABLE = YES;
				IPHONEOS_DEPLOYMENT_TARGET = 13.2;
				MTL_ENABLE_DEBUG_INFO = INCLUDE_SOURCE;
				MTL_FAST_MATH = YES;
				ONLY_ACTIVE_ARCH = YES;
				SDKROOT = iphoneos;
				SWIFT_ACTIVE_COMPILATION_CONDITIONS = DEBUG;
				SWIFT_OPTIMIZATION_LEVEL = "-Onone";
			};
			name = Debug;
		};
		28582A71243DB2B1001A0B79 /* Release */ = {
			isa = XCBuildConfiguration;
			buildSettings = {
				ALWAYS_SEARCH_USER_PATHS = NO;
				CLANG_ANALYZER_NONNULL = YES;
				CLANG_ANALYZER_NUMBER_OBJECT_CONVERSION = YES_AGGRESSIVE;
				CLANG_CXX_LANGUAGE_STANDARD = "gnu++14";
				CLANG_CXX_LIBRARY = "libc++";
				CLANG_ENABLE_MODULES = YES;
				CLANG_ENABLE_OBJC_ARC = YES;
				CLANG_ENABLE_OBJC_WEAK = YES;
				CLANG_WARN_BLOCK_CAPTURE_AUTORELEASING = YES;
				CLANG_WARN_BOOL_CONVERSION = YES;
				CLANG_WARN_COMMA = YES;
				CLANG_WARN_CONSTANT_CONVERSION = YES;
				CLANG_WARN_DEPRECATED_OBJC_IMPLEMENTATIONS = YES;
				CLANG_WARN_DIRECT_OBJC_ISA_USAGE = YES_ERROR;
				CLANG_WARN_DOCUMENTATION_COMMENTS = YES;
				CLANG_WARN_EMPTY_BODY = YES;
				CLANG_WARN_ENUM_CONVERSION = YES;
				CLANG_WARN_INFINITE_RECURSION = YES;
				CLANG_WARN_INT_CONVERSION = YES;
				CLANG_WARN_NON_LITERAL_NULL_CONVERSION = YES;
				CLANG_WARN_OBJC_IMPLICIT_RETAIN_SELF = YES;
				CLANG_WARN_OBJC_LITERAL_CONVERSION = YES;
				CLANG_WARN_OBJC_ROOT_CLASS = YES_ERROR;
				CLANG_WARN_RANGE_LOOP_ANALYSIS = YES;
				CLANG_WARN_STRICT_PROTOTYPES = YES;
				CLANG_WARN_SUSPICIOUS_MOVE = YES;
				CLANG_WARN_UNGUARDED_AVAILABILITY = YES_AGGRESSIVE;
				CLANG_WARN_UNREACHABLE_CODE = YES;
				CLANG_WARN__DUPLICATE_METHOD_MATCH = YES;
				COPY_PHASE_STRIP = NO;
				DEBUG_INFORMATION_FORMAT = "dwarf-with-dsym";
				ENABLE_NS_ASSERTIONS = NO;
				ENABLE_STRICT_OBJC_MSGSEND = YES;
				GCC_C_LANGUAGE_STANDARD = gnu11;
				GCC_NO_COMMON_BLOCKS = YES;
				GCC_WARN_64_TO_32_BIT_CONVERSION = YES;
				GCC_WARN_ABOUT_RETURN_TYPE = YES_ERROR;
				GCC_WARN_UNDECLARED_SELECTOR = YES;
				GCC_WARN_UNINITIALIZED_AUTOS = YES_AGGRESSIVE;
				GCC_WARN_UNUSED_FUNCTION = YES;
				GCC_WARN_UNUSED_VARIABLE = YES;
				IPHONEOS_DEPLOYMENT_TARGET = 13.2;
				MTL_ENABLE_DEBUG_INFO = NO;
				MTL_FAST_MATH = YES;
				SDKROOT = iphoneos;
				SWIFT_COMPILATION_MODE = wholemodule;
				SWIFT_OPTIMIZATION_LEVEL = "-O";
				VALIDATE_PRODUCT = YES;
			};
			name = Release;
		};
		28582A73243DB2B1001A0B79 /* Debug */ = {
			isa = XCBuildConfiguration;
			buildSettings = {
				ASSETCATALOG_COMPILER_APPICON_NAME = AppIcon;
				CODE_SIGN_STYLE = Automatic;
				DEVELOPMENT_TEAM = Z69Q2FEZS9;
				INFOPLIST_FILE = KVO/Info.plist;
				LD_RUNPATH_SEARCH_PATHS = (
					"$(inherited)",
					"@executable_path/Frameworks",
				);
				PRODUCT_BUNDLE_IDENTIFIER = yunna.KVO;
				PRODUCT_NAME = "$(TARGET_NAME)";
				SWIFT_VERSION = 5.0;
				TARGETED_DEVICE_FAMILY = "1,2";
			};
			name = Debug;
		};
		28582A74243DB2B1001A0B79 /* Release */ = {
			isa = XCBuildConfiguration;
			buildSettings = {
				ASSETCATALOG_COMPILER_APPICON_NAME = AppIcon;
				CODE_SIGN_STYLE = Automatic;
				DEVELOPMENT_TEAM = Z69Q2FEZS9;
				INFOPLIST_FILE = KVO/Info.plist;
				LD_RUNPATH_SEARCH_PATHS = (
					"$(inherited)",
					"@executable_path/Frameworks",
				);
				PRODUCT_BUNDLE_IDENTIFIER = yunna.KVO;
				PRODUCT_NAME = "$(TARGET_NAME)";
				SWIFT_VERSION = 5.0;
				TARGETED_DEVICE_FAMILY = "1,2";
			};
			name = Release;
		};
		28582A76243DB2B1001A0B79 /* Debug */ = {
			isa = XCBuildConfiguration;
			buildSettings = {
				ALWAYS_EMBED_SWIFT_STANDARD_LIBRARIES = YES;
				BUNDLE_LOADER = "$(TEST_HOST)";
				CODE_SIGN_STYLE = Automatic;
				DEVELOPMENT_TEAM = Z69Q2FEZS9;
				INFOPLIST_FILE = KVOTests/Info.plist;
				IPHONEOS_DEPLOYMENT_TARGET = 13.2;
				LD_RUNPATH_SEARCH_PATHS = (
					"$(inherited)",
					"@executable_path/Frameworks",
					"@loader_path/Frameworks",
				);
				PRODUCT_BUNDLE_IDENTIFIER = yunna.KVOTests;
				PRODUCT_NAME = "$(TARGET_NAME)";
				SWIFT_VERSION = 5.0;
				TARGETED_DEVICE_FAMILY = "1,2";
				TEST_HOST = "$(BUILT_PRODUCTS_DIR)/KVO.app/KVO";
			};
			name = Debug;
		};
		28582A77243DB2B1001A0B79 /* Release */ = {
			isa = XCBuildConfiguration;
			buildSettings = {
				ALWAYS_EMBED_SWIFT_STANDARD_LIBRARIES = YES;
				BUNDLE_LOADER = "$(TEST_HOST)";
				CODE_SIGN_STYLE = Automatic;
				DEVELOPMENT_TEAM = Z69Q2FEZS9;
				INFOPLIST_FILE = KVOTests/Info.plist;
				IPHONEOS_DEPLOYMENT_TARGET = 13.2;
				LD_RUNPATH_SEARCH_PATHS = (
					"$(inherited)",
					"@executable_path/Frameworks",
					"@loader_path/Frameworks",
				);
				PRODUCT_BUNDLE_IDENTIFIER = yunna.KVOTests;
				PRODUCT_NAME = "$(TARGET_NAME)";
				SWIFT_VERSION = 5.0;
				TARGETED_DEVICE_FAMILY = "1,2";
				TEST_HOST = "$(BUILT_PRODUCTS_DIR)/KVO.app/KVO";
			};
			name = Release;
		};
		28582A79243DB2B1001A0B79 /* Debug */ = {
			isa = XCBuildConfiguration;
			buildSettings = {
				ALWAYS_EMBED_SWIFT_STANDARD_LIBRARIES = YES;
				CODE_SIGN_STYLE = Automatic;
				DEVELOPMENT_TEAM = Z69Q2FEZS9;
				INFOPLIST_FILE = KVOUITests/Info.plist;
				LD_RUNPATH_SEARCH_PATHS = (
					"$(inherited)",
					"@executable_path/Frameworks",
					"@loader_path/Frameworks",
				);
				PRODUCT_BUNDLE_IDENTIFIER = yunna.KVOUITests;
				PRODUCT_NAME = "$(TARGET_NAME)";
				SWIFT_VERSION = 5.0;
				TARGETED_DEVICE_FAMILY = "1,2";
				TEST_TARGET_NAME = KVO;
			};
			name = Debug;
		};
		28582A7A243DB2B1001A0B79 /* Release */ = {
			isa = XCBuildConfiguration;
			buildSettings = {
				ALWAYS_EMBED_SWIFT_STANDARD_LIBRARIES = YES;
				CODE_SIGN_STYLE = Automatic;
				DEVELOPMENT_TEAM = Z69Q2FEZS9;
				INFOPLIST_FILE = KVOUITests/Info.plist;
				LD_RUNPATH_SEARCH_PATHS = (
					"$(inherited)",
					"@executable_path/Frameworks",
					"@loader_path/Frameworks",
				);
				PRODUCT_BUNDLE_IDENTIFIER = yunna.KVOUITests;
				PRODUCT_NAME = "$(TARGET_NAME)";
				SWIFT_VERSION = 5.0;
				TARGETED_DEVICE_FAMILY = "1,2";
				TEST_TARGET_NAME = KVO;
			};
			name = Release;
		};
/* End XCBuildConfiguration section */

/* Begin XCConfigurationList section */
		28582A43243DB2AF001A0B79 /* Build configuration list for PBXProject "KVO" */ = {
			isa = XCConfigurationList;
			buildConfigurations = (
				28582A70243DB2B1001A0B79 /* Debug */,
				28582A71243DB2B1001A0B79 /* Release */,
			);
			defaultConfigurationIsVisible = 0;
			defaultConfigurationName = Release;
		};
		28582A72243DB2B1001A0B79 /* Build configuration list for PBXNativeTarget "KVO" */ = {
			isa = XCConfigurationList;
			buildConfigurations = (
				28582A73243DB2B1001A0B79 /* Debug */,
				28582A74243DB2B1001A0B79 /* Release */,
			);
			defaultConfigurationIsVisible = 0;
			defaultConfigurationName = Release;
		};
		28582A75243DB2B1001A0B79 /* Build configuration list for PBXNativeTarget "KVOTests" */ = {
			isa = XCConfigurationList;
			buildConfigurations = (
				28582A76243DB2B1001A0B79 /* Debug */,
				28582A77243DB2B1001A0B79 /* Release */,
			);
			defaultConfigurationIsVisible = 0;
			defaultConfigurationName = Release;
		};
		28582A78243DB2B1001A0B79 /* Build configuration list for PBXNativeTarget "KVOUITests" */ = {
			isa = XCConfigurationList;
			buildConfigurations = (
				28582A79243DB2B1001A0B79 /* Debug */,
				28582A7A243DB2B1001A0B79 /* Release */,
			);
			defaultConfigurationIsVisible = 0;
			defaultConfigurationName = Release;
		};
/* End XCConfigurationList section */
	};
	rootObject = 28582A40243DB2AF001A0B79 /* Project object */;
}
