// !$*UTF8*$!
{
	archiveVersion = 1;
	classes = {
	};
	objectVersion = 50;
	objects = {

/* Begin PBXBuildFile section */
		28CCF8312436E81600B4D4B1 /* AppDelegate.m in Sources */ = {isa = PBXBuildFile; fileRef = 28CCF8302436E81600B4D4B1 /* AppDelegate.m */; };
		28CCF8342436E81600B4D4B1 /* SceneDelegate.m in Sources */ = {isa = PBXBuildFile; fileRef = 28CCF8332436E81600B4D4B1 /* SceneDelegate.m */; };
		28CCF8372436E81600B4D4B1 /* ViewController.m in Sources */ = {isa = PBXBuildFile; fileRef = 28CCF8362436E81600B4D4B1 /* ViewController.m */; };
		28CCF83A2436E81600B4D4B1 /* Main.storyboard in Resources */ = {isa = PBXBuildFile; fileRef = 28CCF8382436E81600B4D4B1 /* Main.storyboard */; };
		28CCF83C2436E81800B4D4B1 /* Assets.xcassets in Resources */ = {isa = PBXBuildFile; fileRef = 28CCF83B2436E81800B4D4B1 /* Assets.xcassets */; };
		28CCF83F2436E81800B4D4B1 /* LaunchScreen.storyboard in Resources */ = {isa = PBXBuildFile; fileRef = 28CCF83D2436E81800B4D4B1 /* LaunchScreen.storyboard */; };
		28CCF8422436E81800B4D4B1 /* main.m in Sources */ = {isa = PBXBuildFile; fileRef = 28CCF8412436E81800B4D4B1 /* main.m */; };
		28CCF84C2436E81800B4D4B1 /* testTests.m in Sources */ = {isa = PBXBuildFile; fileRef = 28CCF84B2436E81800B4D4B1 /* testTests.m */; };
		28CCF8572436E81800B4D4B1 /* testUITests.m in Sources */ = {isa = PBXBuildFile; fileRef = 28CCF8562436E81800B4D4B1 /* testUITests.m */; };
/* End PBXBuildFile section */

/* Begin PBXContainerItemProxy section */
		28CCF8482436E81800B4D4B1 /* PBXContainerItemProxy */ = {
			isa = PBXContainerItemProxy;
			containerPortal = 28CCF8242436E81600B4D4B1 /* Project object */;
			proxyType = 1;
			remoteGlobalIDString = 28CCF82B2436E81600B4D4B1;
			remoteInfo = test;
		};
		28CCF8532436E81800B4D4B1 /* PBXContainerItemProxy */ = {
			isa = PBXContainerItemProxy;
			containerPortal = 28CCF8242436E81600B4D4B1 /* Project object */;
			proxyType = 1;
			remoteGlobalIDString = 28CCF82B2436E81600B4D4B1;
			remoteInfo = test;
		};
/* End PBXContainerItemProxy section */

/* Begin PBXFileReference section */
		28CCF82C2436E81600B4D4B1 /* test.app */ = {isa = PBXFileReference; explicitFileType = wrapper.application; includeInIndex = 0; path = test.app; sourceTree = BUILT_PRODUCTS_DIR; };
		28CCF82F2436E81600B4D4B1 /* AppDelegate.h */ = {isa = PBXFileReference; lastKnownFileType = sourcecode.c.h; path = AppDelegate.h; sourceTree = "<group>"; };
		28CCF8302436E81600B4D4B1 /* AppDelegate.m */ = {isa = PBXFileReference; lastKnownFileType = sourcecode.c.objc; path = AppDelegate.m; sourceTree = "<group>"; };
		28CCF8322436E81600B4D4B1 /* SceneDelegate.h */ = {isa = PBXFileReference; lastKnownFileType = sourcecode.c.h; path = SceneDelegate.h; sourceTree = "<group>"; };
		28CCF8332436E81600B4D4B1 /* SceneDelegate.m */ = {isa = PBXFileReference; lastKnownFileType = sourcecode.c.objc; path = SceneDelegate.m; sourceTree = "<group>"; };
		28CCF8352436E81600B4D4B1 /* ViewController.h */ = {isa = PBXFileReference; lastKnownFileType = sourcecode.c.h; path = ViewController.h; sourceTree = "<group>"; };
		28CCF8362436E81600B4D4B1 /* ViewController.m */ = {isa = PBXFileReference; lastKnownFileType = sourcecode.c.objc; path = ViewController.m; sourceTree = "<group>"; };
		28CCF8392436E81600B4D4B1 /* Base */ = {isa = PBXFileReference; lastKnownFileType = file.storyboard; name = Base; path = Base.lproj/Main.storyboard; sourceTree = "<group>"; };
		28CCF83B2436E81800B4D4B1 /* Assets.xcassets */ = {isa = PBXFileReference; lastKnownFileType = folder.assetcatalog; path = Assets.xcassets; sourceTree = "<group>"; };
		28CCF83E2436E81800B4D4B1 /* Base */ = {isa = PBXFileReference; lastKnownFileType = file.storyboard; name = Base; path = Base.lproj/LaunchScreen.storyboard; sourceTree = "<group>"; };
		28CCF8402436E81800B4D4B1 /* Info.plist */ = {isa = PBXFileReference; lastKnownFileType = text.plist.xml; path = Info.plist; sourceTree = "<group>"; };
		28CCF8412436E81800B4D4B1 /* main.m */ = {isa = PBXFileReference; lastKnownFileType = sourcecode.c.objc; path = main.m; sourceTree = "<group>"; };
		28CCF8472436E81800B4D4B1 /* testTests.xctest */ = {isa = PBXFileReference; explicitFileType = wrapper.cfbundle; includeInIndex = 0; path = testTests.xctest; sourceTree = BUILT_PRODUCTS_DIR; };
		28CCF84B2436E81800B4D4B1 /* testTests.m */ = {isa = PBXFileReference; lastKnownFileType = sourcecode.c.objc; path = testTests.m; sourceTree = "<group>"; };
		28CCF84D2436E81800B4D4B1 /* Info.plist */ = {isa = PBXFileReference; lastKnownFileType = text.plist.xml; path = Info.plist; sourceTree = "<group>"; };
		28CCF8522436E81800B4D4B1 /* testUITests.xctest */ = {isa = PBXFileReference; explicitFileType = wrapper.cfbundle; includeInIndex = 0; path = testUITests.xctest; sourceTree = BUILT_PRODUCTS_DIR; };
		28CCF8562436E81800B4D4B1 /* testUITests.m */ = {isa = PBXFileReference; lastKnownFileType = sourcecode.c.objc; path = testUITests.m; sourceTree = "<group>"; };
		28CCF8582436E81800B4D4B1 /* Info.plist */ = {isa = PBXFileReference; lastKnownFileType = text.plist.xml; path = Info.plist; sourceTree = "<group>"; };
/* End PBXFileReference section */

/* Begin PBXFrameworksBuildPhase section */
		28CCF8292436E81600B4D4B1 /* Frameworks */ = {
			isa = PBXFrameworksBuildPhase;
			buildActionMask = 2147483647;
			files = (
			);
			runOnlyForDeploymentPostprocessing = 0;
		};
		28CCF8442436E81800B4D4B1 /* Frameworks */ = {
			isa = PBXFrameworksBuildPhase;
			buildActionMask = 2147483647;
			files = (
			);
			runOnlyForDeploymentPostprocessing = 0;
		};
		28CCF84F2436E81800B4D4B1 /* Frameworks */ = {
			isa = PBXFrameworksBuildPhase;
			buildActionMask = 2147483647;
			files = (
			);
			runOnlyForDeploymentPostprocessing = 0;
		};
/* End PBXFrameworksBuildPhase section */

/* Begin PBXGroup section */
		28CCF8232436E81600B4D4B1 = {
			isa = PBXGroup;
			children = (
				28CCF82E2436E81600B4D4B1 /* test */,
				28CCF84A2436E81800B4D4B1 /* testTests */,
				28CCF8552436E81800B4D4B1 /* testUITests */,
				28CCF82D2436E81600B4D4B1 /* Products */,
			);
			sourceTree = "<group>";
		};
		28CCF82D2436E81600B4D4B1 /* Products */ = {
			isa = PBXGroup;
			children = (
				28CCF82C2436E81600B4D4B1 /* test.app */,
				28CCF8472436E81800B4D4B1 /* testTests.xctest */,
				28CCF8522436E81800B4D4B1 /* testUITests.xctest */,
			);
			name = Products;
			sourceTree = "<group>";
		};
		28CCF82E2436E81600B4D4B1 /* test */ = {
			isa = PBXGroup;
			children = (
				28CCF82F2436E81600B4D4B1 /* AppDelegate.h */,
				28CCF8302436E81600B4D4B1 /* AppDelegate.m */,
				28CCF8322436E81600B4D4B1 /* SceneDelegate.h */,
				28CCF8332436E81600B4D4B1 /* SceneDelegate.m */,
				28CCF8352436E81600B4D4B1 /* ViewController.h */,
				28CCF8362436E81600B4D4B1 /* ViewController.m */,
				28CCF8382436E81600B4D4B1 /* Main.storyboard */,
				28CCF83B2436E81800B4D4B1 /* Assets.xcassets */,
				28CCF83D2436E81800B4D4B1 /* LaunchScreen.storyboard */,
				28CCF8402436E81800B4D4B1 /* Info.plist */,
				28CCF8412436E81800B4D4B1 /* main.m */,
			);
			path = test;
			sourceTree = "<group>";
		};
		28CCF84A2436E81800B4D4B1 /* testTests */ = {
			isa = PBXGroup;
			children = (
				28CCF84B2436E81800B4D4B1 /* testTests.m */,
				28CCF84D2436E81800B4D4B1 /* Info.plist */,
			);
			path = testTests;
			sourceTree = "<group>";
		};
		28CCF8552436E81800B4D4B1 /* testUITests */ = {
			isa = PBXGroup;
			children = (
				28CCF8562436E81800B4D4B1 /* testUITests.m */,
				28CCF8582436E81800B4D4B1 /* Info.plist */,
			);
			path = testUITests;
			sourceTree = "<group>";
		};
/* End PBXGroup section */

/* Begin PBXNativeTarget section */
		28CCF82B2436E81600B4D4B1 /* test */ = {
			isa = PBXNativeTarget;
			buildConfigurationList = 28CCF85B2436E81800B4D4B1 /* Build configuration list for PBXNativeTarget "test" */;
			buildPhases = (
				28CCF8282436E81600B4D4B1 /* Sources */,
				28CCF8292436E81600B4D4B1 /* Frameworks */,
				28CCF82A2436E81600B4D4B1 /* Resources */,
			);
			buildRules = (
			);
			dependencies = (
			);
			name = test;
			productName = test;
			productReference = 28CCF82C2436E81600B4D4B1 /* test.app */;
			productType = "com.apple.product-type.application";
		};
		28CCF8462436E81800B4D4B1 /* testTests */ = {
			isa = PBXNativeTarget;
			buildConfigurationList = 28CCF85E2436E81800B4D4B1 /* Build configuration list for PBXNativeTarget "testTests" */;
			buildPhases = (
				28CCF8432436E81800B4D4B1 /* Sources */,
				28CCF8442436E81800B4D4B1 /* Frameworks */,
				28CCF8452436E81800B4D4B1 /* Resources */,
			);
			buildRules = (
			);
			dependencies = (
				28CCF8492436E81800B4D4B1 /* PBXTargetDependency */,
			);
			name = testTests;
			productName = testTests;
			productReference = 28CCF8472436E81800B4D4B1 /* testTests.xctest */;
			productType = "com.apple.product-type.bundle.unit-test";
		};
		28CCF8512436E81800B4D4B1 /* testUITests */ = {
			isa = PBXNativeTarget;
			buildConfigurationList = 28CCF8612436E81800B4D4B1 /* Build configuration list for PBXNativeTarget "testUITests" */;
			buildPhases = (
				28CCF84E2436E81800B4D4B1 /* Sources */,
				28CCF84F2436E81800B4D4B1 /* Frameworks */,
				28CCF8502436E81800B4D4B1 /* Resources */,
			);
			buildRules = (
			);
			dependencies = (
				28CCF8542436E81800B4D4B1 /* PBXTargetDependency */,
			);
			name = testUITests;
			productName = testUITests;
			productReference = 28CCF8522436E81800B4D4B1 /* testUITests.xctest */;
			productType = "com.apple.product-type.bundle.ui-testing";
		};
/* End PBXNativeTarget section */

/* Begin PBXProject section */
		28CCF8242436E81600B4D4B1 /* Project object */ = {
			isa = PBXProject;
			attributes = {
				LastUpgradeCheck = 1130;
				ORGANIZATIONNAME = yunna;
				TargetAttributes = {
					28CCF82B2436E81600B4D4B1 = {
						CreatedOnToolsVersion = 11.3.1;
					};
					28CCF8462436E81800B4D4B1 = {
						CreatedOnToolsVersion = 11.3.1;
						TestTargetID = 28CCF82B2436E81600B4D4B1;
					};
					28CCF8512436E81800B4D4B1 = {
						CreatedOnToolsVersion = 11.3.1;
						TestTargetID = 28CCF82B2436E81600B4D4B1;
					};
				};
			};
			buildConfigurationList = 28CCF8272436E81600B4D4B1 /* Build configuration list for PBXProject "test" */;
			compatibilityVersion = "Xcode 9.3";
			developmentRegion = en;
			hasScannedForEncodings = 0;
			knownRegions = (
				en,
				Base,
			);
			mainGroup = 28CCF8232436E81600B4D4B1;
			productRefGroup = 28CCF82D2436E81600B4D4B1 /* Products */;
			projectDirPath = "";
			projectRoot = "";
			targets = (
				28CCF82B2436E81600B4D4B1 /* test */,
				28CCF8462436E81800B4D4B1 /* testTests */,
				28CCF8512436E81800B4D4B1 /* testUITests */,
			);
		};
/* End PBXProject section */

/* Begin PBXResourcesBuildPhase section */
		28CCF82A2436E81600B4D4B1 /* Resources */ = {
			isa = PBXResourcesBuildPhase;
			buildActionMask = 2147483647;
			files = (
				28CCF83F2436E81800B4D4B1 /* LaunchScreen.storyboard in Resources */,
				28CCF83C2436E81800B4D4B1 /* Assets.xcassets in Resources */,
				28CCF83A2436E81600B4D4B1 /* Main.storyboard in Resources */,
			);
			runOnlyForDeploymentPostprocessing = 0;
		};
		28CCF8452436E81800B4D4B1 /* Resources */ = {
			isa = PBXResourcesBuildPhase;
			buildActionMask = 2147483647;
			files = (
			);
			runOnlyForDeploymentPostprocessing = 0;
		};
		28CCF8502436E81800B4D4B1 /* Resources */ = {
			isa = PBXResourcesBuildPhase;
			buildActionMask = 2147483647;
			files = (
			);
			runOnlyForDeploymentPostprocessing = 0;
		};
/* End PBXResourcesBuildPhase section */

/* Begin PBXSourcesBuildPhase section */
		28CCF8282436E81600B4D4B1 /* Sources */ = {
			isa = PBXSourcesBuildPhase;
			buildActionMask = 2147483647;
			files = (
				28CCF8372436E81600B4D4B1 /* ViewController.m in Sources */,
				28CCF8312436E81600B4D4B1 /* AppDelegate.m in Sources */,
				28CCF8422436E81800B4D4B1 /* main.m in Sources */,
				28CCF8342436E81600B4D4B1 /* SceneDelegate.m in Sources */,
			);
			runOnlyForDeploymentPostprocessing = 0;
		};
		28CCF8432436E81800B4D4B1 /* Sources */ = {
			isa = PBXSourcesBuildPhase;
			buildActionMask = 2147483647;
			files = (
				28CCF84C2436E81800B4D4B1 /* testTests.m in Sources */,
			);
			runOnlyForDeploymentPostprocessing = 0;
		};
		28CCF84E2436E81800B4D4B1 /* Sources */ = {
			isa = PBXSourcesBuildPhase;
			buildActionMask = 2147483647;
			files = (
				28CCF8572436E81800B4D4B1 /* testUITests.m in Sources */,
			);
			runOnlyForDeploymentPostprocessing = 0;
		};
/* End PBXSourcesBuildPhase section */

/* Begin PBXTargetDependency section */
		28CCF8492436E81800B4D4B1 /* PBXTargetDependency */ = {
			isa = PBXTargetDependency;
			target = 28CCF82B2436E81600B4D4B1 /* test */;
			targetProxy = 28CCF8482436E81800B4D4B1 /* PBXContainerItemProxy */;
		};
		28CCF8542436E81800B4D4B1 /* PBXTargetDependency */ = {
			isa = PBXTargetDependency;
			target = 28CCF82B2436E81600B4D4B1 /* test */;
			targetProxy = 28CCF8532436E81800B4D4B1 /* PBXContainerItemProxy */;
		};
/* End PBXTargetDependency section */

/* Begin PBXVariantGroup section */
		28CCF8382436E81600B4D4B1 /* Main.storyboard */ = {
			isa = PBXVariantGroup;
			children = (
				28CCF8392436E81600B4D4B1 /* Base */,
			);
			name = Main.storyboard;
			sourceTree = "<group>";
		};
		28CCF83D2436E81800B4D4B1 /* LaunchScreen.storyboard */ = {
			isa = PBXVariantGroup;
			children = (
				28CCF83E2436E81800B4D4B1 /* Base */,
			);
			name = LaunchScreen.storyboard;
			sourceTree = "<group>";
		};
/* End PBXVariantGroup section */

/* Begin XCBuildConfiguration section */
		28CCF8592436E81800B4D4B1 /* Debug */ = {
			isa = XCBuildConfiguration;
			buildSettings = {
				ALWAYS_SEARCH_USER_PATHS = NO;
				CLANG_ANALYZER_NONNULL = YES;
				CLANG_ANALYZER_NUMBER_OBJECT_CONVERSION = YES_AGGRESSIVE;
				CLANG_CXX_LANGUAGE_STANDARD = "gnu++14";
				CLANG_CXX_LIBRARY = "libc++";
				CLANG_ENABLE_MODULES = YES;
				CLANG_ENABLE_OBJC_ARC = YES;
				CLANG_ENABLE_OBJC_WEAK = YES;
				CLANG_WARN_BLOCK_CAPTURE_AUTORELEASING = YES;
				CLANG_WARN_BOOL_CONVERSION = YES;
				CLANG_WARN_COMMA = YES;
				CLANG_WARN_CONSTANT_CONVERSION = YES;
				CLANG_WARN_DEPRECATED_OBJC_IMPLEMENTATIONS = YES;
				CLANG_WARN_DIRECT_OBJC_ISA_USAGE = YES_ERROR;
				CLANG_WARN_DOCUMENTATION_COMMENTS = YES;
				CLANG_WARN_EMPTY_BODY = YES;
				CLANG_WARN_ENUM_CONVERSION = YES;
				CLANG_WARN_INFINITE_RECURSION = YES;
				CLANG_WARN_INT_CONVERSION = YES;
				CLANG_WARN_NON_LITERAL_NULL_CONVERSION = YES;
				CLANG_WARN_OBJC_IMPLICIT_RETAIN_SELF = YES;
				CLANG_WARN_OBJC_LITERAL_CONVERSION = YES;
				CLANG_WARN_OBJC_ROOT_CLASS = YES_ERROR;
				CLANG_WARN_RANGE_LOOP_ANALYSIS = YES;
				CLANG_WARN_STRICT_PROTOTYPES = YES;
				CLANG_WARN_SUSPICIOUS_MOVE = YES;
				CLANG_WARN_UNGUARDED_AVAILABILITY = YES_AGGRESSIVE;
				CLANG_WARN_UNREACHABLE_CODE = YES;
				CLANG_WARN__DUPLICATE_METHOD_MATCH = YES;
				COPY_PHASE_STRIP = NO;
				DEBUG_INFORMATION_FORMAT = dwarf;
				ENABLE_STRICT_OBJC_MSGSEND = YES;
				ENABLE_TESTABILITY = YES;
				GCC_C_LANGUAGE_STANDARD = gnu11;
				GCC_DYNAMIC_NO_PIC = NO;
				GCC_NO_COMMON_BLOCKS = YES;
				GCC_OPTIMIZATION_LEVEL = 0;
				GCC_PREPROCESSOR_DEFINITIONS = (
					"DEBUG=1",
					"$(inherited)",
				);
				GCC_WARN_64_TO_32_BIT_CONVERSION = YES;
				GCC_WARN_ABOUT_RETURN_TYPE = YES_ERROR;
				GCC_WARN_UNDECLARED_SELECTOR = YES;
				GCC_WARN_UNINITIALIZED_AUTOS = YES_AGGRESSIVE;
				GCC_WARN_UNUSED_FUNCTION = YES;
				GCC_WARN_UNUSED_VARIABLE = YES;
				IPHONEOS_DEPLOYMENT_TARGET = 13.2;
				MTL_ENABLE_DEBUG_INFO = INCLUDE_SOURCE;
				MTL_FAST_MATH = YES;
				ONLY_ACTIVE_ARCH = YES;
				SDKROOT = iphoneos;
			};
			name = Debug;
		};
		28CCF85A2436E81800B4D4B1 /* Release */ = {
			isa = XCBuildConfiguration;
			buildSettings = {
				ALWAYS_SEARCH_USER_PATHS = NO;
				CLANG_ANALYZER_NONNULL = YES;
				CLANG_ANALYZER_NUMBER_OBJECT_CONVERSION = YES_AGGRESSIVE;
				CLANG_CXX_LANGUAGE_STANDARD = "gnu++14";
				CLANG_CXX_LIBRARY = "libc++";
				CLANG_ENABLE_MODULES = YES;
				CLANG_ENABLE_OBJC_ARC = YES;
				CLANG_ENABLE_OBJC_WEAK = YES;
				CLANG_WARN_BLOCK_CAPTURE_AUTORELEASING = YES;
				CLANG_WARN_BOOL_CONVERSION = YES;
				CLANG_WARN_COMMA = YES;
				CLANG_WARN_CONSTANT_CONVERSION = YES;
				CLANG_WARN_DEPRECATED_OBJC_IMPLEMENTATIONS = YES;
				CLANG_WARN_DIRECT_OBJC_ISA_USAGE = YES_ERROR;
				CLANG_WARN_DOCUMENTATION_COMMENTS = YES;
				CLANG_WARN_EMPTY_BODY = YES;
				CLANG_WARN_ENUM_CONVERSION = YES;
				CLANG_WARN_INFINITE_RECURSION = YES;
				CLANG_WARN_INT_CONVERSION = YES;
				CLANG_WARN_NON_LITERAL_NULL_CONVERSION = YES;
				CLANG_WARN_OBJC_IMPLICIT_RETAIN_SELF = YES;
				CLANG_WARN_OBJC_LITERAL_CONVERSION = YES;
				CLANG_WARN_OBJC_ROOT_CLASS = YES_ERROR;
				CLANG_WARN_RANGE_LOOP_ANALYSIS = YES;
				CLANG_WARN_STRICT_PROTOTYPES = YES;
				CLANG_WARN_SUSPICIOUS_MOVE = YES;
				CLANG_WARN_UNGUARDED_AVAILABILITY = YES_AGGRESSIVE;
				CLANG_WARN_UNREACHABLE_CODE = YES;
				CLANG_WARN__DUPLICATE_METHOD_MATCH = YES;
				COPY_PHASE_STRIP = NO;
				DEBUG_INFORMATION_FORMAT = "dwarf-with-dsym";
				ENABLE_NS_ASSERTIONS = NO;
				ENABLE_STRICT_OBJC_MSGSEND = YES;
				GCC_C_LANGUAGE_STANDARD = gnu11;
				GCC_NO_COMMON_BLOCKS = YES;
				GCC_WARN_64_TO_32_BIT_CONVERSION = YES;
				GCC_WARN_ABOUT_RETURN_TYPE = YES_ERROR;
				GCC_WARN_UNDECLARED_SELECTOR = YES;
				GCC_WARN_UNINITIALIZED_AUTOS = YES_AGGRESSIVE;
				GCC_WARN_UNUSED_FUNCTION = YES;
				GCC_WARN_UNUSED_VARIABLE = YES;
				IPHONEOS_DEPLOYMENT_TARGET = 13.2;
				MTL_ENABLE_DEBUG_INFO = NO;
				MTL_FAST_MATH = YES;
				SDKROOT = iphoneos;
				VALIDATE_PRODUCT = YES;
			};
			name = Release;
		};
		28CCF85C2436E81800B4D4B1 /* Debug */ = {
			isa = XCBuildConfiguration;
			buildSettings = {
				ASSETCATALOG_COMPILER_APPICON_NAME = AppIcon;
				CODE_SIGN_STYLE = Automatic;
				DEVELOPMENT_TEAM = Z69Q2FEZS9;
				INFOPLIST_FILE = test/Info.plist;
				LD_RUNPATH_SEARCH_PATHS = (
					"$(inherited)",
					"@executable_path/Frameworks",
				);
				PRODUCT_BUNDLE_IDENTIFIER = yunna.test;
				PRODUCT_NAME = "$(TARGET_NAME)";
				TARGETED_DEVICE_FAMILY = "1,2";
			};
			name = Debug;
		};
		28CCF85D2436E81800B4D4B1 /* Release */ = {
			isa = XCBuildConfiguration;
			buildSettings = {
				ASSETCATALOG_COMPILER_APPICON_NAME = AppIcon;
				CODE_SIGN_STYLE = Automatic;
				DEVELOPMENT_TEAM = Z69Q2FEZS9;
				INFOPLIST_FILE = test/Info.plist;
				LD_RUNPATH_SEARCH_PATHS = (
					"$(inherited)",
					"@executable_path/Frameworks",
				);
				PRODUCT_BUNDLE_IDENTIFIER = yunna.test;
				PRODUCT_NAME = "$(TARGET_NAME)";
				TARGETED_DEVICE_FAMILY = "1,2";
			};
			name = Release;
		};
		28CCF85F2436E81800B4D4B1 /* Debug */ = {
			isa = XCBuildConfiguration;
			buildSettings = {
				BUNDLE_LOADER = "$(TEST_HOST)";
				CODE_SIGN_STYLE = Automatic;
				DEVELOPMENT_TEAM = Z69Q2FEZS9;
				INFOPLIST_FILE = testTests/Info.plist;
				IPHONEOS_DEPLOYMENT_TARGET = 13.2;
				LD_RUNPATH_SEARCH_PATHS = (
					"$(inherited)",
					"@executable_path/Frameworks",
					"@loader_path/Frameworks",
				);
				PRODUCT_BUNDLE_IDENTIFIER = yunna.testTests;
				PRODUCT_NAME = "$(TARGET_NAME)";
				TARGETED_DEVICE_FAMILY = "1,2";
				TEST_HOST = "$(BUILT_PRODUCTS_DIR)/test.app/test";
			};
			name = Debug;
		};
		28CCF8602436E81800B4D4B1 /* Release */ = {
			isa = XCBuildConfiguration;
			buildSettings = {
				BUNDLE_LOADER = "$(TEST_HOST)";
				CODE_SIGN_STYLE = Automatic;
				DEVELOPMENT_TEAM = Z69Q2FEZS9;
				INFOPLIST_FILE = testTests/Info.plist;
				IPHONEOS_DEPLOYMENT_TARGET = 13.2;
				LD_RUNPATH_SEARCH_PATHS = (
					"$(inherited)",
					"@executable_path/Frameworks",
					"@loader_path/Frameworks",
				);
				PRODUCT_BUNDLE_IDENTIFIER = yunna.testTests;
				PRODUCT_NAME = "$(TARGET_NAME)";
				TARGETED_DEVICE_FAMILY = "1,2";
				TEST_HOST = "$(BUILT_PRODUCTS_DIR)/test.app/test";
			};
			name = Release;
		};
		28CCF8622436E81800B4D4B1 /* Debug */ = {
			isa = XCBuildConfiguration;
			buildSettings = {
				CODE_SIGN_STYLE = Automatic;
				DEVELOPMENT_TEAM = Z69Q2FEZS9;
				INFOPLIST_FILE = testUITests/Info.plist;
				LD_RUNPATH_SEARCH_PATHS = (
					"$(inherited)",
					"@executable_path/Frameworks",
					"@loader_path/Frameworks",
				);
				PRODUCT_BUNDLE_IDENTIFIER = yunna.testUITests;
				PRODUCT_NAME = "$(TARGET_NAME)";
				TARGETED_DEVICE_FAMILY = "1,2";
				TEST_TARGET_NAME = test;
			};
			name = Debug;
		};
		28CCF8632436E81800B4D4B1 /* Release */ = {
			isa = XCBuildConfiguration;
			buildSettings = {
				CODE_SIGN_STYLE = Automatic;
				DEVELOPMENT_TEAM = Z69Q2FEZS9;
				INFOPLIST_FILE = testUITests/Info.plist;
				LD_RUNPATH_SEARCH_PATHS = (
					"$(inherited)",
					"@executable_path/Frameworks",
					"@loader_path/Frameworks",
				);
				PRODUCT_BUNDLE_IDENTIFIER = yunna.testUITests;
				PRODUCT_NAME = "$(TARGET_NAME)";
				TARGETED_DEVICE_FAMILY = "1,2";
				TEST_TARGET_NAME = test;
			};
			name = Release;
		};
/* End XCBuildConfiguration section */

/* Begin XCConfigurationList section */
		28CCF8272436E81600B4D4B1 /* Build configuration list for PBXProject "test" */ = {
			isa = XCConfigurationList;
			buildConfigurations = (
				28CCF8592436E81800B4D4B1 /* Debug */,
				28CCF85A2436E81800B4D4B1 /* Release */,
			);
			defaultConfigurationIsVisible = 0;
			defaultConfigurationName = Release;
		};
		28CCF85B2436E81800B4D4B1 /* Build configuration list for PBXNativeTarget "test" */ = {
			isa = XCConfigurationList;
			buildConfigurations = (
				28CCF85C2436E81800B4D4B1 /* Debug */,
				28CCF85D2436E81800B4D4B1 /* Release */,
			);
			defaultConfigurationIsVisible = 0;
			defaultConfigurationName = Release;
		};
		28CCF85E2436E81800B4D4B1 /* Build configuration list for PBXNativeTarget "testTests" */ = {
			isa = XCConfigurationList;
			buildConfigurations = (
				28CCF85F2436E81800B4D4B1 /* Debug */,
				28CCF8602436E81800B4D4B1 /* Release */,
			);
			defaultConfigurationIsVisible = 0;
			defaultConfigurationName = Release;
		};
		28CCF8612436E81800B4D4B1 /* Build configuration list for PBXNativeTarget "testUITests" */ = {
			isa = XCConfigurationList;
			buildConfigurations = (
				28CCF8622436E81800B4D4B1 /* Debug */,
				28CCF8632436E81800B4D4B1 /* Release */,
			);
			defaultConfigurationIsVisible = 0;
			defaultConfigurationName = Release;
		};
/* End XCConfigurationList section */
	};
	rootObject = 28CCF8242436E81600B4D4B1 /* Project object */;
}
