// !$*UTF8*$!
{
	archiveVersion = 1;
	classes = {
	};
	objectVersion = 50;
	objects = {

/* Begin PBXBuildFile section */
		1A098AC6B5597D759821AEDE /* Pods_SwiftToolTest.framework in Frameworks */ = {isa = PBXBuildFile; fileRef = 0D555B51ED5F2A22514749B8 /* Pods_SwiftToolTest.framework */; };
		280DD3AE20B7B67900F2276A /* ButtonController.swift in Sources */ = {isa = PBXBuildFile; fileRef = 280DD3AC20B7B67900F2276A /* ButtonController.swift */; };
		280DD3AF20B7B67900F2276A /* ButtonController.xib in Resources */ = {isa = PBXBuildFile; fileRef = 280DD3AD20B7B67900F2276A /* ButtonController.xib */; };
		280DD3B120B7B6A800F2276A /* UIButton+JHExtension.swift in Sources */ = {isa = PBXBuildFile; fileRef = 280DD3B020B7B6A800F2276A /* UIButton+JHExtension.swift */; };
		280DD3B320B7DC2800F2276A /* UIImage+JHExtension.swift in Sources */ = {isa = PBXBuildFile; fileRef = 280DD3B220B7DC2700F2276A /* UIImage+JHExtension.swift */; };
		2810F96F20BE8E9200ACCE11 /* ImageController.swift in Sources */ = {isa = PBXBuildFile; fileRef = 2810F96D20BE8E9200ACCE11 /* ImageController.swift */; };
		2810F97020BE8E9200ACCE11 /* ImageController.xib in Resources */ = {isa = PBXBuildFile; fileRef = 2810F96E20BE8E9200ACCE11 /* ImageController.xib */; };
		2816532420E1E49000D29673 /* ColorController.swift in Sources */ = {isa = PBXBuildFile; fileRef = 2816532220E1E49000D29673 /* ColorController.swift */; };
		2816532520E1E49000D29673 /* ColorController.xib in Resources */ = {isa = PBXBuildFile; fileRef = 2816532320E1E49000D29673 /* ColorController.xib */; };
		281FA833216F1AB400840966 /* PopMenuController.swift in Sources */ = {isa = PBXBuildFile; fileRef = 281FA832216F1AB400840966 /* PopMenuController.swift */; };
		282316AD20E63C4F004B4DEC /* MBProgressHUDController.swift in Sources */ = {isa = PBXBuildFile; fileRef = 282316AB20E63C4F004B4DEC /* MBProgressHUDController.swift */; };
		282316AE20E63C4F004B4DEC /* MBProgressHUDController.xib in Resources */ = {isa = PBXBuildFile; fileRef = 282316AC20E63C4F004B4DEC /* MBProgressHUDController.xib */; };
		2827BF19216DF939006C26DE /* EntryView.swift in Sources */ = {isa = PBXBuildFile; fileRef = 2827BF18216DF939006C26DE /* EntryView.swift */; };
		2827BF1C216DF95E006C26DE /* entryController.swift in Sources */ = {isa = PBXBuildFile; fileRef = 2827BF1A216DF95D006C26DE /* entryController.swift */; };
		2827BF1D216DF95E006C26DE /* entryController.xib in Resources */ = {isa = PBXBuildFile; fileRef = 2827BF1B216DF95E006C26DE /* entryController.xib */; };
		2828281B20A1B86200D40C92 /* UITextField+JHExtension.swift in Sources */ = {isa = PBXBuildFile; fileRef = 2828281A20A1B86200D40C92 /* UITextField+JHExtension.swift */; };
		2828282120A1BA2900D40C92 /* TextFieldController.swift in Sources */ = {isa = PBXBuildFile; fileRef = 2828281F20A1BA2900D40C92 /* TextFieldController.swift */; };
		2828282220A1BA2900D40C92 /* TextFieldController.xib in Resources */ = {isa = PBXBuildFile; fileRef = 2828282020A1BA2900D40C92 /* TextFieldController.xib */; };
		282A289E20E9C6670053BEC3 /* ScrollView+JHRefresh.swift in Sources */ = {isa = PBXBuildFile; fileRef = 282A289C20E9C6670053BEC3 /* ScrollView+JHRefresh.swift */; };
		282A289F20E9C6670053BEC3 /* ScrollView+JHEmptyDataSet.swift in Sources */ = {isa = PBXBuildFile; fileRef = 282A289D20E9C6670053BEC3 /* ScrollView+JHEmptyDataSet.swift */; };
		283743FE20AA73C2008F1ED1 /* StringController.swift in Sources */ = {isa = PBXBuildFile; fileRef = 283743FD20AA73C2008F1ED1 /* StringController.swift */; };
		2837440120AA7447008F1ED1 /* String+JHExtension.swift in Sources */ = {isa = PBXBuildFile; fileRef = 2837440020AA7447008F1ED1 /* String+JHExtension.swift */; };
		2837440D20AB00EF008F1ED1 /* ArrayController.swift in Sources */ = {isa = PBXBuildFile; fileRef = 2837440C20AB00EF008F1ED1 /* ArrayController.swift */; };
		2837440F20AB0109008F1ED1 /* Array+JHExtension.swift in Sources */ = {isa = PBXBuildFile; fileRef = 2837440E20AB0109008F1ED1 /* Array+JHExtension.swift */; };
		285BA7F62094457C00735E74 /* AppDelegate.swift in Sources */ = {isa = PBXBuildFile; fileRef = 285BA7F52094457C00735E74 /* AppDelegate.swift */; };
		285BA7FB2094457C00735E74 /* Main.storyboard in Resources */ = {isa = PBXBuildFile; fileRef = 285BA7F92094457C00735E74 /* Main.storyboard */; };
		285BA7FD2094457D00735E74 /* Assets.xcassets in Resources */ = {isa = PBXBuildFile; fileRef = 285BA7FC2094457D00735E74 /* Assets.xcassets */; };
		285BA8002094457D00735E74 /* LaunchScreen.storyboard in Resources */ = {isa = PBXBuildFile; fileRef = 285BA7FE2094457D00735E74 /* LaunchScreen.storyboard */; };
		285BA80B2094457D00735E74 /* SwiftToolTestTests.swift in Sources */ = {isa = PBXBuildFile; fileRef = 285BA80A2094457D00735E74 /* SwiftToolTestTests.swift */; };
		285BA8162094457D00735E74 /* SwiftToolTestUITests.swift in Sources */ = {isa = PBXBuildFile; fileRef = 285BA8152094457D00735E74 /* SwiftToolTestUITests.swift */; };
		285BA8262094471F00735E74 /* swiftTool.plist in Resources */ = {isa = PBXBuildFile; fileRef = 285BA8252094471F00735E74 /* swiftTool.plist */; };
		285BA82820944E6500735E74 /* TableViewController.swift in Sources */ = {isa = PBXBuildFile; fileRef = 285BA82720944E6500735E74 /* TableViewController.swift */; };
		285BA82A209462D700735E74 /* Model.swift in Sources */ = {isa = PBXBuildFile; fileRef = 285BA829209462D700735E74 /* Model.swift */; };
		285E83FB20F4486C0049BD6D /* PopAlertView.swift in Sources */ = {isa = PBXBuildFile; fileRef = 285E83FA20F4486C0049BD6D /* PopAlertView.swift */; };
		28608EB5210AC8A100D1E4EF /* countdownController.swift in Sources */ = {isa = PBXBuildFile; fileRef = 28608EB4210AC8A100D1E4EF /* countdownController.swift */; };
		286786B520B43EC600209F55 /* JHLabel.swift in Sources */ = {isa = PBXBuildFile; fileRef = 286786B420B43EC600209F55 /* JHLabel.swift */; };
		287330F520F5F07A00C3075A /* AlertControlller.swift in Sources */ = {isa = PBXBuildFile; fileRef = 287330F320F5F07A00C3075A /* AlertControlller.swift */; };
		287330F620F5F07A00C3075A /* AlertControlller.xib in Resources */ = {isa = PBXBuildFile; fileRef = 287330F420F5F07A00C3075A /* AlertControlller.xib */; };
		287330F920F5FAF800C3075A /* SwiftPopMenu.swift in Sources */ = {isa = PBXBuildFile; fileRef = 287330F820F5FAF800C3075A /* SwiftPopMenu.swift */; };
		287330FB20F5FB6400C3075A /* UITapGestureRecognizer+JHExtension.swift in Sources */ = {isa = PBXBuildFile; fileRef = 287330FA20F5FB6300C3075A /* UITapGestureRecognizer+JHExtension.swift */; };
		2873315420F7398E00C3075A /* LocationTool.swift in Sources */ = {isa = PBXBuildFile; fileRef = 2873315320F7398E00C3075A /* LocationTool.swift */; };
		2873315720F747BA00C3075A /* LocationController.swift in Sources */ = {isa = PBXBuildFile; fileRef = 2873315520F747BA00C3075A /* LocationController.swift */; };
		2873315820F747BA00C3075A /* LocationController.xib in Resources */ = {isa = PBXBuildFile; fileRef = 2873315620F747BA00C3075A /* LocationController.xib */; };
		2877C8D824446D7700F7AFD9 /* MyCountDownButton.swift in Sources */ = {isa = PBXBuildFile; fileRef = 2877C8D724446D7700F7AFD9 /* MyCountDownButton.swift */; };
		2880CE2920ABC40A00A60E53 /* DictionaryController.swift in Sources */ = {isa = PBXBuildFile; fileRef = 2880CE2820ABC40A00A60E53 /* DictionaryController.swift */; };
		2880CE2B20ABC48F00A60E53 /* Dictionary+JHExtension.swift in Sources */ = {isa = PBXBuildFile; fileRef = 2880CE2A20ABC48F00A60E53 /* Dictionary+JHExtension.swift */; };
		2880CE3520ABD90400A60E53 /* ValueChange.swift in Sources */ = {isa = PBXBuildFile; fileRef = 2880CE3420ABD90400A60E53 /* ValueChange.swift */; };
		2880CE3720ABD94600A60E53 /* ValueChangeController.swift in Sources */ = {isa = PBXBuildFile; fileRef = 2880CE3620ABD94600A60E53 /* ValueChangeController.swift */; };
		2887F05520E9C853003403CD /* ThirdScrollController.swift in Sources */ = {isa = PBXBuildFile; fileRef = 2887F05420E9C853003403CD /* ThirdScrollController.swift */; };
		28B34F6C20A3F22300405640 /* JHTextView.swift in Sources */ = {isa = PBXBuildFile; fileRef = 28B34F6B20A3F22300405640 /* JHTextView.swift */; };
		28B8DC9820A44CA00046A51F /* TextViewController.swift in Sources */ = {isa = PBXBuildFile; fileRef = 28B8DC9620A44CA00046A51F /* TextViewController.swift */; };
		28B8DC9920A44CA00046A51F /* TextViewController.xib in Resources */ = {isa = PBXBuildFile; fileRef = 28B8DC9720A44CA00046A51F /* TextViewController.xib */; };
		28D981A4244067BF0092CA67 /* UIColor+JHExtension.swift in Sources */ = {isa = PBXBuildFile; fileRef = 28D981A3244067BF0092CA67 /* UIColor+JHExtension.swift */; };
		28D981A6244068910092CA67 /* DeviceInfo.swift in Sources */ = {isa = PBXBuildFile; fileRef = 28D981A5244068910092CA67 /* DeviceInfo.swift */; };
		28D981A8244069490092CA67 /* DeviceInfoController.swift in Sources */ = {isa = PBXBuildFile; fileRef = 28D981A7244069490092CA67 /* DeviceInfoController.swift */; };
		28D981AA24406C280092CA67 /* NSAttributedString+JHExtension.swift in Sources */ = {isa = PBXBuildFile; fileRef = 28D981A924406C280092CA67 /* NSAttributedString+JHExtension.swift */; };
		28D981B02440772B0092CA67 /* UIFont+JHExtension.swift in Sources */ = {isa = PBXBuildFile; fileRef = 28D981AF2440772B0092CA67 /* UIFont+JHExtension.swift */; };
		28D981B22440789B0092CA67 /* ControllerTool.swift in Sources */ = {isa = PBXBuildFile; fileRef = 28D981B12440789B0092CA67 /* ControllerTool.swift */; };
		28D981B624407C8C0092CA67 /* GCD+JHExtension.swift in Sources */ = {isa = PBXBuildFile; fileRef = 28D981B524407C8C0092CA67 /* GCD+JHExtension.swift */; };
		28D981B824407CA60092CA67 /* Mems.swift in Sources */ = {isa = PBXBuildFile; fileRef = 28D981B724407CA60092CA67 /* Mems.swift */; };
		28D981BA24407CAF0092CA67 /* Double+JHExtension.swift in Sources */ = {isa = PBXBuildFile; fileRef = 28D981B924407CAF0092CA67 /* Double+JHExtension.swift */; };
		28D981BC244088A90092CA67 /* UIViewController+JHExtension.swift in Sources */ = {isa = PBXBuildFile; fileRef = 28D981BB244088A90092CA67 /* UIViewController+JHExtension.swift */; };
		28EC7CE720E331A8006C0CF1 /* JHProgressHUD.swift in Sources */ = {isa = PBXBuildFile; fileRef = 28EC7CE620E331A8006C0CF1 /* JHProgressHUD.swift */; };
		28EF5B8E2099D8500026D1E0 /* ServiceManager.swift in Sources */ = {isa = PBXBuildFile; fileRef = 28EF5B8D2099D8500026D1E0 /* ServiceManager.swift */; };
		28FBB03B20B3C25B00278692 /* TimeController.swift in Sources */ = {isa = PBXBuildFile; fileRef = 28FBB03A20B3C25B00278692 /* TimeController.swift */; };
		28FBB03F20B3C45100278692 /* Date+JHExtension.swift in Sources */ = {isa = PBXBuildFile; fileRef = 28FBB03E20B3C45100278692 /* Date+JHExtension.swift */; };
		28FBB04320B403A400278692 /* RegularHelp.swift in Sources */ = {isa = PBXBuildFile; fileRef = 28FBB04220B403A400278692 /* RegularHelp.swift */; };
		28FBB04520B4061A00278692 /* regularController.swift in Sources */ = {isa = PBXBuildFile; fileRef = 28FBB04420B4061A00278692 /* regularController.swift */; };
		28FBB04720B40BFA00278692 /* UIView+JHExtension.swift in Sources */ = {isa = PBXBuildFile; fileRef = 28FBB04620B40BFA00278692 /* UIView+JHExtension.swift */; };
		28FBB04A20B4131C00278692 /* ViewController.swift in Sources */ = {isa = PBXBuildFile; fileRef = 28FBB04820B4131C00278692 /* ViewController.swift */; };
		28FBB04B20B4131C00278692 /* ViewController.xib in Resources */ = {isa = PBXBuildFile; fileRef = 28FBB04920B4131C00278692 /* ViewController.xib */; };
		28FBB04E20B4195E00278692 /* LabelController.swift in Sources */ = {isa = PBXBuildFile; fileRef = 28FBB04C20B4195E00278692 /* LabelController.swift */; };
		28FBB04F20B4195E00278692 /* LabelController.xib in Resources */ = {isa = PBXBuildFile; fileRef = 28FBB04D20B4195E00278692 /* LabelController.xib */; };
		28FBB05120B419A300278692 /* UILabel+JHExtension.swift in Sources */ = {isa = PBXBuildFile; fileRef = 28FBB05020B419A300278692 /* UILabel+JHExtension.swift */; };
/* End PBXBuildFile section */

/* Begin PBXContainerItemProxy section */
		285BA8072094457D00735E74 /* PBXContainerItemProxy */ = {
			isa = PBXContainerItemProxy;
			containerPortal = 285BA7EA2094457C00735E74 /* Project object */;
			proxyType = 1;
			remoteGlobalIDString = 285BA7F12094457C00735E74;
			remoteInfo = SwiftToolTest;
		};
		285BA8122094457D00735E74 /* PBXContainerItemProxy */ = {
			isa = PBXContainerItemProxy;
			containerPortal = 285BA7EA2094457C00735E74 /* Project object */;
			proxyType = 1;
			remoteGlobalIDString = 285BA7F12094457C00735E74;
			remoteInfo = SwiftToolTest;
		};
/* End PBXContainerItemProxy section */

/* Begin PBXFileReference section */
		0D555B51ED5F2A22514749B8 /* Pods_SwiftToolTest.framework */ = {isa = PBXFileReference; explicitFileType = wrapper.framework; includeInIndex = 0; path = Pods_SwiftToolTest.framework; sourceTree = BUILT_PRODUCTS_DIR; };
		0FC0B7EF0546F9ED0D80B828 /* Pods-SwiftToolTest.release.xcconfig */ = {isa = PBXFileReference; includeInIndex = 1; lastKnownFileType = text.xcconfig; name = "Pods-SwiftToolTest.release.xcconfig"; path = "Pods/Target Support Files/Pods-SwiftToolTest/Pods-SwiftToolTest.release.xcconfig"; sourceTree = "<group>"; };
		280DD3AC20B7B67900F2276A /* ButtonController.swift */ = {isa = PBXFileReference; lastKnownFileType = sourcecode.swift; path = ButtonController.swift; sourceTree = "<group>"; };
		280DD3AD20B7B67900F2276A /* ButtonController.xib */ = {isa = PBXFileReference; lastKnownFileType = file.xib; path = ButtonController.xib; sourceTree = "<group>"; };
		280DD3B020B7B6A800F2276A /* UIButton+JHExtension.swift */ = {isa = PBXFileReference; lastKnownFileType = sourcecode.swift; path = "UIButton+JHExtension.swift"; sourceTree = "<group>"; };
		280DD3B220B7DC2700F2276A /* UIImage+JHExtension.swift */ = {isa = PBXFileReference; fileEncoding = 4; lastKnownFileType = sourcecode.swift; path = "UIImage+JHExtension.swift"; sourceTree = "<group>"; };
		2810F0B820A2CA4600934AE4 /* SwiftToolTest-Bridging-Header.h */ = {isa = PBXFileReference; lastKnownFileType = sourcecode.c.h; path = "SwiftToolTest-Bridging-Header.h"; sourceTree = "<group>"; };
		2810F96D20BE8E9200ACCE11 /* ImageController.swift */ = {isa = PBXFileReference; lastKnownFileType = sourcecode.swift; path = ImageController.swift; sourceTree = "<group>"; };
		2810F96E20BE8E9200ACCE11 /* ImageController.xib */ = {isa = PBXFileReference; lastKnownFileType = file.xib; path = ImageController.xib; sourceTree = "<group>"; };
		2816532220E1E49000D29673 /* ColorController.swift */ = {isa = PBXFileReference; lastKnownFileType = sourcecode.swift; path = ColorController.swift; sourceTree = "<group>"; };
		2816532320E1E49000D29673 /* ColorController.xib */ = {isa = PBXFileReference; lastKnownFileType = file.xib; path = ColorController.xib; sourceTree = "<group>"; };
		281FA832216F1AB400840966 /* PopMenuController.swift */ = {isa = PBXFileReference; lastKnownFileType = sourcecode.swift; path = PopMenuController.swift; sourceTree = "<group>"; };
		282316AB20E63C4F004B4DEC /* MBProgressHUDController.swift */ = {isa = PBXFileReference; lastKnownFileType = sourcecode.swift; path = MBProgressHUDController.swift; sourceTree = "<group>"; };
		282316AC20E63C4F004B4DEC /* MBProgressHUDController.xib */ = {isa = PBXFileReference; lastKnownFileType = file.xib; path = MBProgressHUDController.xib; sourceTree = "<group>"; };
		2827BF18216DF939006C26DE /* EntryView.swift */ = {isa = PBXFileReference; lastKnownFileType = sourcecode.swift; path = EntryView.swift; sourceTree = "<group>"; };
		2827BF1A216DF95D006C26DE /* entryController.swift */ = {isa = PBXFileReference; lastKnownFileType = sourcecode.swift; path = entryController.swift; sourceTree = "<group>"; };
		2827BF1B216DF95E006C26DE /* entryController.xib */ = {isa = PBXFileReference; lastKnownFileType = file.xib; path = entryController.xib; sourceTree = "<group>"; };
		2828281A20A1B86200D40C92 /* UITextField+JHExtension.swift */ = {isa = PBXFileReference; lastKnownFileType = sourcecode.swift; path = "UITextField+JHExtension.swift"; sourceTree = "<group>"; };
		2828281F20A1BA2900D40C92 /* TextFieldController.swift */ = {isa = PBXFileReference; lastKnownFileType = sourcecode.swift; path = TextFieldController.swift; sourceTree = "<group>"; };
		2828282020A1BA2900D40C92 /* TextFieldController.xib */ = {isa = PBXFileReference; lastKnownFileType = file.xib; path = TextFieldController.xib; sourceTree = "<group>"; };
		282A289C20E9C6670053BEC3 /* ScrollView+JHRefresh.swift */ = {isa = PBXFileReference; fileEncoding = 4; lastKnownFileType = sourcecode.swift; path = "ScrollView+JHRefresh.swift"; sourceTree = "<group>"; };
		282A289D20E9C6670053BEC3 /* ScrollView+JHEmptyDataSet.swift */ = {isa = PBXFileReference; fileEncoding = 4; lastKnownFileType = sourcecode.swift; path = "ScrollView+JHEmptyDataSet.swift"; sourceTree = "<group>"; };
		283743FD20AA73C2008F1ED1 /* StringController.swift */ = {isa = PBXFileReference; lastKnownFileType = sourcecode.swift; path = StringController.swift; sourceTree = "<group>"; };
		2837440020AA7447008F1ED1 /* String+JHExtension.swift */ = {isa = PBXFileReference; lastKnownFileType = sourcecode.swift; path = "String+JHExtension.swift"; sourceTree = "<group>"; };
		2837440C20AB00EF008F1ED1 /* ArrayController.swift */ = {isa = PBXFileReference; lastKnownFileType = sourcecode.swift; path = ArrayController.swift; sourceTree = "<group>"; };
		2837440E20AB0109008F1ED1 /* Array+JHExtension.swift */ = {isa = PBXFileReference; lastKnownFileType = sourcecode.swift; path = "Array+JHExtension.swift"; sourceTree = "<group>"; };
		285BA7F22094457C00735E74 /* SwiftToolTest.app */ = {isa = PBXFileReference; explicitFileType = wrapper.application; includeInIndex = 0; path = SwiftToolTest.app; sourceTree = BUILT_PRODUCTS_DIR; };
		285BA7F52094457C00735E74 /* AppDelegate.swift */ = {isa = PBXFileReference; lastKnownFileType = sourcecode.swift; path = AppDelegate.swift; sourceTree = "<group>"; tabWidth = 5; };
		285BA7FA2094457C00735E74 /* Base */ = {isa = PBXFileReference; lastKnownFileType = file.storyboard; name = Base; path = Base.lproj/Main.storyboard; sourceTree = "<group>"; };
		285BA7FC2094457D00735E74 /* Assets.xcassets */ = {isa = PBXFileReference; lastKnownFileType = folder.assetcatalog; path = Assets.xcassets; sourceTree = "<group>"; };
		285BA7FF2094457D00735E74 /* Base */ = {isa = PBXFileReference; lastKnownFileType = file.storyboard; name = Base; path = Base.lproj/LaunchScreen.storyboard; sourceTree = "<group>"; };
		285BA8012094457D00735E74 /* Info.plist */ = {isa = PBXFileReference; lastKnownFileType = text.plist.xml; path = Info.plist; sourceTree = "<group>"; };
		285BA8062094457D00735E74 /* SwiftToolTestTests.xctest */ = {isa = PBXFileReference; explicitFileType = wrapper.cfbundle; includeInIndex = 0; path = SwiftToolTestTests.xctest; sourceTree = BUILT_PRODUCTS_DIR; };
		285BA80A2094457D00735E74 /* SwiftToolTestTests.swift */ = {isa = PBXFileReference; lastKnownFileType = sourcecode.swift; path = SwiftToolTestTests.swift; sourceTree = "<group>"; };
		285BA80C2094457D00735E74 /* Info.plist */ = {isa = PBXFileReference; lastKnownFileType = text.plist.xml; path = Info.plist; sourceTree = "<group>"; };
		285BA8112094457D00735E74 /* SwiftToolTestUITests.xctest */ = {isa = PBXFileReference; explicitFileType = wrapper.cfbundle; includeInIndex = 0; path = SwiftToolTestUITests.xctest; sourceTree = BUILT_PRODUCTS_DIR; };
		285BA8152094457D00735E74 /* SwiftToolTestUITests.swift */ = {isa = PBXFileReference; lastKnownFileType = sourcecode.swift; path = SwiftToolTestUITests.swift; sourceTree = "<group>"; };
		285BA8172094457D00735E74 /* Info.plist */ = {isa = PBXFileReference; lastKnownFileType = text.plist.xml; path = Info.plist; sourceTree = "<group>"; };
		285BA8252094471F00735E74 /* swiftTool.plist */ = {isa = PBXFileReference; lastKnownFileType = text.plist.xml; path = swiftTool.plist; sourceTree = "<group>"; };
		285BA82720944E6500735E74 /* TableViewController.swift */ = {isa = PBXFileReference; lastKnownFileType = sourcecode.swift; path = TableViewController.swift; sourceTree = "<group>"; };
		285BA829209462D700735E74 /* Model.swift */ = {isa = PBXFileReference; lastKnownFileType = sourcecode.swift; path = Model.swift; sourceTree = "<group>"; };
		285E83FA20F4486C0049BD6D /* PopAlertView.swift */ = {isa = PBXFileReference; lastKnownFileType = sourcecode.swift; path = PopAlertView.swift; sourceTree = "<group>"; };
		28608EB4210AC8A100D1E4EF /* countdownController.swift */ = {isa = PBXFileReference; lastKnownFileType = sourcecode.swift; path = countdownController.swift; sourceTree = "<group>"; };
		286786B420B43EC600209F55 /* JHLabel.swift */ = {isa = PBXFileReference; lastKnownFileType = sourcecode.swift; path = JHLabel.swift; sourceTree = "<group>"; };
		287330F320F5F07A00C3075A /* AlertControlller.swift */ = {isa = PBXFileReference; lastKnownFileType = sourcecode.swift; path = AlertControlller.swift; sourceTree = "<group>"; };
		287330F420F5F07A00C3075A /* AlertControlller.xib */ = {isa = PBXFileReference; lastKnownFileType = file.xib; path = AlertControlller.xib; sourceTree = "<group>"; };
		287330F820F5FAF800C3075A /* SwiftPopMenu.swift */ = {isa = PBXFileReference; fileEncoding = 4; lastKnownFileType = sourcecode.swift; path = SwiftPopMenu.swift; sourceTree = "<group>"; };
		287330FA20F5FB6300C3075A /* UITapGestureRecognizer+JHExtension.swift */ = {isa = PBXFileReference; fileEncoding = 4; lastKnownFileType = sourcecode.swift; path = "UITapGestureRecognizer+JHExtension.swift"; sourceTree = "<group>"; };
		2873315320F7398E00C3075A /* LocationTool.swift */ = {isa = PBXFileReference; lastKnownFileType = sourcecode.swift; path = LocationTool.swift; sourceTree = "<group>"; };
		2873315520F747BA00C3075A /* LocationController.swift */ = {isa = PBXFileReference; lastKnownFileType = sourcecode.swift; path = LocationController.swift; sourceTree = "<group>"; };
		2873315620F747BA00C3075A /* LocationController.xib */ = {isa = PBXFileReference; lastKnownFileType = file.xib; path = LocationController.xib; sourceTree = "<group>"; };
		2877C8D724446D7700F7AFD9 /* MyCountDownButton.swift */ = {isa = PBXFileReference; fileEncoding = 4; lastKnownFileType = sourcecode.swift; path = MyCountDownButton.swift; sourceTree = "<group>"; };
		2880CE2820ABC40A00A60E53 /* DictionaryController.swift */ = {isa = PBXFileReference; lastKnownFileType = sourcecode.swift; path = DictionaryController.swift; sourceTree = "<group>"; };
		2880CE2A20ABC48F00A60E53 /* Dictionary+JHExtension.swift */ = {isa = PBXFileReference; fileEncoding = 4; lastKnownFileType = sourcecode.swift; path = "Dictionary+JHExtension.swift"; sourceTree = "<group>"; };
		2880CE3420ABD90400A60E53 /* ValueChange.swift */ = {isa = PBXFileReference; lastKnownFileType = sourcecode.swift; path = ValueChange.swift; sourceTree = "<group>"; };
		2880CE3620ABD94600A60E53 /* ValueChangeController.swift */ = {isa = PBXFileReference; lastKnownFileType = sourcecode.swift; path = ValueChangeController.swift; sourceTree = "<group>"; };
		2887F05420E9C853003403CD /* ThirdScrollController.swift */ = {isa = PBXFileReference; lastKnownFileType = sourcecode.swift; path = ThirdScrollController.swift; sourceTree = "<group>"; };
		28B34F6B20A3F22300405640 /* JHTextView.swift */ = {isa = PBXFileReference; lastKnownFileType = sourcecode.swift; path = JHTextView.swift; sourceTree = "<group>"; };
		28B8DC9620A44CA00046A51F /* TextViewController.swift */ = {isa = PBXFileReference; lastKnownFileType = sourcecode.swift; path = TextViewController.swift; sourceTree = "<group>"; };
		28B8DC9720A44CA00046A51F /* TextViewController.xib */ = {isa = PBXFileReference; lastKnownFileType = file.xib; path = TextViewController.xib; sourceTree = "<group>"; };
		28D981A3244067BF0092CA67 /* UIColor+JHExtension.swift */ = {isa = PBXFileReference; fileEncoding = 4; lastKnownFileType = sourcecode.swift; path = "UIColor+JHExtension.swift"; sourceTree = "<group>"; };
		28D981A5244068910092CA67 /* DeviceInfo.swift */ = {isa = PBXFileReference; lastKnownFileType = sourcecode.swift; path = DeviceInfo.swift; sourceTree = "<group>"; };
		28D981A7244069490092CA67 /* DeviceInfoController.swift */ = {isa = PBXFileReference; lastKnownFileType = sourcecode.swift; path = DeviceInfoController.swift; sourceTree = "<group>"; };
		28D981A924406C280092CA67 /* NSAttributedString+JHExtension.swift */ = {isa = PBXFileReference; lastKnownFileType = sourcecode.swift; path = "NSAttributedString+JHExtension.swift"; sourceTree = "<group>"; };
		28D981AF2440772B0092CA67 /* UIFont+JHExtension.swift */ = {isa = PBXFileReference; lastKnownFileType = sourcecode.swift; path = "UIFont+JHExtension.swift"; sourceTree = "<group>"; };
		28D981B12440789B0092CA67 /* ControllerTool.swift */ = {isa = PBXFileReference; lastKnownFileType = sourcecode.swift; path = ControllerTool.swift; sourceTree = "<group>"; };
		28D981B524407C8C0092CA67 /* GCD+JHExtension.swift */ = {isa = PBXFileReference; fileEncoding = 4; lastKnownFileType = sourcecode.swift; path = "GCD+JHExtension.swift"; sourceTree = "<group>"; };
		28D981B724407CA60092CA67 /* Mems.swift */ = {isa = PBXFileReference; fileEncoding = 4; lastKnownFileType = sourcecode.swift; path = Mems.swift; sourceTree = "<group>"; };
		28D981B924407CAF0092CA67 /* Double+JHExtension.swift */ = {isa = PBXFileReference; fileEncoding = 4; lastKnownFileType = sourcecode.swift; path = "Double+JHExtension.swift"; sourceTree = "<group>"; };
		28D981BB244088A90092CA67 /* UIViewController+JHExtension.swift */ = {isa = PBXFileReference; lastKnownFileType = sourcecode.swift; path = "UIViewController+JHExtension.swift"; sourceTree = "<group>"; };
		28EC7CE620E331A8006C0CF1 /* JHProgressHUD.swift */ = {isa = PBXFileReference; fileEncoding = 4; lastKnownFileType = sourcecode.swift; path = JHProgressHUD.swift; sourceTree = "<group>"; };
		28EF5B8D2099D8500026D1E0 /* ServiceManager.swift */ = {isa = PBXFileReference; fileEncoding = 4; lastKnownFileType = sourcecode.swift; path = ServiceManager.swift; sourceTree = "<group>"; };
		28FBB03A20B3C25B00278692 /* TimeController.swift */ = {isa = PBXFileReference; lastKnownFileType = sourcecode.swift; path = TimeController.swift; sourceTree = "<group>"; };
		28FBB03E20B3C45100278692 /* Date+JHExtension.swift */ = {isa = PBXFileReference; lastKnownFileType = sourcecode.swift; path = "Date+JHExtension.swift"; sourceTree = "<group>"; };
		28FBB04220B403A400278692 /* RegularHelp.swift */ = {isa = PBXFileReference; lastKnownFileType = sourcecode.swift; path = RegularHelp.swift; sourceTree = "<group>"; };
		28FBB04420B4061A00278692 /* regularController.swift */ = {isa = PBXFileReference; lastKnownFileType = sourcecode.swift; path = regularController.swift; sourceTree = "<group>"; };
		28FBB04620B40BFA00278692 /* UIView+JHExtension.swift */ = {isa = PBXFileReference; lastKnownFileType = sourcecode.swift; path = "UIView+JHExtension.swift"; sourceTree = "<group>"; };
		28FBB04820B4131C00278692 /* ViewController.swift */ = {isa = PBXFileReference; lastKnownFileType = sourcecode.swift; path = ViewController.swift; sourceTree = "<group>"; };
		28FBB04920B4131C00278692 /* ViewController.xib */ = {isa = PBXFileReference; lastKnownFileType = file.xib; path = ViewController.xib; sourceTree = "<group>"; };
		28FBB04C20B4195E00278692 /* LabelController.swift */ = {isa = PBXFileReference; lastKnownFileType = sourcecode.swift; path = LabelController.swift; sourceTree = "<group>"; };
		28FBB04D20B4195E00278692 /* LabelController.xib */ = {isa = PBXFileReference; lastKnownFileType = file.xib; path = LabelController.xib; sourceTree = "<group>"; };
		28FBB05020B419A300278692 /* UILabel+JHExtension.swift */ = {isa = PBXFileReference; lastKnownFileType = sourcecode.swift; path = "UILabel+JHExtension.swift"; sourceTree = "<group>"; };
		34A63E706368C3EE93350ADF /* Pods-SwiftToolTest.debug.xcconfig */ = {isa = PBXFileReference; includeInIndex = 1; lastKnownFileType = text.xcconfig; name = "Pods-SwiftToolTest.debug.xcconfig"; path = "Pods/Target Support Files/Pods-SwiftToolTest/Pods-SwiftToolTest.debug.xcconfig"; sourceTree = "<group>"; };
/* End PBXFileReference section */

/* Begin PBXFrameworksBuildPhase section */
		285BA7EF2094457C00735E74 /* Frameworks */ = {
			isa = PBXFrameworksBuildPhase;
			buildActionMask = 2147483647;
			files = (
				1A098AC6B5597D759821AEDE /* Pods_SwiftToolTest.framework in Frameworks */,
			);
			runOnlyForDeploymentPostprocessing = 0;
		};
		285BA8032094457D00735E74 /* Frameworks */ = {
			isa = PBXFrameworksBuildPhase;
			buildActionMask = 2147483647;
			files = (
			);
			runOnlyForDeploymentPostprocessing = 0;
		};
		285BA80E2094457D00735E74 /* Frameworks */ = {
			isa = PBXFrameworksBuildPhase;
			buildActionMask = 2147483647;
			files = (
			);
			runOnlyForDeploymentPostprocessing = 0;
		};
/* End PBXFrameworksBuildPhase section */

/* Begin PBXGroup section */
		2828281920A1B82800D40C92 /* UIKit */ = {
			isa = PBXGroup;
			children = (
				28D981A3244067BF0092CA67 /* UIColor+JHExtension.swift */,
				287330FA20F5FB6300C3075A /* UITapGestureRecognizer+JHExtension.swift */,
				2828281A20A1B86200D40C92 /* UITextField+JHExtension.swift */,
				28B34F6B20A3F22300405640 /* JHTextView.swift */,
				28FBB04620B40BFA00278692 /* UIView+JHExtension.swift */,
				28FBB05020B419A300278692 /* UILabel+JHExtension.swift */,
				286786B420B43EC600209F55 /* JHLabel.swift */,
				280DD3B020B7B6A800F2276A /* UIButton+JHExtension.swift */,
				2877C8D724446D7700F7AFD9 /* MyCountDownButton.swift */,
				280DD3B220B7DC2700F2276A /* UIImage+JHExtension.swift */,
				285E83FA20F4486C0049BD6D /* PopAlertView.swift */,
				28D981AF2440772B0092CA67 /* UIFont+JHExtension.swift */,
				28D981BB244088A90092CA67 /* UIViewController+JHExtension.swift */,
			);
			path = UIKit;
			sourceTree = "<group>";
		};
		2828281C20A1B9E100D40C92 /* Uikit */ = {
			isa = PBXGroup;
			children = (
				2828281F20A1BA2900D40C92 /* TextFieldController.swift */,
				2828282020A1BA2900D40C92 /* TextFieldController.xib */,
				28B8DC9620A44CA00046A51F /* TextViewController.swift */,
				28B8DC9720A44CA00046A51F /* TextViewController.xib */,
				28FBB04820B4131C00278692 /* ViewController.swift */,
				28FBB04920B4131C00278692 /* ViewController.xib */,
				28FBB04C20B4195E00278692 /* LabelController.swift */,
				28FBB04D20B4195E00278692 /* LabelController.xib */,
				280DD3AC20B7B67900F2276A /* ButtonController.swift */,
				280DD3AD20B7B67900F2276A /* ButtonController.xib */,
				2810F96D20BE8E9200ACCE11 /* ImageController.swift */,
				2810F96E20BE8E9200ACCE11 /* ImageController.xib */,
				287330F320F5F07A00C3075A /* AlertControlller.swift */,
				287330F420F5F07A00C3075A /* AlertControlller.xib */,
			);
			path = Uikit;
			sourceTree = "<group>";
		};
		283743FC20AA733E008F1ED1 /* Foundation */ = {
			isa = PBXGroup;
			children = (
				283743FD20AA73C2008F1ED1 /* StringController.swift */,
				28D981A7244069490092CA67 /* DeviceInfoController.swift */,
				2837440C20AB00EF008F1ED1 /* ArrayController.swift */,
				2880CE2820ABC40A00A60E53 /* DictionaryController.swift */,
				2880CE3620ABD94600A60E53 /* ValueChangeController.swift */,
				28FBB03A20B3C25B00278692 /* TimeController.swift */,
				28FBB04420B4061A00278692 /* regularController.swift */,
				2816532220E1E49000D29673 /* ColorController.swift */,
				2816532320E1E49000D29673 /* ColorController.xib */,
			);
			path = Foundation;
			sourceTree = "<group>";
		};
		283743FF20AA7420008F1ED1 /* Foundation */ = {
			isa = PBXGroup;
			children = (
				2837440020AA7447008F1ED1 /* String+JHExtension.swift */,
				2837440E20AB0109008F1ED1 /* Array+JHExtension.swift */,
				2880CE2A20ABC48F00A60E53 /* Dictionary+JHExtension.swift */,
				2880CE3420ABD90400A60E53 /* ValueChange.swift */,
				28FBB03E20B3C45100278692 /* Date+JHExtension.swift */,
				28D981B524407C8C0092CA67 /* GCD+JHExtension.swift */,
				28FBB04220B403A400278692 /* RegularHelp.swift */,
				28D981B724407CA60092CA67 /* Mems.swift */,
				28D981A5244068910092CA67 /* DeviceInfo.swift */,
				28D981A924406C280092CA67 /* NSAttributedString+JHExtension.swift */,
				28D981B12440789B0092CA67 /* ControllerTool.swift */,
				28D981B924407CAF0092CA67 /* Double+JHExtension.swift */,
			);
			path = Foundation;
			sourceTree = "<group>";
		};
		285BA7E92094457C00735E74 = {
			isa = PBXGroup;
			children = (
				285BA7F42094457C00735E74 /* SwiftToolTest */,
				285BA8092094457D00735E74 /* SwiftToolTestTests */,
				285BA8142094457D00735E74 /* SwiftToolTestUITests */,
				285BA7F32094457C00735E74 /* Products */,
				6B1E1632735F5454A0ABF8BD /* Pods */,
				4E51BDD3710BC02A34F1B79F /* Frameworks */,
			);
			sourceTree = "<group>";
		};
		285BA7F32094457C00735E74 /* Products */ = {
			isa = PBXGroup;
			children = (
				285BA7F22094457C00735E74 /* SwiftToolTest.app */,
				285BA8062094457D00735E74 /* SwiftToolTestTests.xctest */,
				285BA8112094457D00735E74 /* SwiftToolTestUITests.xctest */,
			);
			name = Products;
			sourceTree = "<group>";
		};
		285BA7F42094457C00735E74 /* SwiftToolTest */ = {
			isa = PBXGroup;
			children = (
				28EF5B8B2099D8500026D1E0 /* SwiftTool */,
				285BA7F52094457C00735E74 /* AppDelegate.swift */,
				285BA82720944E6500735E74 /* TableViewController.swift */,
				285BA829209462D700735E74 /* Model.swift */,
				2873314420F60DDD00C3075A /* Other */,
				283743FC20AA733E008F1ED1 /* Foundation */,
				2828281C20A1B9E100D40C92 /* Uikit */,
				28EC7CDE20E33092006C0CF1 /* ThirdParty */,
				285BA7F92094457C00735E74 /* Main.storyboard */,
				285BA7FC2094457D00735E74 /* Assets.xcassets */,
				285BA7FE2094457D00735E74 /* LaunchScreen.storyboard */,
				285BA8252094471F00735E74 /* swiftTool.plist */,
				285BA8012094457D00735E74 /* Info.plist */,
				2810F0B820A2CA4600934AE4 /* SwiftToolTest-Bridging-Header.h */,
			);
			path = SwiftToolTest;
			sourceTree = "<group>";
		};
		285BA8092094457D00735E74 /* SwiftToolTestTests */ = {
			isa = PBXGroup;
			children = (
				285BA80A2094457D00735E74 /* SwiftToolTestTests.swift */,
				285BA80C2094457D00735E74 /* Info.plist */,
			);
			path = SwiftToolTestTests;
			sourceTree = "<group>";
		};
		285BA8142094457D00735E74 /* SwiftToolTestUITests */ = {
			isa = PBXGroup;
			children = (
				285BA8152094457D00735E74 /* SwiftToolTestUITests.swift */,
				285BA8172094457D00735E74 /* Info.plist */,
			);
			path = SwiftToolTestUITests;
			sourceTree = "<group>";
		};
		287330F720F5FAF800C3075A /* other */ = {
			isa = PBXGroup;
			children = (
				287330F820F5FAF800C3075A /* SwiftPopMenu.swift */,
				2873315320F7398E00C3075A /* LocationTool.swift */,
				2827BF18216DF939006C26DE /* EntryView.swift */,
			);
			path = other;
			sourceTree = "<group>";
		};
		2873314420F60DDD00C3075A /* Other */ = {
			isa = PBXGroup;
			children = (
				2873315520F747BA00C3075A /* LocationController.swift */,
				2873315620F747BA00C3075A /* LocationController.xib */,
				28608EB4210AC8A100D1E4EF /* countdownController.swift */,
				2827BF1A216DF95D006C26DE /* entryController.swift */,
				2827BF1B216DF95E006C26DE /* entryController.xib */,
				281FA832216F1AB400840966 /* PopMenuController.swift */,
			);
			path = Other;
			sourceTree = "<group>";
		};
		28EC7CDD20E3308A006C0CF1 /* ThirdParty */ = {
			isa = PBXGroup;
			children = (
				282A289D20E9C6670053BEC3 /* ScrollView+JHEmptyDataSet.swift */,
				282A289C20E9C6670053BEC3 /* ScrollView+JHRefresh.swift */,
				28EC7CE620E331A8006C0CF1 /* JHProgressHUD.swift */,
			);
			path = ThirdParty;
			sourceTree = "<group>";
		};
		28EC7CDE20E33092006C0CF1 /* ThirdParty */ = {
			isa = PBXGroup;
			children = (
				282316AB20E63C4F004B4DEC /* MBProgressHUDController.swift */,
				282316AC20E63C4F004B4DEC /* MBProgressHUDController.xib */,
				2887F05420E9C853003403CD /* ThirdScrollController.swift */,
			);
			name = ThirdParty;
			path = SwiftToolTest/ThirdParty;
			sourceTree = SOURCE_ROOT;
		};
		28EF5B8B2099D8500026D1E0 /* SwiftTool */ = {
			isa = PBXGroup;
			children = (
				287330F720F5FAF800C3075A /* other */,
				28EC7CDD20E3308A006C0CF1 /* ThirdParty */,
				283743FF20AA7420008F1ED1 /* Foundation */,
				2828281920A1B82800D40C92 /* UIKit */,
				28EF5B8C2099D8500026D1E0 /* Hardware */,
			);
			path = SwiftTool;
			sourceTree = "<group>";
		};
		28EF5B8C2099D8500026D1E0 /* Hardware */ = {
			isa = PBXGroup;
			children = (
				28EF5B8D2099D8500026D1E0 /* ServiceManager.swift */,
			);
			path = Hardware;
			sourceTree = "<group>";
		};
		4E51BDD3710BC02A34F1B79F /* Frameworks */ = {
			isa = PBXGroup;
			children = (
				0D555B51ED5F2A22514749B8 /* Pods_SwiftToolTest.framework */,
			);
			name = Frameworks;
			sourceTree = "<group>";
		};
		6B1E1632735F5454A0ABF8BD /* Pods */ = {
			isa = PBXGroup;
			children = (
				34A63E706368C3EE93350ADF /* Pods-SwiftToolTest.debug.xcconfig */,
				0FC0B7EF0546F9ED0D80B828 /* Pods-SwiftToolTest.release.xcconfig */,
			);
			name = Pods;
			sourceTree = "<group>";
		};
/* End PBXGroup section */

/* Begin PBXNativeTarget section */
		285BA7F12094457C00735E74 /* SwiftToolTest */ = {
			isa = PBXNativeTarget;
			buildConfigurationList = 285BA81A2094457D00735E74 /* Build configuration list for PBXNativeTarget "SwiftToolTest" */;
			buildPhases = (
				98BBB8A8306F1E421B8FBAD8 /* [CP] Check Pods Manifest.lock */,
				285BA7EE2094457C00735E74 /* Sources */,
				285BA7EF2094457C00735E74 /* Frameworks */,
				285BA7F02094457C00735E74 /* Resources */,
				8DBD58843288545FF79A704F /* [CP] Embed Pods Frameworks */,
			);
			buildRules = (
			);
			dependencies = (
			);
			name = SwiftToolTest;
			productName = SwiftToolTest;
			productReference = 285BA7F22094457C00735E74 /* SwiftToolTest.app */;
			productType = "com.apple.product-type.application";
		};
		285BA8052094457D00735E74 /* SwiftToolTestTests */ = {
			isa = PBXNativeTarget;
			buildConfigurationList = 285BA81D2094457D00735E74 /* Build configuration list for PBXNativeTarget "SwiftToolTestTests" */;
			buildPhases = (
				285BA8022094457D00735E74 /* Sources */,
				285BA8032094457D00735E74 /* Frameworks */,
				285BA8042094457D00735E74 /* Resources */,
			);
			buildRules = (
			);
			dependencies = (
				285BA8082094457D00735E74 /* PBXTargetDependency */,
			);
			name = SwiftToolTestTests;
			productName = SwiftToolTestTests;
			productReference = 285BA8062094457D00735E74 /* SwiftToolTestTests.xctest */;
			productType = "com.apple.product-type.bundle.unit-test";
		};
		285BA8102094457D00735E74 /* SwiftToolTestUITests */ = {
			isa = PBXNativeTarget;
			buildConfigurationList = 285BA8202094457D00735E74 /* Build configuration list for PBXNativeTarget "SwiftToolTestUITests" */;
			buildPhases = (
				285BA80D2094457D00735E74 /* Sources */,
				285BA80E2094457D00735E74 /* Frameworks */,
				285BA80F2094457D00735E74 /* Resources */,
			);
			buildRules = (
			);
			dependencies = (
				285BA8132094457D00735E74 /* PBXTargetDependency */,
			);
			name = SwiftToolTestUITests;
			productName = SwiftToolTestUITests;
			productReference = 285BA8112094457D00735E74 /* SwiftToolTestUITests.xctest */;
			productType = "com.apple.product-type.bundle.ui-testing";
		};
/* End PBXNativeTarget section */

/* Begin PBXProject section */
		285BA7EA2094457C00735E74 /* Project object */ = {
			isa = PBXProject;
			attributes = {
				LastSwiftUpdateCheck = 0930;
				LastUpgradeCheck = 0930;
				ORGANIZATIONNAME = yunna;
				TargetAttributes = {
					285BA7F12094457C00735E74 = {
						CreatedOnToolsVersion = 9.3;
						LastSwiftMigration = 0930;
					};
					285BA8052094457D00735E74 = {
						CreatedOnToolsVersion = 9.3;
						TestTargetID = 285BA7F12094457C00735E74;
					};
					285BA8102094457D00735E74 = {
						CreatedOnToolsVersion = 9.3;
						TestTargetID = 285BA7F12094457C00735E74;
					};
				};
			};
			buildConfigurationList = 285BA7ED2094457C00735E74 /* Build configuration list for PBXProject "SwiftToolTest" */;
			compatibilityVersion = "Xcode 9.3";
			developmentRegion = en;
			hasScannedForEncodings = 0;
			knownRegions = (
				en,
				Base,
			);
			mainGroup = 285BA7E92094457C00735E74;
			productRefGroup = 285BA7F32094457C00735E74 /* Products */;
			projectDirPath = "";
			projectRoot = "";
			targets = (
				285BA7F12094457C00735E74 /* SwiftToolTest */,
				285BA8052094457D00735E74 /* SwiftToolTestTests */,
				285BA8102094457D00735E74 /* SwiftToolTestUITests */,
			);
		};
/* End PBXProject section */

/* Begin PBXResourcesBuildPhase section */
		285BA7F02094457C00735E74 /* Resources */ = {
			isa = PBXResourcesBuildPhase;
			buildActionMask = 2147483647;
			files = (
				2816532520E1E49000D29673 /* ColorController.xib in Resources */,
				28FBB04F20B4195E00278692 /* LabelController.xib in Resources */,
				28FBB04B20B4131C00278692 /* ViewController.xib in Resources */,
				285BA8262094471F00735E74 /* swiftTool.plist in Resources */,
				2828282220A1BA2900D40C92 /* TextFieldController.xib in Resources */,
				282316AE20E63C4F004B4DEC /* MBProgressHUDController.xib in Resources */,
				285BA8002094457D00735E74 /* LaunchScreen.storyboard in Resources */,
				28B8DC9920A44CA00046A51F /* TextViewController.xib in Resources */,
				280DD3AF20B7B67900F2276A /* ButtonController.xib in Resources */,
				2810F97020BE8E9200ACCE11 /* ImageController.xib in Resources */,
				2873315820F747BA00C3075A /* LocationController.xib in Resources */,
				285BA7FD2094457D00735E74 /* Assets.xcassets in Resources */,
				287330F620F5F07A00C3075A /* AlertControlller.xib in Resources */,
				285BA7FB2094457C00735E74 /* Main.storyboard in Resources */,
				2827BF1D216DF95E006C26DE /* entryController.xib in Resources */,
			);
			runOnlyForDeploymentPostprocessing = 0;
		};
		285BA8042094457D00735E74 /* Resources */ = {
			isa = PBXResourcesBuildPhase;
			buildActionMask = 2147483647;
			files = (
			);
			runOnlyForDeploymentPostprocessing = 0;
		};
		285BA80F2094457D00735E74 /* Resources */ = {
			isa = PBXResourcesBuildPhase;
			buildActionMask = 2147483647;
			files = (
			);
			runOnlyForDeploymentPostprocessing = 0;
		};
/* End PBXResourcesBuildPhase section */

/* Begin PBXShellScriptBuildPhase section */
		8DBD58843288545FF79A704F /* [CP] Embed Pods Frameworks */ = {
			isa = PBXShellScriptBuildPhase;
			buildActionMask = 2147483647;
			files = (
			);
			inputPaths = (
				"${PODS_ROOT}/Target Support Files/Pods-SwiftToolTest/Pods-SwiftToolTest-frameworks.sh",
				"${BUILT_PRODUCTS_DIR}/Alamofire/Alamofire.framework",
				"${BUILT_PRODUCTS_DIR}/DZNEmptyDataSet/DZNEmptyDataSet.framework",
				"${BUILT_PRODUCTS_DIR}/IQKeyboardManager/IQKeyboardManager.framework",
				"${BUILT_PRODUCTS_DIR}/MBProgressHUD/MBProgressHUD.framework",
				"${BUILT_PRODUCTS_DIR}/MJRefresh/MJRefresh.framework",
				"${BUILT_PRODUCTS_DIR}/SnapKit/SnapKit.framework",
				"${BUILT_PRODUCTS_DIR}/SwiftyJSON/SwiftyJSON.framework",
				"${BUILT_PRODUCTS_DIR}/YYCache/YYCache.framework",
			);
			name = "[CP] Embed Pods Frameworks";
			outputPaths = (
				"${TARGET_BUILD_DIR}/${FRAMEWORKS_FOLDER_PATH}/Alamofire.framework",
				"${TARGET_BUILD_DIR}/${FRAMEWORKS_FOLDER_PATH}/DZNEmptyDataSet.framework",
				"${TARGET_BUILD_DIR}/${FRAMEWORKS_FOLDER_PATH}/IQKeyboardManager.framework",
				"${TARGET_BUILD_DIR}/${FRAMEWORKS_FOLDER_PATH}/MBProgressHUD.framework",
				"${TARGET_BUILD_DIR}/${FRAMEWORKS_FOLDER_PATH}/MJRefresh.framework",
				"${TARGET_BUILD_DIR}/${FRAMEWORKS_FOLDER_PATH}/SnapKit.framework",
				"${TARGET_BUILD_DIR}/${FRAMEWORKS_FOLDER_PATH}/SwiftyJSON.framework",
				"${TARGET_BUILD_DIR}/${FRAMEWORKS_FOLDER_PATH}/YYCache.framework",
			);
			runOnlyForDeploymentPostprocessing = 0;
			shellPath = /bin/sh;
			shellScript = "\"${PODS_ROOT}/Target Support Files/Pods-SwiftToolTest/Pods-SwiftToolTest-frameworks.sh\"\n";
			showEnvVarsInLog = 0;
		};
		98BBB8A8306F1E421B8FBAD8 /* [CP] Check Pods Manifest.lock */ = {
			isa = PBXShellScriptBuildPhase;
			buildActionMask = 2147483647;
			files = (
			);
			inputPaths = (
				"${PODS_PODFILE_DIR_PATH}/Podfile.lock",
				"${PODS_ROOT}/Manifest.lock",
			);
			name = "[CP] Check Pods Manifest.lock";
			outputPaths = (
				"$(DERIVED_FILE_DIR)/Pods-SwiftToolTest-checkManifestLockResult.txt",
			);
			runOnlyForDeploymentPostprocessing = 0;
			shellPath = /bin/sh;
			shellScript = "diff \"${PODS_PODFILE_DIR_PATH}/Podfile.lock\" \"${PODS_ROOT}/Manifest.lock\" > /dev/null\nif [ $? != 0 ] ; then\n    # print error to STDERR\n    echo \"error: The sandbox is not in sync with the Podfile.lock. Run 'pod install' or update your CocoaPods installation.\" >&2\n    exit 1\nfi\n# This output is used by Xcode 'outputs' to avoid re-running this script phase.\necho \"SUCCESS\" > \"${SCRIPT_OUTPUT_FILE_0}\"\n";
			showEnvVarsInLog = 0;
		};
/* End PBXShellScriptBuildPhase section */

/* Begin PBXSourcesBuildPhase section */
		285BA7EE2094457C00735E74 /* Sources */ = {
			isa = PBXSourcesBuildPhase;
			buildActionMask = 2147483647;
			files = (
				28D981B02440772B0092CA67 /* UIFont+JHExtension.swift in Sources */,
				28D981B824407CA60092CA67 /* Mems.swift in Sources */,
				285BA82A209462D700735E74 /* Model.swift in Sources */,
				280DD3B120B7B6A800F2276A /* UIButton+JHExtension.swift in Sources */,
				28D981BA24407CAF0092CA67 /* Double+JHExtension.swift in Sources */,
				2816532420E1E49000D29673 /* ColorController.swift in Sources */,
				2880CE2B20ABC48F00A60E53 /* Dictionary+JHExtension.swift in Sources */,
				28FBB04720B40BFA00278692 /* UIView+JHExtension.swift in Sources */,
				28FBB04320B403A400278692 /* RegularHelp.swift in Sources */,
				28FBB05120B419A300278692 /* UILabel+JHExtension.swift in Sources */,
				28FBB04A20B4131C00278692 /* ViewController.swift in Sources */,
				2828281B20A1B86200D40C92 /* UITextField+JHExtension.swift in Sources */,
				2827BF19216DF939006C26DE /* EntryView.swift in Sources */,
				2810F96F20BE8E9200ACCE11 /* ImageController.swift in Sources */,
				28D981A4244067BF0092CA67 /* UIColor+JHExtension.swift in Sources */,
				285BA7F62094457C00735E74 /* AppDelegate.swift in Sources */,
				2837440F20AB0109008F1ED1 /* Array+JHExtension.swift in Sources */,
				28FBB03F20B3C45100278692 /* Date+JHExtension.swift in Sources */,
				2880CE2920ABC40A00A60E53 /* DictionaryController.swift in Sources */,
				28EC7CE720E331A8006C0CF1 /* JHProgressHUD.swift in Sources */,
				28FBB04520B4061A00278692 /* regularController.swift in Sources */,
				28D981B624407C8C0092CA67 /* GCD+JHExtension.swift in Sources */,
				282A289F20E9C6670053BEC3 /* ScrollView+JHEmptyDataSet.swift in Sources */,
				28D981A8244069490092CA67 /* DeviceInfoController.swift in Sources */,
				287330F520F5F07A00C3075A /* AlertControlller.swift in Sources */,
				2828282120A1BA2900D40C92 /* TextFieldController.swift in Sources */,
				2877C8D824446D7700F7AFD9 /* MyCountDownButton.swift in Sources */,
				28FBB03B20B3C25B00278692 /* TimeController.swift in Sources */,
				2837440120AA7447008F1ED1 /* String+JHExtension.swift in Sources */,
				28608EB5210AC8A100D1E4EF /* countdownController.swift in Sources */,
				2827BF1C216DF95E006C26DE /* entryController.swift in Sources */,
				285BA82820944E6500735E74 /* TableViewController.swift in Sources */,
				287330FB20F5FB6400C3075A /* UITapGestureRecognizer+JHExtension.swift in Sources */,
				28B34F6C20A3F22300405640 /* JHTextView.swift in Sources */,
				28D981A6244068910092CA67 /* DeviceInfo.swift in Sources */,
				28EF5B8E2099D8500026D1E0 /* ServiceManager.swift in Sources */,
				2887F05520E9C853003403CD /* ThirdScrollController.swift in Sources */,
				283743FE20AA73C2008F1ED1 /* StringController.swift in Sources */,
				2837440D20AB00EF008F1ED1 /* ArrayController.swift in Sources */,
				2873315420F7398E00C3075A /* LocationTool.swift in Sources */,
				282A289E20E9C6670053BEC3 /* ScrollView+JHRefresh.swift in Sources */,
				28FBB04E20B4195E00278692 /* LabelController.swift in Sources */,
				28D981BC244088A90092CA67 /* UIViewController+JHExtension.swift in Sources */,
				2880CE3720ABD94600A60E53 /* ValueChangeController.swift in Sources */,
				285E83FB20F4486C0049BD6D /* PopAlertView.swift in Sources */,
				2873315720F747BA00C3075A /* LocationController.swift in Sources */,
				282316AD20E63C4F004B4DEC /* MBProgressHUDController.swift in Sources */,
				28B8DC9820A44CA00046A51F /* TextViewController.swift in Sources */,
				28D981AA24406C280092CA67 /* NSAttributedString+JHExtension.swift in Sources */,
				2880CE3520ABD90400A60E53 /* ValueChange.swift in Sources */,
				281FA833216F1AB400840966 /* PopMenuController.swift in Sources */,
				286786B520B43EC600209F55 /* JHLabel.swift in Sources */,
				28D981B22440789B0092CA67 /* ControllerTool.swift in Sources */,
				280DD3AE20B7B67900F2276A /* ButtonController.swift in Sources */,
				287330F920F5FAF800C3075A /* SwiftPopMenu.swift in Sources */,
				280DD3B320B7DC2800F2276A /* UIImage+JHExtension.swift in Sources */,
			);
			runOnlyForDeploymentPostprocessing = 0;
		};
		285BA8022094457D00735E74 /* Sources */ = {
			isa = PBXSourcesBuildPhase;
			buildActionMask = 2147483647;
			files = (
				285BA80B2094457D00735E74 /* SwiftToolTestTests.swift in Sources */,
			);
			runOnlyForDeploymentPostprocessing = 0;
		};
		285BA80D2094457D00735E74 /* Sources */ = {
			isa = PBXSourcesBuildPhase;
			buildActionMask = 2147483647;
			files = (
				285BA8162094457D00735E74 /* SwiftToolTestUITests.swift in Sources */,
			);
			runOnlyForDeploymentPostprocessing = 0;
		};
/* End PBXSourcesBuildPhase section */

/* Begin PBXTargetDependency section */
		285BA8082094457D00735E74 /* PBXTargetDependency */ = {
			isa = PBXTargetDependency;
			target = 285BA7F12094457C00735E74 /* SwiftToolTest */;
			targetProxy = 285BA8072094457D00735E74 /* PBXContainerItemProxy */;
		};
		285BA8132094457D00735E74 /* PBXTargetDependency */ = {
			isa = PBXTargetDependency;
			target = 285BA7F12094457C00735E74 /* SwiftToolTest */;
			targetProxy = 285BA8122094457D00735E74 /* PBXContainerItemProxy */;
		};
/* End PBXTargetDependency section */

/* Begin PBXVariantGroup section */
		285BA7F92094457C00735E74 /* Main.storyboard */ = {
			isa = PBXVariantGroup;
			children = (
				285BA7FA2094457C00735E74 /* Base */,
			);
			name = Main.storyboard;
			sourceTree = "<group>";
		};
		285BA7FE2094457D00735E74 /* LaunchScreen.storyboard */ = {
			isa = PBXVariantGroup;
			children = (
				285BA7FF2094457D00735E74 /* Base */,
			);
			name = LaunchScreen.storyboard;
			sourceTree = "<group>";
		};
/* End PBXVariantGroup section */

/* Begin XCBuildConfiguration section */
		285BA8182094457D00735E74 /* Debug */ = {
			isa = XCBuildConfiguration;
			buildSettings = {
				ALWAYS_SEARCH_USER_PATHS = NO;
				CLANG_ANALYZER_NONNULL = YES;
				CLANG_ANALYZER_NUMBER_OBJECT_CONVERSION = YES_AGGRESSIVE;
				CLANG_CXX_LANGUAGE_STANDARD = "gnu++14";
				CLANG_CXX_LIBRARY = "libc++";
				CLANG_ENABLE_MODULES = YES;
				CLANG_ENABLE_OBJC_ARC = YES;
				CLANG_ENABLE_OBJC_WEAK = YES;
				CLANG_WARN_BLOCK_CAPTURE_AUTORELEASING = YES;
				CLANG_WARN_BOOL_CONVERSION = YES;
				CLANG_WARN_COMMA = YES;
				CLANG_WARN_CONSTANT_CONVERSION = YES;
				CLANG_WARN_DEPRECATED_OBJC_IMPLEMENTATIONS = YES;
				CLANG_WARN_DIRECT_OBJC_ISA_USAGE = YES_ERROR;
				CLANG_WARN_DOCUMENTATION_COMMENTS = YES;
				CLANG_WARN_EMPTY_BODY = YES;
				CLANG_WARN_ENUM_CONVERSION = YES;
				CLANG_WARN_INFINITE_RECURSION = YES;
				CLANG_WARN_INT_CONVERSION = YES;
				CLANG_WARN_NON_LITERAL_NULL_CONVERSION = YES;
				CLANG_WARN_OBJC_IMPLICIT_RETAIN_SELF = YES;
				CLANG_WARN_OBJC_LITERAL_CONVERSION = YES;
				CLANG_WARN_OBJC_ROOT_CLASS = YES_ERROR;
				CLANG_WARN_RANGE_LOOP_ANALYSIS = YES;
				CLANG_WARN_STRICT_PROTOTYPES = YES;
				CLANG_WARN_SUSPICIOUS_MOVE = YES;
				CLANG_WARN_UNGUARDED_AVAILABILITY = YES_AGGRESSIVE;
				CLANG_WARN_UNREACHABLE_CODE = YES;
				CLANG_WARN__DUPLICATE_METHOD_MATCH = YES;
				CODE_SIGN_IDENTITY = "iPhone Developer";
				COPY_PHASE_STRIP = NO;
				DEBUG_INFORMATION_FORMAT = dwarf;
				ENABLE_STRICT_OBJC_MSGSEND = YES;
				ENABLE_TESTABILITY = YES;
				GCC_C_LANGUAGE_STANDARD = gnu11;
				GCC_DYNAMIC_NO_PIC = NO;
				GCC_NO_COMMON_BLOCKS = YES;
				GCC_OPTIMIZATION_LEVEL = 0;
				GCC_PREPROCESSOR_DEFINITIONS = (
					"DEBUG=1",
					"$(inherited)",
				);
				GCC_WARN_64_TO_32_BIT_CONVERSION = YES;
				GCC_WARN_ABOUT_RETURN_TYPE = YES_ERROR;
				GCC_WARN_UNDECLARED_SELECTOR = YES;
				GCC_WARN_UNINITIALIZED_AUTOS = YES_AGGRESSIVE;
				GCC_WARN_UNUSED_FUNCTION = YES;
				GCC_WARN_UNUSED_VARIABLE = YES;
				IPHONEOS_DEPLOYMENT_TARGET = 11.3;
				MTL_ENABLE_DEBUG_INFO = YES;
				ONLY_ACTIVE_ARCH = YES;
				SDKROOT = iphoneos;
				SWIFT_ACTIVE_COMPILATION_CONDITIONS = DEBUG;
				SWIFT_OPTIMIZATION_LEVEL = "-Onone";
			};
			name = Debug;
		};
		285BA8192094457D00735E74 /* Release */ = {
			isa = XCBuildConfiguration;
			buildSettings = {
				ALWAYS_SEARCH_USER_PATHS = NO;
				CLANG_ANALYZER_NONNULL = YES;
				CLANG_ANALYZER_NUMBER_OBJECT_CONVERSION = YES_AGGRESSIVE;
				CLANG_CXX_LANGUAGE_STANDARD = "gnu++14";
				CLANG_CXX_LIBRARY = "libc++";
				CLANG_ENABLE_MODULES = YES;
				CLANG_ENABLE_OBJC_ARC = YES;
				CLANG_ENABLE_OBJC_WEAK = YES;
				CLANG_WARN_BLOCK_CAPTURE_AUTORELEASING = YES;
				CLANG_WARN_BOOL_CONVERSION = YES;
				CLANG_WARN_COMMA = YES;
				CLANG_WARN_CONSTANT_CONVERSION = YES;
				CLANG_WARN_DEPRECATED_OBJC_IMPLEMENTATIONS = YES;
				CLANG_WARN_DIRECT_OBJC_ISA_USAGE = YES_ERROR;
				CLANG_WARN_DOCUMENTATION_COMMENTS = YES;
				CLANG_WARN_EMPTY_BODY = YES;
				CLANG_WARN_ENUM_CONVERSION = YES;
				CLANG_WARN_INFINITE_RECURSION = YES;
				CLANG_WARN_INT_CONVERSION = YES;
				CLANG_WARN_NON_LITERAL_NULL_CONVERSION = YES;
				CLANG_WARN_OBJC_IMPLICIT_RETAIN_SELF = YES;
				CLANG_WARN_OBJC_LITERAL_CONVERSION = YES;
				CLANG_WARN_OBJC_ROOT_CLASS = YES_ERROR;
				CLANG_WARN_RANGE_LOOP_ANALYSIS = YES;
				CLANG_WARN_STRICT_PROTOTYPES = YES;
				CLANG_WARN_SUSPICIOUS_MOVE = YES;
				CLANG_WARN_UNGUARDED_AVAILABILITY = YES_AGGRESSIVE;
				CLANG_WARN_UNREACHABLE_CODE = YES;
				CLANG_WARN__DUPLICATE_METHOD_MATCH = YES;
				CODE_SIGN_IDENTITY = "iPhone Developer";
				COPY_PHASE_STRIP = NO;
				DEBUG_INFORMATION_FORMAT = "dwarf-with-dsym";
				ENABLE_NS_ASSERTIONS = NO;
				ENABLE_STRICT_OBJC_MSGSEND = YES;
				GCC_C_LANGUAGE_STANDARD = gnu11;
				GCC_NO_COMMON_BLOCKS = YES;
				GCC_WARN_64_TO_32_BIT_CONVERSION = YES;
				GCC_WARN_ABOUT_RETURN_TYPE = YES_ERROR;
				GCC_WARN_UNDECLARED_SELECTOR = YES;
				GCC_WARN_UNINITIALIZED_AUTOS = YES_AGGRESSIVE;
				GCC_WARN_UNUSED_FUNCTION = YES;
				GCC_WARN_UNUSED_VARIABLE = YES;
				IPHONEOS_DEPLOYMENT_TARGET = 11.3;
				MTL_ENABLE_DEBUG_INFO = NO;
				SDKROOT = iphoneos;
				SWIFT_COMPILATION_MODE = wholemodule;
				SWIFT_OPTIMIZATION_LEVEL = "-O";
				VALIDATE_PRODUCT = YES;
			};
			name = Release;
		};
		285BA81B2094457D00735E74 /* Debug */ = {
			isa = XCBuildConfiguration;
			baseConfigurationReference = 34A63E706368C3EE93350ADF /* Pods-SwiftToolTest.debug.xcconfig */;
			buildSettings = {
				ASSETCATALOG_COMPILER_APPICON_NAME = AppIcon;
				CLANG_ENABLE_MODULES = YES;
				CODE_SIGN_STYLE = Automatic;
				DEVELOPMENT_TEAM = Z69Q2FEZS9;
				INFOPLIST_FILE = SwiftToolTest/Info.plist;
				IPHONEOS_DEPLOYMENT_TARGET = 9.0;
				LD_RUNPATH_SEARCH_PATHS = (
					"$(inherited)",
					"@executable_path/Frameworks",
				);
				PRODUCT_BUNDLE_IDENTIFIER = yunna.SwiftToolTest;
				PRODUCT_NAME = "$(TARGET_NAME)";
				SWIFT_OBJC_BRIDGING_HEADER = "SwiftToolTest/SwiftToolTest-Bridging-Header.h";
				SWIFT_OPTIMIZATION_LEVEL = "-Onone";
				SWIFT_VERSION = 4.0;
				TARGETED_DEVICE_FAMILY = "1,2";
			};
			name = Debug;
		};
		285BA81C2094457D00735E74 /* Release */ = {
			isa = XCBuildConfiguration;
			baseConfigurationReference = 0FC0B7EF0546F9ED0D80B828 /* Pods-SwiftToolTest.release.xcconfig */;
			buildSettings = {
				ASSETCATALOG_COMPILER_APPICON_NAME = AppIcon;
				CLANG_ENABLE_MODULES = YES;
				CODE_SIGN_STYLE = Automatic;
				DEVELOPMENT_TEAM = Z69Q2FEZS9;
				INFOPLIST_FILE = SwiftToolTest/Info.plist;
				IPHONEOS_DEPLOYMENT_TARGET = 9.0;
				LD_RUNPATH_SEARCH_PATHS = (
					"$(inherited)",
					"@executable_path/Frameworks",
				);
				PRODUCT_BUNDLE_IDENTIFIER = yunna.SwiftToolTest;
				PRODUCT_NAME = "$(TARGET_NAME)";
				SWIFT_OBJC_BRIDGING_HEADER = "SwiftToolTest/SwiftToolTest-Bridging-Header.h";
				SWIFT_VERSION = 4.0;
				TARGETED_DEVICE_FAMILY = "1,2";
			};
			name = Release;
		};
		285BA81E2094457D00735E74 /* Debug */ = {
			isa = XCBuildConfiguration;
			buildSettings = {
				ALWAYS_EMBED_SWIFT_STANDARD_LIBRARIES = YES;
				BUNDLE_LOADER = "$(TEST_HOST)";
				CODE_SIGN_STYLE = Automatic;
				INFOPLIST_FILE = SwiftToolTestTests/Info.plist;
				LD_RUNPATH_SEARCH_PATHS = (
					"$(inherited)",
					"@executable_path/Frameworks",
					"@loader_path/Frameworks",
				);
				PRODUCT_BUNDLE_IDENTIFIER = yunna.SwiftToolTestTests;
				PRODUCT_NAME = "$(TARGET_NAME)";
				SWIFT_VERSION = 4.0;
				TARGETED_DEVICE_FAMILY = "1,2";
				TEST_HOST = "$(BUILT_PRODUCTS_DIR)/SwiftToolTest.app/SwiftToolTest";
			};
			name = Debug;
		};
		285BA81F2094457D00735E74 /* Release */ = {
			isa = XCBuildConfiguration;
			buildSettings = {
				ALWAYS_EMBED_SWIFT_STANDARD_LIBRARIES = YES;
				BUNDLE_LOADER = "$(TEST_HOST)";
				CODE_SIGN_STYLE = Automatic;
				INFOPLIST_FILE = SwiftToolTestTests/Info.plist;
				LD_RUNPATH_SEARCH_PATHS = (
					"$(inherited)",
					"@executable_path/Frameworks",
					"@loader_path/Frameworks",
				);
				PRODUCT_BUNDLE_IDENTIFIER = yunna.SwiftToolTestTests;
				PRODUCT_NAME = "$(TARGET_NAME)";
				SWIFT_VERSION = 4.0;
				TARGETED_DEVICE_FAMILY = "1,2";
				TEST_HOST = "$(BUILT_PRODUCTS_DIR)/SwiftToolTest.app/SwiftToolTest";
			};
			name = Release;
		};
		285BA8212094457D00735E74 /* Debug */ = {
			isa = XCBuildConfiguration;
			buildSettings = {
				ALWAYS_EMBED_SWIFT_STANDARD_LIBRARIES = YES;
				CODE_SIGN_STYLE = Automatic;
				INFOPLIST_FILE = SwiftToolTestUITests/Info.plist;
				LD_RUNPATH_SEARCH_PATHS = (
					"$(inherited)",
					"@executable_path/Frameworks",
					"@loader_path/Frameworks",
				);
				PRODUCT_BUNDLE_IDENTIFIER = yunna.SwiftToolTestUITests;
				PRODUCT_NAME = "$(TARGET_NAME)";
				SWIFT_VERSION = 4.0;
				TARGETED_DEVICE_FAMILY = "1,2";
				TEST_TARGET_NAME = SwiftToolTest;
			};
			name = Debug;
		};
		285BA8222094457D00735E74 /* Release */ = {
			isa = XCBuildConfiguration;
			buildSettings = {
				ALWAYS_EMBED_SWIFT_STANDARD_LIBRARIES = YES;
				CODE_SIGN_STYLE = Automatic;
				INFOPLIST_FILE = SwiftToolTestUITests/Info.plist;
				LD_RUNPATH_SEARCH_PATHS = (
					"$(inherited)",
					"@executable_path/Frameworks",
					"@loader_path/Frameworks",
				);
				PRODUCT_BUNDLE_IDENTIFIER = yunna.SwiftToolTestUITests;
				PRODUCT_NAME = "$(TARGET_NAME)";
				SWIFT_VERSION = 4.0;
				TARGETED_DEVICE_FAMILY = "1,2";
				TEST_TARGET_NAME = SwiftToolTest;
			};
			name = Release;
		};
/* End XCBuildConfiguration section */

/* Begin XCConfigurationList section */
		285BA7ED2094457C00735E74 /* Build configuration list for PBXProject "SwiftToolTest" */ = {
			isa = XCConfigurationList;
			buildConfigurations = (
				285BA8182094457D00735E74 /* Debug */,
				285BA8192094457D00735E74 /* Release */,
			);
			defaultConfigurationIsVisible = 0;
			defaultConfigurationName = Release;
		};
		285BA81A2094457D00735E74 /* Build configuration list for PBXNativeTarget "SwiftToolTest" */ = {
			isa = XCConfigurationList;
			buildConfigurations = (
				285BA81B2094457D00735E74 /* Debug */,
				285BA81C2094457D00735E74 /* Release */,
			);
			defaultConfigurationIsVisible = 0;
			defaultConfigurationName = Release;
		};
		285BA81D2094457D00735E74 /* Build configuration list for PBXNativeTarget "SwiftToolTestTests" */ = {
			isa = XCConfigurationList;
			buildConfigurations = (
				285BA81E2094457D00735E74 /* Debug */,
				285BA81F2094457D00735E74 /* Release */,
			);
			defaultConfigurationIsVisible = 0;
			defaultConfigurationName = Release;
		};
		285BA8202094457D00735E74 /* Build configuration list for PBXNativeTarget "SwiftToolTestUITests" */ = {
			isa = XCConfigurationList;
			buildConfigurations = (
				285BA8212094457D00735E74 /* Debug */,
				285BA8222094457D00735E74 /* Release */,
			);
			defaultConfigurationIsVisible = 0;
			defaultConfigurationName = Release;
		};
/* End XCConfigurationList section */
	};
	rootObject = 285BA7EA2094457C00735E74 /* Project object */;
}
